// !$*UTF8*$!
{
	archiveVersion = 1;
	classes = {
	};
	objectVersion = 46;
	objects = {

/* Begin PBXBuildFile section */
		931CF0FC1E8454A600AE4B4C /* ITDeleteChange+ITExtensions.m in Sources */ = {isa = PBXBuildFile; fileRef = 931CF0DB1E8454A600AE4B4C /* ITDeleteChange+ITExtensions.m */; };
		931CF0FD1E8454A600AE4B4C /* ITInsertChange+ITExtensions.m in Sources */ = {isa = PBXBuildFile; fileRef = 931CF0DD1E8454A600AE4B4C /* ITInsertChange+ITExtensions.m */; };
		931CF0FE1E8454A600AE4B4C /* ITModelChange+ITExtensions.m in Sources */ = {isa = PBXBuildFile; fileRef = 931CF0DF1E8454A600AE4B4C /* ITModelChange+ITExtensions.m */; };
		931CF0FF1E8454A600AE4B4C /* ITMoveChange+ITExtensions.m in Sources */ = {isa = PBXBuildFile; fileRef = 931CF0E11E8454A600AE4B4C /* ITMoveChange+ITExtensions.m */; };
		931CF1001E8454A600AE4B4C /* NSArray+ITExtensions.m in Sources */ = {isa = PBXBuildFile; fileRef = 931CF0E41E8454A600AE4B4C /* NSArray+ITExtensions.m */; };
		931CF1011E8454A600AE4B4C /* NSBundle+ITExtensions.m in Sources */ = {isa = PBXBuildFile; fileRef = 931CF0E71E8454A600AE4B4C /* NSBundle+ITExtensions.m */; };
		931CF1021E8454A600AE4B4C /* NSObject+ITExtensions.m in Sources */ = {isa = PBXBuildFile; fileRef = 931CF0EA1E8454A600AE4B4C /* NSObject+ITExtensions.m */; };
		931CF1031E8454A600AE4B4C /* NSString+ITExtensions.m in Sources */ = {isa = PBXBuildFile; fileRef = 931CF0ED1E8454A600AE4B4C /* NSString+ITExtensions.m */; };
		931CF1041E8454A600AE4B4C /* NSString+ITRandomName.m in Sources */ = {isa = PBXBuildFile; fileRef = 931CF0EF1E8454A600AE4B4C /* NSString+ITRandomName.m */; };
		931CF1051E8454A600AE4B4C /* UINib+ITExtensions.m in Sources */ = {isa = PBXBuildFile; fileRef = 931CF0F21E8454A600AE4B4C /* UINib+ITExtensions.m */; };
		931CF1061E8454A600AE4B4C /* ITUsersTableView+ITExtensions.m in Sources */ = {isa = PBXBuildFile; fileRef = 931CF0F61E8454A600AE4B4C /* ITUsersTableView+ITExtensions.m */; };
		931CF1071E8454A600AE4B4C /* UITableView+ITExtensions.m in Sources */ = {isa = PBXBuildFile; fileRef = 931CF0F81E8454A600AE4B4C /* UITableView+ITExtensions.m */; };
		931CF1081E8454A600AE4B4C /* UIWindow+ITExtensions.m in Sources */ = {isa = PBXBuildFile; fileRef = 931CF0FB1E8454A600AE4B4C /* UIWindow+ITExtensions.m */; };
		932D37741E60EB2D00C435F2 /* image.jpg in Resources */ = {isa = PBXBuildFile; fileRef = 932D37731E60EB2D00C435F2 /* image.jpg */; };
		93462D571E67525B00FE1BC9 /* ITMacro.m in Sources */ = {isa = PBXBuildFile; fileRef = 93462D561E67525B00FE1BC9 /* ITMacro.m */; };
		93462D6E1E67739D00FE1BC9 /* ITUser.m in Sources */ = {isa = PBXBuildFile; fileRef = 93462D6D1E67739D00FE1BC9 /* ITUser.m */; };
		93462D721E67740000FE1BC9 /* ITImageModel.m in Sources */ = {isa = PBXBuildFile; fileRef = 93462D711E67740000FE1BC9 /* ITImageModel.m */; };
		93462D7B1E68965D00FE1BC9 /* ITTableViewCell.m in Sources */ = {isa = PBXBuildFile; fileRef = 93462D7A1E68965D00FE1BC9 /* ITTableViewCell.m */; };
		93462D8F1E68B61C00FE1BC9 /* ITObservableObject.m in Sources */ = {isa = PBXBuildFile; fileRef = 93462D8E1E68B61C00FE1BC9 /* ITObservableObject.m */; };
		93462D981E69E86000FE1BC9 /* ITImageView.m in Sources */ = {isa = PBXBuildFile; fileRef = 93462D971E69E86000FE1BC9 /* ITImageView.m */; };
		93462D9C1E69FD3F00FE1BC9 /* ITUsers.m in Sources */ = {isa = PBXBuildFile; fileRef = 93462D9B1E69FD3F00FE1BC9 /* ITUsers.m */; };
		93462DAB1E6A114E00FE1BC9 /* ITUsersView.m in Sources */ = {isa = PBXBuildFile; fileRef = 93462DA31E6A114E00FE1BC9 /* ITUsersView.m */; };
		93462DAC1E6A114E00FE1BC9 /* ITUsersViewController.m in Sources */ = {isa = PBXBuildFile; fileRef = 93462DA51E6A114E00FE1BC9 /* ITUsersViewController.m */; };
		93462DAD1E6A114E00FE1BC9 /* ITUsersViewController.xib in Resources */ = {isa = PBXBuildFile; fileRef = 93462DA61E6A114E00FE1BC9 /* ITUsersViewController.xib */; };
		93462DB21E6F448A00FE1BC9 /* ITCompilerMacro.m in Sources */ = {isa = PBXBuildFile; fileRef = 93462DB11E6F448A00FE1BC9 /* ITCompilerMacro.m */; };
		93462DBA1E71DB2900FE1BC9 /* ITDispatchQueue.m in Sources */ = {isa = PBXBuildFile; fileRef = 93462DB91E71DB2900FE1BC9 /* ITDispatchQueue.m */; };
		93AA34431E77409B00513950 /* ITModelChange.m in Sources */ = {isa = PBXBuildFile; fileRef = 93AA34421E77409B00513950 /* ITModelChange.m */; };
		93AA34471E787AAD00513950 /* ITInsertChange.m in Sources */ = {isa = PBXBuildFile; fileRef = 93AA34461E787AAD00513950 /* ITInsertChange.m */; };
		93AA344A1E787AC000513950 /* ITDeleteChange.m in Sources */ = {isa = PBXBuildFile; fileRef = 93AA34491E787AC000513950 /* ITDeleteChange.m */; };
		93AA344D1E787AD000513950 /* ITMoveChange.m in Sources */ = {isa = PBXBuildFile; fileRef = 93AA344C1E787AD000513950 /* ITMoveChange.m */; };
		93AA34511E787B2000513950 /* ITOneIndexModel.m in Sources */ = {isa = PBXBuildFile; fileRef = 93AA34501E787B2000513950 /* ITOneIndexModel.m */; };
		93AA34541E787B2E00513950 /* ITTwoIndexModel.m in Sources */ = {isa = PBXBuildFile; fileRef = 93AA34531E787B2E00513950 /* ITTwoIndexModel.m */; };
		93AA34581E7880AD00513950 /* ITArrayModel.m in Sources */ = {isa = PBXBuildFile; fileRef = 93AA34571E7880AD00513950 /* ITArrayModel.m */; };
		93AA34661E79DB3D00513950 /* ITUserCell.m in Sources */ = {isa = PBXBuildFile; fileRef = 93AA34641E79DB3D00513950 /* ITUserCell.m */; };
		93AA34671E79DB3D00513950 /* ITUserCell.xib in Resources */ = {isa = PBXBuildFile; fileRef = 93AA34651E79DB3D00513950 /* ITUserCell.xib */; };
		93AA346B1E79DB6600513950 /* ITAddRowCell.m in Sources */ = {isa = PBXBuildFile; fileRef = 93AA34691E79DB6600513950 /* ITAddRowCell.m */; };
		93AA346C1E79DB6600513950 /* ITAddRowCell.xib in Resources */ = {isa = PBXBuildFile; fileRef = 93AA346A1E79DB6600513950 /* ITAddRowCell.xib */; };
		93AA34711E79E37100513950 /* ITArrayModelSpec.m in Sources */ = {isa = PBXBuildFile; fileRef = 93AA34701E79E37100513950 /* ITArrayModelSpec.m */; };
		93AA34761E7C3AD000513950 /* ITLoadingView.m in Sources */ = {isa = PBXBuildFile; fileRef = 93AA34741E7C3AD000513950 /* ITLoadingView.m */; };
		93AA34771E7C3AD000513950 /* ITLoadingView.xib in Resources */ = {isa = PBXBuildFile; fileRef = 93AA34751E7C3AD000513950 /* ITLoadingView.xib */; };
		93C20EAB1E5B99CA00B56982 /* main.m in Sources */ = {isa = PBXBuildFile; fileRef = 93C20EA91E5B99CA00B56982 /* main.m */; };
		93C20EBC1E5B99E900B56982 /* Assets.xcassets in Resources */ = {isa = PBXBuildFile; fileRef = 93C20EB21E5B99E900B56982 /* Assets.xcassets */; };
		93C20EBD1E5B99E900B56982 /* Assets.xcassets in Resources */ = {isa = PBXBuildFile; fileRef = 93C20EB21E5B99E900B56982 /* Assets.xcassets */; };
		93C20EBE1E5B99E900B56982 /* LaunchScreen.storyboard in Resources */ = {isa = PBXBuildFile; fileRef = 93C20EB31E5B99E900B56982 /* LaunchScreen.storyboard */; };
		93C20EBF1E5B99E900B56982 /* LaunchScreen.storyboard in Resources */ = {isa = PBXBuildFile; fileRef = 93C20EB31E5B99E900B56982 /* LaunchScreen.storyboard */; };
		93C20EC81E5CC8A100B56982 /* ITAppDelegate.m in Sources */ = {isa = PBXBuildFile; fileRef = 93C20EC71E5CC8A100B56982 /* ITAppDelegate.m */; };
		93C20EE71E5F72DD00B56982 /* ITSquareView.m in Sources */ = {isa = PBXBuildFile; fileRef = 93C20EE21E5F72DD00B56982 /* ITSquareView.m */; };
		93C20EE81E5F72DD00B56982 /* ITSquareViewController.m in Sources */ = {isa = PBXBuildFile; fileRef = 93C20EE41E5F72DD00B56982 /* ITSquareViewController.m */; };
		93C20EE91E5F72DD00B56982 /* ITSquareViewController.xib in Resources */ = {isa = PBXBuildFile; fileRef = 93C20EE51E5F72DD00B56982 /* ITSquareViewController.xib */; };
		F90D59E8A4E6D833288C12AA /* libPods-ITObjCUITests.a in Frameworks */ = {isa = PBXBuildFile; fileRef = 03AF09BAA2BA61E48268062F /* libPods-ITObjCUITests.a */; };
/* End PBXBuildFile section */

/* Begin PBXContainerItemProxy section */
		93C20E991E5B95BF00B56982 /* PBXContainerItemProxy */ = {
			isa = PBXContainerItemProxy;
			containerPortal = 93C20E771E5B95BF00B56982 /* Project object */;
			proxyType = 1;
			remoteGlobalIDString = 93C20E7E1E5B95BF00B56982;
			remoteInfo = ITObjCUI;
		};
/* End PBXContainerItemProxy section */

/* Begin PBXFileReference section */
		03AF09BAA2BA61E48268062F /* libPods-ITObjCUITests.a */ = {isa = PBXFileReference; explicitFileType = archive.ar; includeInIndex = 0; path = "libPods-ITObjCUITests.a"; sourceTree = BUILT_PRODUCTS_DIR; };
		0EA2B8ECE02122042CE1B119 /* Pods-ITObjCUITests.release.xcconfig */ = {isa = PBXFileReference; includeInIndex = 1; lastKnownFileType = text.xcconfig; name = "Pods-ITObjCUITests.release.xcconfig"; path = "Pods/Target Support Files/Pods-ITObjCUITests/Pods-ITObjCUITests.release.xcconfig"; sourceTree = "<group>"; };
		152055A6E55FFE461BCFA8C6 /* Pods-ITObjCUITests.debug.xcconfig */ = {isa = PBXFileReference; includeInIndex = 1; lastKnownFileType = text.xcconfig; name = "Pods-ITObjCUITests.debug.xcconfig"; path = "Pods/Target Support Files/Pods-ITObjCUITests/Pods-ITObjCUITests.debug.xcconfig"; sourceTree = "<group>"; };
		931CF0DA1E8454A600AE4B4C /* ITDeleteChange+ITExtensions.h */ = {isa = PBXFileReference; fileEncoding = 4; lastKnownFileType = sourcecode.c.h; path = "ITDeleteChange+ITExtensions.h"; sourceTree = "<group>"; };
		931CF0DB1E8454A600AE4B4C /* ITDeleteChange+ITExtensions.m */ = {isa = PBXFileReference; fileEncoding = 4; lastKnownFileType = sourcecode.c.objc; path = "ITDeleteChange+ITExtensions.m"; sourceTree = "<group>"; };
		931CF0DC1E8454A600AE4B4C /* ITInsertChange+ITExtensions.h */ = {isa = PBXFileReference; fileEncoding = 4; lastKnownFileType = sourcecode.c.h; path = "ITInsertChange+ITExtensions.h"; sourceTree = "<group>"; };
		931CF0DD1E8454A600AE4B4C /* ITInsertChange+ITExtensions.m */ = {isa = PBXFileReference; fileEncoding = 4; lastKnownFileType = sourcecode.c.objc; path = "ITInsertChange+ITExtensions.m"; sourceTree = "<group>"; };
		931CF0DE1E8454A600AE4B4C /* ITModelChange+ITExtensions.h */ = {isa = PBXFileReference; fileEncoding = 4; lastKnownFileType = sourcecode.c.h; path = "ITModelChange+ITExtensions.h"; sourceTree = "<group>"; };
		931CF0DF1E8454A600AE4B4C /* ITModelChange+ITExtensions.m */ = {isa = PBXFileReference; fileEncoding = 4; lastKnownFileType = sourcecode.c.objc; path = "ITModelChange+ITExtensions.m"; sourceTree = "<group>"; };
		931CF0E01E8454A600AE4B4C /* ITMoveChange+ITExtensions.h */ = {isa = PBXFileReference; fileEncoding = 4; lastKnownFileType = sourcecode.c.h; path = "ITMoveChange+ITExtensions.h"; sourceTree = "<group>"; };
		931CF0E11E8454A600AE4B4C /* ITMoveChange+ITExtensions.m */ = {isa = PBXFileReference; fileEncoding = 4; lastKnownFileType = sourcecode.c.objc; path = "ITMoveChange+ITExtensions.m"; sourceTree = "<group>"; };
		931CF0E31E8454A600AE4B4C /* NSArray+ITExtensions.h */ = {isa = PBXFileReference; fileEncoding = 4; lastKnownFileType = sourcecode.c.h; path = "NSArray+ITExtensions.h"; sourceTree = "<group>"; };
		931CF0E41E8454A600AE4B4C /* NSArray+ITExtensions.m */ = {isa = PBXFileReference; fileEncoding = 4; lastKnownFileType = sourcecode.c.objc; path = "NSArray+ITExtensions.m"; sourceTree = "<group>"; };
		931CF0E61E8454A600AE4B4C /* NSBundle+ITExtensions.h */ = {isa = PBXFileReference; fileEncoding = 4; lastKnownFileType = sourcecode.c.h; path = "NSBundle+ITExtensions.h"; sourceTree = "<group>"; };
		931CF0E71E8454A600AE4B4C /* NSBundle+ITExtensions.m */ = {isa = PBXFileReference; fileEncoding = 4; lastKnownFileType = sourcecode.c.objc; path = "NSBundle+ITExtensions.m"; sourceTree = "<group>"; };
		931CF0E91E8454A600AE4B4C /* NSObject+ITExtensions.h */ = {isa = PBXFileReference; fileEncoding = 4; lastKnownFileType = sourcecode.c.h; path = "NSObject+ITExtensions.h"; sourceTree = "<group>"; };
		931CF0EA1E8454A600AE4B4C /* NSObject+ITExtensions.m */ = {isa = PBXFileReference; fileEncoding = 4; lastKnownFileType = sourcecode.c.objc; path = "NSObject+ITExtensions.m"; sourceTree = "<group>"; };
		931CF0EC1E8454A600AE4B4C /* NSString+ITExtensions.h */ = {isa = PBXFileReference; fileEncoding = 4; lastKnownFileType = sourcecode.c.h; path = "NSString+ITExtensions.h"; sourceTree = "<group>"; };
		931CF0ED1E8454A600AE4B4C /* NSString+ITExtensions.m */ = {isa = PBXFileReference; fileEncoding = 4; lastKnownFileType = sourcecode.c.objc; path = "NSString+ITExtensions.m"; sourceTree = "<group>"; };
		931CF0EE1E8454A600AE4B4C /* NSString+ITRandomName.h */ = {isa = PBXFileReference; fileEncoding = 4; lastKnownFileType = sourcecode.c.h; path = "NSString+ITRandomName.h"; sourceTree = "<group>"; };
		931CF0EF1E8454A600AE4B4C /* NSString+ITRandomName.m */ = {isa = PBXFileReference; fileEncoding = 4; lastKnownFileType = sourcecode.c.objc; path = "NSString+ITRandomName.m"; sourceTree = "<group>"; };
		931CF0F11E8454A600AE4B4C /* UINib+ITExtensions.h */ = {isa = PBXFileReference; fileEncoding = 4; lastKnownFileType = sourcecode.c.h; path = "UINib+ITExtensions.h"; sourceTree = "<group>"; };
		931CF0F21E8454A600AE4B4C /* UINib+ITExtensions.m */ = {isa = PBXFileReference; fileEncoding = 4; lastKnownFileType = sourcecode.c.objc; path = "UINib+ITExtensions.m"; sourceTree = "<group>"; };
		931CF0F51E8454A600AE4B4C /* ITUsersTableView+ITExtensions.h */ = {isa = PBXFileReference; fileEncoding = 4; lastKnownFileType = sourcecode.c.h; path = "ITUsersTableView+ITExtensions.h"; sourceTree = "<group>"; };
		931CF0F61E8454A600AE4B4C /* ITUsersTableView+ITExtensions.m */ = {isa = PBXFileReference; fileEncoding = 4; lastKnownFileType = sourcecode.c.objc; path = "ITUsersTableView+ITExtensions.m"; sourceTree = "<group>"; };
		931CF0F71E8454A600AE4B4C /* UITableView+ITExtensions.h */ = {isa = PBXFileReference; fileEncoding = 4; lastKnownFileType = sourcecode.c.h; path = "UITableView+ITExtensions.h"; sourceTree = "<group>"; };
		931CF0F81E8454A600AE4B4C /* UITableView+ITExtensions.m */ = {isa = PBXFileReference; fileEncoding = 4; lastKnownFileType = sourcecode.c.objc; path = "UITableView+ITExtensions.m"; sourceTree = "<group>"; };
		931CF0FA1E8454A600AE4B4C /* UIWindow+ITExtensions.h */ = {isa = PBXFileReference; fileEncoding = 4; lastKnownFileType = sourcecode.c.h; path = "UIWindow+ITExtensions.h"; sourceTree = "<group>"; };
		931CF0FB1E8454A600AE4B4C /* UIWindow+ITExtensions.m */ = {isa = PBXFileReference; fileEncoding = 4; lastKnownFileType = sourcecode.c.objc; path = "UIWindow+ITExtensions.m"; sourceTree = "<group>"; };
		932D37731E60EB2D00C435F2 /* image.jpg */ = {isa = PBXFileReference; lastKnownFileType = image.jpeg; path = image.jpg; sourceTree = "<group>"; };
		93462D551E67525B00FE1BC9 /* ITMacro.h */ = {isa = PBXFileReference; fileEncoding = 4; lastKnownFileType = sourcecode.c.h; path = ITMacro.h; sourceTree = "<group>"; };
		93462D561E67525B00FE1BC9 /* ITMacro.m */ = {isa = PBXFileReference; fileEncoding = 4; lastKnownFileType = sourcecode.c.objc; path = ITMacro.m; sourceTree = "<group>"; };
		93462D6C1E67739D00FE1BC9 /* ITUser.h */ = {isa = PBXFileReference; fileEncoding = 4; lastKnownFileType = sourcecode.c.h; path = ITUser.h; sourceTree = "<group>"; };
		93462D6D1E67739D00FE1BC9 /* ITUser.m */ = {isa = PBXFileReference; fileEncoding = 4; lastKnownFileType = sourcecode.c.objc; path = ITUser.m; sourceTree = "<group>"; };
		93462D701E67740000FE1BC9 /* ITImageModel.h */ = {isa = PBXFileReference; fileEncoding = 4; lastKnownFileType = sourcecode.c.h; path = ITImageModel.h; sourceTree = "<group>"; };
		93462D711E67740000FE1BC9 /* ITImageModel.m */ = {isa = PBXFileReference; fileEncoding = 4; lastKnownFileType = sourcecode.c.objc; path = ITImageModel.m; sourceTree = "<group>"; };
		93462D791E68965D00FE1BC9 /* ITTableViewCell.h */ = {isa = PBXFileReference; fileEncoding = 4; lastKnownFileType = sourcecode.c.h; path = ITTableViewCell.h; sourceTree = "<group>"; };
		93462D7A1E68965D00FE1BC9 /* ITTableViewCell.m */ = {isa = PBXFileReference; fileEncoding = 4; lastKnownFileType = sourcecode.c.objc; path = ITTableViewCell.m; sourceTree = "<group>"; };
		93462D8D1E68B61C00FE1BC9 /* ITObservableObject.h */ = {isa = PBXFileReference; fileEncoding = 4; lastKnownFileType = sourcecode.c.h; path = ITObservableObject.h; sourceTree = "<group>"; };
		93462D8E1E68B61C00FE1BC9 /* ITObservableObject.m */ = {isa = PBXFileReference; fileEncoding = 4; lastKnownFileType = sourcecode.c.objc; path = ITObservableObject.m; sourceTree = "<group>"; };
		93462D961E69E86000FE1BC9 /* ITImageView.h */ = {isa = PBXFileReference; fileEncoding = 4; lastKnownFileType = sourcecode.c.h; path = ITImageView.h; sourceTree = "<group>"; };
		93462D971E69E86000FE1BC9 /* ITImageView.m */ = {isa = PBXFileReference; fileEncoding = 4; lastKnownFileType = sourcecode.c.objc; path = ITImageView.m; sourceTree = "<group>"; };
		93462D9A1E69FD3F00FE1BC9 /* ITUsers.h */ = {isa = PBXFileReference; fileEncoding = 4; lastKnownFileType = sourcecode.c.h; path = ITUsers.h; sourceTree = "<group>"; };
		93462D9B1E69FD3F00FE1BC9 /* ITUsers.m */ = {isa = PBXFileReference; fileEncoding = 4; lastKnownFileType = sourcecode.c.objc; path = ITUsers.m; sourceTree = "<group>"; };
		93462DA21E6A114E00FE1BC9 /* ITUsersView.h */ = {isa = PBXFileReference; fileEncoding = 4; lastKnownFileType = sourcecode.c.h; path = ITUsersView.h; sourceTree = "<group>"; };
		93462DA31E6A114E00FE1BC9 /* ITUsersView.m */ = {isa = PBXFileReference; fileEncoding = 4; lastKnownFileType = sourcecode.c.objc; path = ITUsersView.m; sourceTree = "<group>"; };
		93462DA41E6A114E00FE1BC9 /* ITUsersViewController.h */ = {isa = PBXFileReference; fileEncoding = 4; lastKnownFileType = sourcecode.c.h; path = ITUsersViewController.h; sourceTree = "<group>"; };
		93462DA51E6A114E00FE1BC9 /* ITUsersViewController.m */ = {isa = PBXFileReference; fileEncoding = 4; lastKnownFileType = sourcecode.c.objc; path = ITUsersViewController.m; sourceTree = "<group>"; };
		93462DA61E6A114E00FE1BC9 /* ITUsersViewController.xib */ = {isa = PBXFileReference; fileEncoding = 4; lastKnownFileType = file.xib; path = ITUsersViewController.xib; sourceTree = "<group>"; };
		93462DB01E6F448A00FE1BC9 /* ITCompilerMacro.h */ = {isa = PBXFileReference; fileEncoding = 4; lastKnownFileType = sourcecode.c.h; path = ITCompilerMacro.h; sourceTree = "<group>"; };
		93462DB11E6F448A00FE1BC9 /* ITCompilerMacro.m */ = {isa = PBXFileReference; fileEncoding = 4; lastKnownFileType = sourcecode.c.objc; path = ITCompilerMacro.m; sourceTree = "<group>"; };
		93462DB81E71DB2900FE1BC9 /* ITDispatchQueue.h */ = {isa = PBXFileReference; fileEncoding = 4; lastKnownFileType = sourcecode.c.h; path = ITDispatchQueue.h; sourceTree = "<group>"; };
		93462DB91E71DB2900FE1BC9 /* ITDispatchQueue.m */ = {isa = PBXFileReference; fileEncoding = 4; lastKnownFileType = sourcecode.c.objc; path = ITDispatchQueue.m; sourceTree = "<group>"; };
		93AA34411E77409B00513950 /* ITModelChange.h */ = {isa = PBXFileReference; fileEncoding = 4; lastKnownFileType = sourcecode.c.h; path = ITModelChange.h; sourceTree = "<group>"; };
		93AA34421E77409B00513950 /* ITModelChange.m */ = {isa = PBXFileReference; fileEncoding = 4; lastKnownFileType = sourcecode.c.objc; path = ITModelChange.m; sourceTree = "<group>"; };
		93AA34451E787AAD00513950 /* ITInsertChange.h */ = {isa = PBXFileReference; fileEncoding = 4; lastKnownFileType = sourcecode.c.h; path = ITInsertChange.h; sourceTree = "<group>"; };
		93AA34461E787AAD00513950 /* ITInsertChange.m */ = {isa = PBXFileReference; fileEncoding = 4; lastKnownFileType = sourcecode.c.objc; path = ITInsertChange.m; sourceTree = "<group>"; };
		93AA34481E787AC000513950 /* ITDeleteChange.h */ = {isa = PBXFileReference; fileEncoding = 4; lastKnownFileType = sourcecode.c.h; path = ITDeleteChange.h; sourceTree = "<group>"; };
		93AA34491E787AC000513950 /* ITDeleteChange.m */ = {isa = PBXFileReference; fileEncoding = 4; lastKnownFileType = sourcecode.c.objc; path = ITDeleteChange.m; sourceTree = "<group>"; };
		93AA344B1E787AD000513950 /* ITMoveChange.h */ = {isa = PBXFileReference; fileEncoding = 4; lastKnownFileType = sourcecode.c.h; path = ITMoveChange.h; sourceTree = "<group>"; };
		93AA344C1E787AD000513950 /* ITMoveChange.m */ = {isa = PBXFileReference; fileEncoding = 4; lastKnownFileType = sourcecode.c.objc; path = ITMoveChange.m; sourceTree = "<group>"; };
		93AA344F1E787B2000513950 /* ITOneIndexModel.h */ = {isa = PBXFileReference; fileEncoding = 4; lastKnownFileType = sourcecode.c.h; path = ITOneIndexModel.h; sourceTree = "<group>"; };
		93AA34501E787B2000513950 /* ITOneIndexModel.m */ = {isa = PBXFileReference; fileEncoding = 4; lastKnownFileType = sourcecode.c.objc; path = ITOneIndexModel.m; sourceTree = "<group>"; };
		93AA34521E787B2E00513950 /* ITTwoIndexModel.h */ = {isa = PBXFileReference; fileEncoding = 4; lastKnownFileType = sourcecode.c.h; path = ITTwoIndexModel.h; sourceTree = "<group>"; };
		93AA34531E787B2E00513950 /* ITTwoIndexModel.m */ = {isa = PBXFileReference; fileEncoding = 4; lastKnownFileType = sourcecode.c.objc; path = ITTwoIndexModel.m; sourceTree = "<group>"; };
		93AA34561E7880AD00513950 /* ITArrayModel.h */ = {isa = PBXFileReference; fileEncoding = 4; lastKnownFileType = sourcecode.c.h; path = ITArrayModel.h; sourceTree = "<group>"; };
		93AA34571E7880AD00513950 /* ITArrayModel.m */ = {isa = PBXFileReference; fileEncoding = 4; lastKnownFileType = sourcecode.c.objc; path = ITArrayModel.m; sourceTree = "<group>"; };
		93AA34631E79DB3D00513950 /* ITUserCell.h */ = {isa = PBXFileReference; fileEncoding = 4; lastKnownFileType = sourcecode.c.h; path = ITUserCell.h; sourceTree = "<group>"; };
		93AA34641E79DB3D00513950 /* ITUserCell.m */ = {isa = PBXFileReference; fileEncoding = 4; lastKnownFileType = sourcecode.c.objc; path = ITUserCell.m; sourceTree = "<group>"; };
		93AA34651E79DB3D00513950 /* ITUserCell.xib */ = {isa = PBXFileReference; fileEncoding = 4; lastKnownFileType = file.xib; path = ITUserCell.xib; sourceTree = "<group>"; };
		93AA34681E79DB6600513950 /* ITAddRowCell.h */ = {isa = PBXFileReference; fileEncoding = 4; lastKnownFileType = sourcecode.c.h; path = ITAddRowCell.h; sourceTree = "<group>"; };
		93AA34691E79DB6600513950 /* ITAddRowCell.m */ = {isa = PBXFileReference; fileEncoding = 4; lastKnownFileType = sourcecode.c.objc; path = ITAddRowCell.m; sourceTree = "<group>"; };
		93AA346A1E79DB6600513950 /* ITAddRowCell.xib */ = {isa = PBXFileReference; fileEncoding = 4; lastKnownFileType = file.xib; path = ITAddRowCell.xib; sourceTree = "<group>"; };
		93AA34701E79E37100513950 /* ITArrayModelSpec.m */ = {isa = PBXFileReference; fileEncoding = 4; lastKnownFileType = sourcecode.c.objc; path = ITArrayModelSpec.m; sourceTree = "<group>"; };
		93AA34731E7C3AD000513950 /* ITLoadingView.h */ = {isa = PBXFileReference; fileEncoding = 4; lastKnownFileType = sourcecode.c.h; path = ITLoadingView.h; sourceTree = "<group>"; };
		93AA34741E7C3AD000513950 /* ITLoadingView.m */ = {isa = PBXFileReference; fileEncoding = 4; lastKnownFileType = sourcecode.c.objc; path = ITLoadingView.m; sourceTree = "<group>"; };
		93AA34751E7C3AD000513950 /* ITLoadingView.xib */ = {isa = PBXFileReference; fileEncoding = 4; lastKnownFileType = file.xib; path = ITLoadingView.xib; sourceTree = "<group>"; };
		93C20E7F1E5B95BF00B56982 /* ITObjCUI.app */ = {isa = PBXFileReference; explicitFileType = wrapper.application; includeInIndex = 0; path = ITObjCUI.app; sourceTree = BUILT_PRODUCTS_DIR; };
		93C20E981E5B95BF00B56982 /* ITObjCUITests.xctest */ = {isa = PBXFileReference; explicitFileType = wrapper.cfbundle; includeInIndex = 0; path = ITObjCUITests.xctest; sourceTree = BUILT_PRODUCTS_DIR; };
		93C20EA81E5B99CA00B56982 /* Info.plist */ = {isa = PBXFileReference; fileEncoding = 4; lastKnownFileType = text.plist.xml; path = Info.plist; sourceTree = "<group>"; };
		93C20EA91E5B99CA00B56982 /* main.m */ = {isa = PBXFileReference; fileEncoding = 4; lastKnownFileType = sourcecode.c.objc; path = main.m; sourceTree = "<group>"; };
		93C20EAD1E5B99D900B56982 /* Info.plist */ = {isa = PBXFileReference; fileEncoding = 4; lastKnownFileType = text.plist.xml; path = Info.plist; sourceTree = "<group>"; };
		93C20EB21E5B99E900B56982 /* Assets.xcassets */ = {isa = PBXFileReference; lastKnownFileType = folder.assetcatalog; path = Assets.xcassets; sourceTree = "<group>"; };
		93C20EB41E5B99E900B56982 /* Base */ = {isa = PBXFileReference; lastKnownFileType = file.storyboard; name = Base; path = Base.lproj/LaunchScreen.storyboard; sourceTree = "<group>"; };
		93C20EC61E5CC8A100B56982 /* ITAppDelegate.h */ = {isa = PBXFileReference; fileEncoding = 4; lastKnownFileType = sourcecode.c.h; path = ITAppDelegate.h; sourceTree = "<group>"; };
		93C20EC71E5CC8A100B56982 /* ITAppDelegate.m */ = {isa = PBXFileReference; fileEncoding = 4; lastKnownFileType = sourcecode.c.objc; path = ITAppDelegate.m; sourceTree = "<group>"; };
		93C20EE11E5F72DD00B56982 /* ITSquareView.h */ = {isa = PBXFileReference; fileEncoding = 4; lastKnownFileType = sourcecode.c.h; path = ITSquareView.h; sourceTree = "<group>"; };
		93C20EE21E5F72DD00B56982 /* ITSquareView.m */ = {isa = PBXFileReference; fileEncoding = 4; lastKnownFileType = sourcecode.c.objc; path = ITSquareView.m; sourceTree = "<group>"; };
		93C20EE31E5F72DD00B56982 /* ITSquareViewController.h */ = {isa = PBXFileReference; fileEncoding = 4; lastKnownFileType = sourcecode.c.h; path = ITSquareViewController.h; sourceTree = "<group>"; };
		93C20EE41E5F72DD00B56982 /* ITSquareViewController.m */ = {isa = PBXFileReference; fileEncoding = 4; lastKnownFileType = sourcecode.c.objc; path = ITSquareViewController.m; sourceTree = "<group>"; };
		93C20EE51E5F72DD00B56982 /* ITSquareViewController.xib */ = {isa = PBXFileReference; fileEncoding = 4; lastKnownFileType = file.xib; path = ITSquareViewController.xib; sourceTree = "<group>"; };
/* End PBXFileReference section */

/* Begin PBXFrameworksBuildPhase section */
		93C20E7C1E5B95BF00B56982 /* Frameworks */ = {
			isa = PBXFrameworksBuildPhase;
			buildActionMask = 2147483647;
			files = (
			);
			runOnlyForDeploymentPostprocessing = 0;
		};
		93C20E951E5B95BF00B56982 /* Frameworks */ = {
			isa = PBXFrameworksBuildPhase;
			buildActionMask = 2147483647;
			files = (
				F90D59E8A4E6D833288C12AA /* libPods-ITObjCUITests.a in Frameworks */,
			);
			runOnlyForDeploymentPostprocessing = 0;
		};
/* End PBXFrameworksBuildPhase section */

/* Begin PBXGroup section */
		155D431BA15A4DAD73DC63F1 /* Pods */ = {
			isa = PBXGroup;
			children = (
				152055A6E55FFE461BCFA8C6 /* Pods-ITObjCUITests.debug.xcconfig */,
				0EA2B8ECE02122042CE1B119 /* Pods-ITObjCUITests.release.xcconfig */,
			);
			name = Pods;
			sourceTree = "<group>";
		};
		931CF0D81E8454A600AE4B4C /* Categories */ = {
			isa = PBXGroup;
			children = (
				931CF0D91E8454A600AE4B4C /* ITModelChange+ITExtensions */,
				931CF0E21E8454A600AE4B4C /* NSArray+ITExtensions */,
				931CF0E51E8454A600AE4B4C /* NSBundle+ITExtensions */,
				931CF0E81E8454A600AE4B4C /* NSObject+ITExtensions */,
				931CF0EB1E8454A600AE4B4C /* NSString+ITExtensions */,
				931CF0F01E8454A600AE4B4C /* UINib+ITExtensions */,
				931CF0F31E8454A600AE4B4C /* UITableView+ITExtensions */,
				931CF0F91E8454A600AE4B4C /* UIWindow+ITExtensions */,
			);
			path = Categories;
			sourceTree = "<group>";
		};
		931CF0D91E8454A600AE4B4C /* ITModelChange+ITExtensions */ = {
			isa = PBXGroup;
			children = (
				931CF0DA1E8454A600AE4B4C /* ITDeleteChange+ITExtensions.h */,
				931CF0DB1E8454A600AE4B4C /* ITDeleteChange+ITExtensions.m */,
				931CF0DC1E8454A600AE4B4C /* ITInsertChange+ITExtensions.h */,
				931CF0DD1E8454A600AE4B4C /* ITInsertChange+ITExtensions.m */,
				931CF0DE1E8454A600AE4B4C /* ITModelChange+ITExtensions.h */,
				931CF0DF1E8454A600AE4B4C /* ITModelChange+ITExtensions.m */,
				931CF0E01E8454A600AE4B4C /* ITMoveChange+ITExtensions.h */,
				931CF0E11E8454A600AE4B4C /* ITMoveChange+ITExtensions.m */,
			);
			path = "ITModelChange+ITExtensions";
			sourceTree = "<group>";
		};
		931CF0E21E8454A600AE4B4C /* NSArray+ITExtensions */ = {
			isa = PBXGroup;
			children = (
				931CF0E31E8454A600AE4B4C /* NSArray+ITExtensions.h */,
				931CF0E41E8454A600AE4B4C /* NSArray+ITExtensions.m */,
			);
			path = "NSArray+ITExtensions";
			sourceTree = "<group>";
		};
		931CF0E51E8454A600AE4B4C /* NSBundle+ITExtensions */ = {
			isa = PBXGroup;
			children = (
				931CF0E61E8454A600AE4B4C /* NSBundle+ITExtensions.h */,
				931CF0E71E8454A600AE4B4C /* NSBundle+ITExtensions.m */,
			);
			path = "NSBundle+ITExtensions";
			sourceTree = "<group>";
		};
		931CF0E81E8454A600AE4B4C /* NSObject+ITExtensions */ = {
			isa = PBXGroup;
			children = (
				931CF0E91E8454A600AE4B4C /* NSObject+ITExtensions.h */,
				931CF0EA1E8454A600AE4B4C /* NSObject+ITExtensions.m */,
			);
			path = "NSObject+ITExtensions";
			sourceTree = "<group>";
		};
		931CF0EB1E8454A600AE4B4C /* NSString+ITExtensions */ = {
			isa = PBXGroup;
			children = (
				931CF0EC1E8454A600AE4B4C /* NSString+ITExtensions.h */,
				931CF0ED1E8454A600AE4B4C /* NSString+ITExtensions.m */,
				931CF0EE1E8454A600AE4B4C /* NSString+ITRandomName.h */,
				931CF0EF1E8454A600AE4B4C /* NSString+ITRandomName.m */,
			);
			path = "NSString+ITExtensions";
			sourceTree = "<group>";
		};
		931CF0F01E8454A600AE4B4C /* UINib+ITExtensions */ = {
			isa = PBXGroup;
			children = (
				931CF0F11E8454A600AE4B4C /* UINib+ITExtensions.h */,
				931CF0F21E8454A600AE4B4C /* UINib+ITExtensions.m */,
			);
			path = "UINib+ITExtensions";
			sourceTree = "<group>";
		};
		931CF0F31E8454A600AE4B4C /* UITableView+ITExtensions */ = {
			isa = PBXGroup;
			children = (
				931CF0F41E8454A600AE4B4C /* ITUsersTableView+ITExtensions */,
				931CF0F71E8454A600AE4B4C /* UITableView+ITExtensions.h */,
				931CF0F81E8454A600AE4B4C /* UITableView+ITExtensions.m */,
			);
			path = "UITableView+ITExtensions";
			sourceTree = "<group>";
		};
		931CF0F41E8454A600AE4B4C /* ITUsersTableView+ITExtensions */ = {
			isa = PBXGroup;
			children = (
				931CF0F51E8454A600AE4B4C /* ITUsersTableView+ITExtensions.h */,
				931CF0F61E8454A600AE4B4C /* ITUsersTableView+ITExtensions.m */,
			);
			path = "ITUsersTableView+ITExtensions";
			sourceTree = "<group>";
		};
		931CF0F91E8454A600AE4B4C /* UIWindow+ITExtensions */ = {
			isa = PBXGroup;
			children = (
				931CF0FA1E8454A600AE4B4C /* UIWindow+ITExtensions.h */,
				931CF0FB1E8454A600AE4B4C /* UIWindow+ITExtensions.m */,
			);
			path = "UIWindow+ITExtensions";
			sourceTree = "<group>";
		};
		932D37721E60EB2D00C435F2 /* Images */ = {
			isa = PBXGroup;
			children = (
				932D37731E60EB2D00C435F2 /* image.jpg */,
			);
			path = Images;
			sourceTree = "<group>";
		};
		93462D6B1E67739D00FE1BC9 /* ITUser */ = {
			isa = PBXGroup;
			children = (
				93462D6C1E67739D00FE1BC9 /* ITUser.h */,
				93462D6D1E67739D00FE1BC9 /* ITUser.m */,
			);
			path = ITUser;
			sourceTree = "<group>";
		};
		93462D6F1E6773D800FE1BC9 /* ITImageModel */ = {
			isa = PBXGroup;
			children = (
				93462D701E67740000FE1BC9 /* ITImageModel.h */,
				93462D711E67740000FE1BC9 /* ITImageModel.m */,
			);
			path = ITImageModel;
			sourceTree = "<group>";
		};
		93462D771E68963F00FE1BC9 /* Classes */ = {
			isa = PBXGroup;
			children = (
				93AA34551E78809500513950 /* ITArrayModel */,
				93AA34401E77408500513950 /* ITModelChange */,
				93462D8C1E68B61C00FE1BC9 /* ITObservableObject */,
				93462D781E68963F00FE1BC9 /* ITTableViewCell */,
				93462DB71E71DB2900FE1BC9 /* ITDispatchQueue */,
			);
			path = Classes;
			sourceTree = "<group>";
		};
		93462D781E68963F00FE1BC9 /* ITTableViewCell */ = {
			isa = PBXGroup;
			children = (
				93462D791E68965D00FE1BC9 /* ITTableViewCell.h */,
				93462D7A1E68965D00FE1BC9 /* ITTableViewCell.m */,
			);
			path = ITTableViewCell;
			sourceTree = "<group>";
		};
		93462D8C1E68B61C00FE1BC9 /* ITObservableObject */ = {
			isa = PBXGroup;
			children = (
				93462D8D1E68B61C00FE1BC9 /* ITObservableObject.h */,
				93462D8E1E68B61C00FE1BC9 /* ITObservableObject.m */,
			);
			path = ITObservableObject;
			sourceTree = "<group>";
		};
		93462D941E69E83A00FE1BC9 /* Views */ = {
			isa = PBXGroup;
			children = (
				93AA34721E7C3A3900513950 /* ITLoadingView */,
				93462D951E69E83A00FE1BC9 /* ITImageView */,
			);
			path = Views;
			sourceTree = "<group>";
		};
		93462D951E69E83A00FE1BC9 /* ITImageView */ = {
			isa = PBXGroup;
			children = (
				93462D961E69E86000FE1BC9 /* ITImageView.h */,
				93462D971E69E86000FE1BC9 /* ITImageView.m */,
			);
			path = ITImageView;
			sourceTree = "<group>";
		};
		93462D991E69FD2900FE1BC9 /* ITUsers */ = {
			isa = PBXGroup;
			children = (
				93462D9A1E69FD3F00FE1BC9 /* ITUsers.h */,
				93462D9B1E69FD3F00FE1BC9 /* ITUsers.m */,
			);
			path = ITUsers;
			sourceTree = "<group>";
		};
		93462DA11E6A114E00FE1BC9 /* ITUsersViewController */ = {
			isa = PBXGroup;
			children = (
				93462DA21E6A114E00FE1BC9 /* ITUsersView.h */,
				93462DA31E6A114E00FE1BC9 /* ITUsersView.m */,
				93462DA41E6A114E00FE1BC9 /* ITUsersViewController.h */,
				93462DA51E6A114E00FE1BC9 /* ITUsersViewController.m */,
				93462DA61E6A114E00FE1BC9 /* ITUsersViewController.xib */,
				93462DA71E6A114E00FE1BC9 /* Views */,
			);
			path = ITUsersViewController;
			sourceTree = "<group>";
		};
		93462DA71E6A114E00FE1BC9 /* Views */ = {
			isa = PBXGroup;
			children = (
				93AA34611E79DB3D00513950 /* ITAddRowCell */,
				93AA34621E79DB3D00513950 /* ITUserCell */,
			);
			path = Views;
			sourceTree = "<group>";
		};
		93462DB71E71DB2900FE1BC9 /* ITDispatchQueue */ = {
			isa = PBXGroup;
			children = (
				93462DB81E71DB2900FE1BC9 /* ITDispatchQueue.h */,
				93462DB91E71DB2900FE1BC9 /* ITDispatchQueue.m */,
			);
			path = ITDispatchQueue;
			sourceTree = "<group>";
		};
		93AA34401E77408500513950 /* ITModelChange */ = {
			isa = PBXGroup;
			children = (
				93AA344E1E787B0400513950 /* ModelTypes */,
				93AA34441E7879C400513950 /* ModelChanges */,
				93AA34411E77409B00513950 /* ITModelChange.h */,
				93AA34421E77409B00513950 /* ITModelChange.m */,
			);
			path = ITModelChange;
			sourceTree = "<group>";
		};
		93AA34441E7879C400513950 /* ModelChanges */ = {
			isa = PBXGroup;
			children = (
				93AA34451E787AAD00513950 /* ITInsertChange.h */,
				93AA34461E787AAD00513950 /* ITInsertChange.m */,
				93AA34481E787AC000513950 /* ITDeleteChange.h */,
				93AA34491E787AC000513950 /* ITDeleteChange.m */,
				93AA344B1E787AD000513950 /* ITMoveChange.h */,
				93AA344C1E787AD000513950 /* ITMoveChange.m */,
			);
			path = ModelChanges;
			sourceTree = "<group>";
		};
		93AA344E1E787B0400513950 /* ModelTypes */ = {
			isa = PBXGroup;
			children = (
				93AA344F1E787B2000513950 /* ITOneIndexModel.h */,
				93AA34501E787B2000513950 /* ITOneIndexModel.m */,
				93AA34521E787B2E00513950 /* ITTwoIndexModel.h */,
				93AA34531E787B2E00513950 /* ITTwoIndexModel.m */,
			);
			path = ModelTypes;
			sourceTree = "<group>";
		};
		93AA34551E78809500513950 /* ITArrayModel */ = {
			isa = PBXGroup;
			children = (
				93AA34561E7880AD00513950 /* ITArrayModel.h */,
				93AA34571E7880AD00513950 /* ITArrayModel.m */,
			);
			path = ITArrayModel;
			sourceTree = "<group>";
		};
		93AA34611E79DB3D00513950 /* ITAddRowCell */ = {
			isa = PBXGroup;
			children = (
				93AA34681E79DB6600513950 /* ITAddRowCell.h */,
				93AA34691E79DB6600513950 /* ITAddRowCell.m */,
				93AA346A1E79DB6600513950 /* ITAddRowCell.xib */,
			);
			path = ITAddRowCell;
			sourceTree = "<group>";
		};
		93AA34621E79DB3D00513950 /* ITUserCell */ = {
			isa = PBXGroup;
			children = (
				93AA34631E79DB3D00513950 /* ITUserCell.h */,
				93AA34641E79DB3D00513950 /* ITUserCell.m */,
				93AA34651E79DB3D00513950 /* ITUserCell.xib */,
			);
			path = ITUserCell;
			sourceTree = "<group>";
		};
		93AA346E1E79E34400513950 /* Specs */ = {
			isa = PBXGroup;
			children = (
				93AA346F1E79E34400513950 /* ITArrayModelSpec */,
			);
			path = Specs;
			sourceTree = "<group>";
		};
		93AA346F1E79E34400513950 /* ITArrayModelSpec */ = {
			isa = PBXGroup;
			children = (
				93AA34701E79E37100513950 /* ITArrayModelSpec.m */,
			);
			path = ITArrayModelSpec;
			sourceTree = "<group>";
		};
		93AA34721E7C3A3900513950 /* ITLoadingView */ = {
			isa = PBXGroup;
			children = (
				93AA34731E7C3AD000513950 /* ITLoadingView.h */,
				93AA34741E7C3AD000513950 /* ITLoadingView.m */,
				93AA34751E7C3AD000513950 /* ITLoadingView.xib */,
			);
			path = ITLoadingView;
			sourceTree = "<group>";
		};
		93C20E761E5B95BF00B56982 = {
			isa = PBXGroup;
			children = (
				93C20EDB1E5F72DD00B56982 /* Source */,
				93C20EB11E5B99E900B56982 /* Resources */,
				93C20EA71E5B99CA00B56982 /* ITObjCUI */,
				93C20EAC1E5B99D900B56982 /* ITObjCUITests */,
				93C20E801E5B95BF00B56982 /* Products */,
				155D431BA15A4DAD73DC63F1 /* Pods */,
				C389A0FADBCBD0EADA4214AE /* Frameworks */,
			);
			sourceTree = "<group>";
		};
		93C20E801E5B95BF00B56982 /* Products */ = {
			isa = PBXGroup;
			children = (
				93C20E7F1E5B95BF00B56982 /* ITObjCUI.app */,
				93C20E981E5B95BF00B56982 /* ITObjCUITests.xctest */,
			);
			name = Products;
			sourceTree = "<group>";
		};
		93C20EA71E5B99CA00B56982 /* ITObjCUI */ = {
			isa = PBXGroup;
			children = (
				93C20EC61E5CC8A100B56982 /* ITAppDelegate.h */,
				93C20EC71E5CC8A100B56982 /* ITAppDelegate.m */,
				93C20EA81E5B99CA00B56982 /* Info.plist */,
				93C20EA91E5B99CA00B56982 /* main.m */,
			);
			path = ITObjCUI;
			sourceTree = "<group>";
		};
		93C20EAC1E5B99D900B56982 /* ITObjCUITests */ = {
			isa = PBXGroup;
			children = (
				93AA346E1E79E34400513950 /* Specs */,
				93C20EAD1E5B99D900B56982 /* Info.plist */,
			);
			path = ITObjCUITests;
			sourceTree = "<group>";
		};
		93C20EB11E5B99E900B56982 /* Resources */ = {
			isa = PBXGroup;
			children = (
				932D37721E60EB2D00C435F2 /* Images */,
				93C20EB21E5B99E900B56982 /* Assets.xcassets */,
				93C20EB31E5B99E900B56982 /* LaunchScreen.storyboard */,
			);
			path = Resources;
			sourceTree = "<group>";
		};
		93C20EDB1E5F72DD00B56982 /* Source */ = {
			isa = PBXGroup;
			children = (
				93C20EFA1E5F765900B56982 /* Library */,
				93C20EDC1E5F72DD00B56982 /* Models */,
				93C20EDF1E5F72DD00B56982 /* UI */,
			);
			path = Source;
			sourceTree = "<group>";
		};
		93C20EDC1E5F72DD00B56982 /* Models */ = {
			isa = PBXGroup;
			children = (
				93462D991E69FD2900FE1BC9 /* ITUsers */,
				93462D6F1E6773D800FE1BC9 /* ITImageModel */,
				93462D6B1E67739D00FE1BC9 /* ITUser */,
			);
			path = Models;
			sourceTree = "<group>";
		};
		93C20EDF1E5F72DD00B56982 /* UI */ = {
			isa = PBXGroup;
			children = (
				93462DA11E6A114E00FE1BC9 /* ITUsersViewController */,
				93C20EE01E5F72DD00B56982 /* ITSquareViewController */,
				93462D941E69E83A00FE1BC9 /* Views */,
			);
			path = UI;
			sourceTree = "<group>";
		};
		93C20EE01E5F72DD00B56982 /* ITSquareViewController */ = {
			isa = PBXGroup;
			children = (
				93C20EE31E5F72DD00B56982 /* ITSquareViewController.h */,
				93C20EE41E5F72DD00B56982 /* ITSquareViewController.m */,
				93C20EE11E5F72DD00B56982 /* ITSquareView.h */,
				93C20EE21E5F72DD00B56982 /* ITSquareView.m */,
				93C20EE51E5F72DD00B56982 /* ITSquareViewController.xib */,
			);
			path = ITSquareViewController;
			sourceTree = "<group>";
		};
		93C20EFA1E5F765900B56982 /* Library */ = {
			isa = PBXGroup;
			children = (
				931CF0D81E8454A600AE4B4C /* Categories */,
				93462D771E68963F00FE1BC9 /* Classes */,
				93462D551E67525B00FE1BC9 /* ITMacro.h */,
				93462D561E67525B00FE1BC9 /* ITMacro.m */,
				93462DB01E6F448A00FE1BC9 /* ITCompilerMacro.h */,
				93462DB11E6F448A00FE1BC9 /* ITCompilerMacro.m */,
			);
			path = Library;
			sourceTree = "<group>";
		};
		C389A0FADBCBD0EADA4214AE /* Frameworks */ = {
			isa = PBXGroup;
			children = (
				03AF09BAA2BA61E48268062F /* libPods-ITObjCUITests.a */,
			);
			name = Frameworks;
			sourceTree = "<group>";
		};
/* End PBXGroup section */

/* Begin PBXNativeTarget section */
		93C20E7E1E5B95BF00B56982 /* ITObjCUI */ = {
			isa = PBXNativeTarget;
			buildConfigurationList = 93C20EA11E5B95BF00B56982 /* Build configuration list for PBXNativeTarget "ITObjCUI" */;
			buildPhases = (
				93C20E7B1E5B95BF00B56982 /* Sources */,
				93C20E7C1E5B95BF00B56982 /* Frameworks */,
				93C20E7D1E5B95BF00B56982 /* Resources */,
			);
			buildRules = (
			);
			dependencies = (
			);
			name = ITObjCUI;
			productName = ITObjCUI;
			productReference = 93C20E7F1E5B95BF00B56982 /* ITObjCUI.app */;
			productType = "com.apple.product-type.application";
		};
		93C20E971E5B95BF00B56982 /* ITObjCUITests */ = {
			isa = PBXNativeTarget;
			buildConfigurationList = 93C20EA41E5B95BF00B56982 /* Build configuration list for PBXNativeTarget "ITObjCUITests" */;
			buildPhases = (
				96FBEE24CFD08B7EBC17AA90 /* [CP] Check Pods Manifest.lock */,
				93C20E941E5B95BF00B56982 /* Sources */,
				93C20E951E5B95BF00B56982 /* Frameworks */,
				93C20E961E5B95BF00B56982 /* Resources */,
				E40EE09D920792E92FBBCAE0 /* [CP] Embed Pods Frameworks */,
				D909D6AACC0DCFBD83B2909E /* [CP] Copy Pods Resources */,
			);
			buildRules = (
			);
			dependencies = (
				93C20E9A1E5B95BF00B56982 /* PBXTargetDependency */,
			);
			name = ITObjCUITests;
			productName = ITObjCUITests;
			productReference = 93C20E981E5B95BF00B56982 /* ITObjCUITests.xctest */;
			productType = "com.apple.product-type.bundle.unit-test";
		};
/* End PBXNativeTarget section */

/* Begin PBXProject section */
		93C20E771E5B95BF00B56982 /* Project object */ = {
			isa = PBXProject;
			attributes = {
				CLASSPREFIX = IT;
				LastUpgradeCheck = 0820;
				ORGANIZATIONNAME = "Ivan Tsyganok";
				TargetAttributes = {
					93C20E7E1E5B95BF00B56982 = {
						CreatedOnToolsVersion = 8.2.1;
						DevelopmentTeam = 2TPE62FV94;
						ProvisioningStyle = Automatic;
					};
					93C20E971E5B95BF00B56982 = {
						CreatedOnToolsVersion = 8.2.1;
						DevelopmentTeam = 2TPE62FV94;
						ProvisioningStyle = Automatic;
						TestTargetID = 93C20E7E1E5B95BF00B56982;
					};
				};
			};
			buildConfigurationList = 93C20E7A1E5B95BF00B56982 /* Build configuration list for PBXProject "ITObjCUI" */;
			compatibilityVersion = "Xcode 3.2";
			developmentRegion = English;
			hasScannedForEncodings = 0;
			knownRegions = (
				en,
				Base,
			);
			mainGroup = 93C20E761E5B95BF00B56982;
			productRefGroup = 93C20E801E5B95BF00B56982 /* Products */;
			projectDirPath = "";
			projectRoot = "";
			targets = (
				93C20E7E1E5B95BF00B56982 /* ITObjCUI */,
				93C20E971E5B95BF00B56982 /* ITObjCUITests */,
			);
		};
/* End PBXProject section */

/* Begin PBXResourcesBuildPhase section */
		93C20E7D1E5B95BF00B56982 /* Resources */ = {
			isa = PBXResourcesBuildPhase;
			buildActionMask = 2147483647;
			files = (
				93AA34771E7C3AD000513950 /* ITLoadingView.xib in Resources */,
				93C20EE91E5F72DD00B56982 /* ITSquareViewController.xib in Resources */,
				93C20EBE1E5B99E900B56982 /* LaunchScreen.storyboard in Resources */,
				93462DAD1E6A114E00FE1BC9 /* ITUsersViewController.xib in Resources */,
				93AA34671E79DB3D00513950 /* ITUserCell.xib in Resources */,
				93C20EBC1E5B99E900B56982 /* Assets.xcassets in Resources */,
				93AA346C1E79DB6600513950 /* ITAddRowCell.xib in Resources */,
				932D37741E60EB2D00C435F2 /* image.jpg in Resources */,
			);
			runOnlyForDeploymentPostprocessing = 0;
		};
		93C20E961E5B95BF00B56982 /* Resources */ = {
			isa = PBXResourcesBuildPhase;
			buildActionMask = 2147483647;
			files = (
				93C20EBF1E5B99E900B56982 /* LaunchScreen.storyboard in Resources */,
				93C20EBD1E5B99E900B56982 /* Assets.xcassets in Resources */,
			);
			runOnlyForDeploymentPostprocessing = 0;
		};
/* End PBXResourcesBuildPhase section */

/* Begin PBXShellScriptBuildPhase section */
		96FBEE24CFD08B7EBC17AA90 /* [CP] Check Pods Manifest.lock */ = {
			isa = PBXShellScriptBuildPhase;
			buildActionMask = 2147483647;
			files = (
			);
			inputPaths = (
			);
			name = "[CP] Check Pods Manifest.lock";
			outputPaths = (
			);
			runOnlyForDeploymentPostprocessing = 0;
			shellPath = /bin/sh;
			shellScript = "diff \"${PODS_ROOT}/../Podfile.lock\" \"${PODS_ROOT}/Manifest.lock\" > /dev/null\nif [ $? != 0 ] ; then\n    # print error to STDERR\n    echo \"error: The sandbox is not in sync with the Podfile.lock. Run 'pod install' or update your CocoaPods installation.\" >&2\n    exit 1\nfi\n";
			showEnvVarsInLog = 0;
		};
		D909D6AACC0DCFBD83B2909E /* [CP] Copy Pods Resources */ = {
			isa = PBXShellScriptBuildPhase;
			buildActionMask = 2147483647;
			files = (
			);
			inputPaths = (
			);
			name = "[CP] Copy Pods Resources";
			outputPaths = (
			);
			runOnlyForDeploymentPostprocessing = 0;
			shellPath = /bin/sh;
			shellScript = "\"${SRCROOT}/Pods/Target Support Files/Pods-ITObjCUITests/Pods-ITObjCUITests-resources.sh\"\n";
			showEnvVarsInLog = 0;
		};
		E40EE09D920792E92FBBCAE0 /* [CP] Embed Pods Frameworks */ = {
			isa = PBXShellScriptBuildPhase;
			buildActionMask = 2147483647;
			files = (
			);
			inputPaths = (
			);
			name = "[CP] Embed Pods Frameworks";
			outputPaths = (
			);
			runOnlyForDeploymentPostprocessing = 0;
			shellPath = /bin/sh;
			shellScript = "\"${SRCROOT}/Pods/Target Support Files/Pods-ITObjCUITests/Pods-ITObjCUITests-frameworks.sh\"\n";
			showEnvVarsInLog = 0;
		};
/* End PBXShellScriptBuildPhase section */

/* Begin PBXSourcesBuildPhase section */
		93C20E7B1E5B95BF00B56982 /* Sources */ = {
			isa = PBXSourcesBuildPhase;
			buildActionMask = 2147483647;
			files = (
				931CF0FF1E8454A600AE4B4C /* ITMoveChange+ITExtensions.m in Sources */,
				93AA344A1E787AC000513950 /* ITDeleteChange.m in Sources */,
				931CF1021E8454A600AE4B4C /* NSObject+ITExtensions.m in Sources */,
				93AA34541E787B2E00513950 /* ITTwoIndexModel.m in Sources */,
				93AA34661E79DB3D00513950 /* ITUserCell.m in Sources */,
				93AA34431E77409B00513950 /* ITModelChange.m in Sources */,
				931CF1071E8454A600AE4B4C /* UITableView+ITExtensions.m in Sources */,
				93AA344D1E787AD000513950 /* ITMoveChange.m in Sources */,
				93AA346B1E79DB6600513950 /* ITAddRowCell.m in Sources */,
				93AA34761E7C3AD000513950 /* ITLoadingView.m in Sources */,
				931CF0FE1E8454A600AE4B4C /* ITModelChange+ITExtensions.m in Sources */,
				93462D571E67525B00FE1BC9 /* ITMacro.m in Sources */,
				931CF0FC1E8454A600AE4B4C /* ITDeleteChange+ITExtensions.m in Sources */,
				93462D8F1E68B61C00FE1BC9 /* ITObservableObject.m in Sources */,
				93C20EAB1E5B99CA00B56982 /* main.m in Sources */,
				93AA34471E787AAD00513950 /* ITInsertChange.m in Sources */,
				93462DBA1E71DB2900FE1BC9 /* ITDispatchQueue.m in Sources */,
				93AA34581E7880AD00513950 /* ITArrayModel.m in Sources */,
				93AA34511E787B2000513950 /* ITOneIndexModel.m in Sources */,
				93C20EE81E5F72DD00B56982 /* ITSquareViewController.m in Sources */,
				931CF1051E8454A600AE4B4C /* UINib+ITExtensions.m in Sources */,
				93462D9C1E69FD3F00FE1BC9 /* ITUsers.m in Sources */,
				93462D721E67740000FE1BC9 /* ITImageModel.m in Sources */,
				931CF0FD1E8454A600AE4B4C /* ITInsertChange+ITExtensions.m in Sources */,
				93462DAC1E6A114E00FE1BC9 /* ITUsersViewController.m in Sources */,
				931CF1061E8454A600AE4B4C /* ITUsersTableView+ITExtensions.m in Sources */,
				931CF1031E8454A600AE4B4C /* NSString+ITExtensions.m in Sources */,
				93462DAB1E6A114E00FE1BC9 /* ITUsersView.m in Sources */,
				93462D981E69E86000FE1BC9 /* ITImageView.m in Sources */,
				93462DB21E6F448A00FE1BC9 /* ITCompilerMacro.m in Sources */,
				93462D6E1E67739D00FE1BC9 /* ITUser.m in Sources */,
				931CF1011E8454A600AE4B4C /* NSBundle+ITExtensions.m in Sources */,
				93462D7B1E68965D00FE1BC9 /* ITTableViewCell.m in Sources */,
				93C20EE71E5F72DD00B56982 /* ITSquareView.m in Sources */,
				931CF1081E8454A600AE4B4C /* UIWindow+ITExtensions.m in Sources */,
				93C20EC81E5CC8A100B56982 /* ITAppDelegate.m in Sources */,
				931CF1041E8454A600AE4B4C /* NSString+ITRandomName.m in Sources */,
				931CF1001E8454A600AE4B4C /* NSArray+ITExtensions.m in Sources */,
			);
			runOnlyForDeploymentPostprocessing = 0;
		};
		93C20E941E5B95BF00B56982 /* Sources */ = {
			isa = PBXSourcesBuildPhase;
			buildActionMask = 2147483647;
			files = (
				93AA34711E79E37100513950 /* ITArrayModelSpec.m in Sources */,
			);
			runOnlyForDeploymentPostprocessing = 0;
		};
/* End PBXSourcesBuildPhase section */

/* Begin PBXTargetDependency section */
		93C20E9A1E5B95BF00B56982 /* PBXTargetDependency */ = {
			isa = PBXTargetDependency;
			target = 93C20E7E1E5B95BF00B56982 /* ITObjCUI */;
			targetProxy = 93C20E991E5B95BF00B56982 /* PBXContainerItemProxy */;
		};
/* End PBXTargetDependency section */

/* Begin PBXVariantGroup section */
		93C20EB31E5B99E900B56982 /* LaunchScreen.storyboard */ = {
			isa = PBXVariantGroup;
			children = (
				93C20EB41E5B99E900B56982 /* Base */,
			);
			name = LaunchScreen.storyboard;
			sourceTree = "<group>";
		};
/* End PBXVariantGroup section */

/* Begin XCBuildConfiguration section */
		93C20E9F1E5B95BF00B56982 /* Debug */ = {
			isa = XCBuildConfiguration;
			buildSettings = {
				ALWAYS_SEARCH_USER_PATHS = NO;
				CLANG_ANALYZER_NONNULL = YES;
				CLANG_CXX_LANGUAGE_STANDARD = "gnu++0x";
				CLANG_CXX_LIBRARY = "libc++";
				CLANG_ENABLE_MODULES = YES;
				CLANG_ENABLE_OBJC_ARC = YES;
				CLANG_WARN_BOOL_CONVERSION = YES;
				CLANG_WARN_CONSTANT_CONVERSION = YES;
				CLANG_WARN_DIRECT_OBJC_ISA_USAGE = YES_ERROR;
				CLANG_WARN_DOCUMENTATION_COMMENTS = YES;
				CLANG_WARN_EMPTY_BODY = YES;
				CLANG_WARN_ENUM_CONVERSION = YES;
				CLANG_WARN_INFINITE_RECURSION = YES;
				CLANG_WARN_INT_CONVERSION = YES;
				CLANG_WARN_OBJC_ROOT_CLASS = YES_ERROR;
				CLANG_WARN_SUSPICIOUS_MOVE = YES;
				CLANG_WARN_UNREACHABLE_CODE = YES;
				CLANG_WARN__DUPLICATE_METHOD_MATCH = YES;
				"CODE_SIGN_IDENTITY[sdk=iphoneos*]" = "iPhone Developer";
				COPY_PHASE_STRIP = NO;
				DEBUG_INFORMATION_FORMAT = dwarf;
				ENABLE_STRICT_OBJC_MSGSEND = YES;
				ENABLE_TESTABILITY = YES;
				GCC_C_LANGUAGE_STANDARD = gnu99;
				GCC_DYNAMIC_NO_PIC = NO;
				GCC_NO_COMMON_BLOCKS = YES;
				GCC_OPTIMIZATION_LEVEL = 0;
				GCC_PREPROCESSOR_DEFINITIONS = (
					"DEBUG=1",
					"$(inherited)",
				);
				GCC_WARN_64_TO_32_BIT_CONVERSION = YES;
				GCC_WARN_ABOUT_RETURN_TYPE = YES_ERROR;
				GCC_WARN_UNDECLARED_SELECTOR = YES;
				GCC_WARN_UNINITIALIZED_AUTOS = YES_AGGRESSIVE;
				GCC_WARN_UNUSED_FUNCTION = YES;
				GCC_WARN_UNUSED_VARIABLE = YES;
				IPHONEOS_DEPLOYMENT_TARGET = 10.2;
				MTL_ENABLE_DEBUG_INFO = YES;
				ONLY_ACTIVE_ARCH = YES;
				SDKROOT = iphoneos;
			};
			name = Debug;
		};
		93C20EA01E5B95BF00B56982 /* Release */ = {
			isa = XCBuildConfiguration;
			buildSettings = {
				ALWAYS_SEARCH_USER_PATHS = NO;
				CLANG_ANALYZER_NONNULL = YES;
				CLANG_CXX_LANGUAGE_STANDARD = "gnu++0x";
				CLANG_CXX_LIBRARY = "libc++";
				CLANG_ENABLE_MODULES = YES;
				CLANG_ENABLE_OBJC_ARC = YES;
				CLANG_WARN_BOOL_CONVERSION = YES;
				CLANG_WARN_CONSTANT_CONVERSION = YES;
				CLANG_WARN_DIRECT_OBJC_ISA_USAGE = YES_ERROR;
				CLANG_WARN_DOCUMENTATION_COMMENTS = YES;
				CLANG_WARN_EMPTY_BODY = YES;
				CLANG_WARN_ENUM_CONVERSION = YES;
				CLANG_WARN_INFINITE_RECURSION = YES;
				CLANG_WARN_INT_CONVERSION = YES;
				CLANG_WARN_OBJC_ROOT_CLASS = YES_ERROR;
				CLANG_WARN_SUSPICIOUS_MOVE = YES;
				CLANG_WARN_UNREACHABLE_CODE = YES;
				CLANG_WARN__DUPLICATE_METHOD_MATCH = YES;
				"CODE_SIGN_IDENTITY[sdk=iphoneos*]" = "iPhone Developer";
				COPY_PHASE_STRIP = NO;
				DEBUG_INFORMATION_FORMAT = "dwarf-with-dsym";
				ENABLE_NS_ASSERTIONS = NO;
				ENABLE_STRICT_OBJC_MSGSEND = YES;
				GCC_C_LANGUAGE_STANDARD = gnu99;
				GCC_NO_COMMON_BLOCKS = YES;
				GCC_WARN_64_TO_32_BIT_CONVERSION = YES;
				GCC_WARN_ABOUT_RETURN_TYPE = YES_ERROR;
				GCC_WARN_UNDECLARED_SELECTOR = YES;
				GCC_WARN_UNINITIALIZED_AUTOS = YES_AGGRESSIVE;
				GCC_WARN_UNUSED_FUNCTION = YES;
				GCC_WARN_UNUSED_VARIABLE = YES;
				IPHONEOS_DEPLOYMENT_TARGET = 10.2;
				MTL_ENABLE_DEBUG_INFO = NO;
				SDKROOT = iphoneos;
				VALIDATE_PRODUCT = YES;
			};
			name = Release;
		};
		93C20EA21E5B95BF00B56982 /* Debug */ = {
			isa = XCBuildConfiguration;
			buildSettings = {
				ASSETCATALOG_COMPILER_APPICON_NAME = AppIcon;
				DEVELOPMENT_TEAM = 2TPE62FV94;
				GCC_WARN_UNINITIALIZED_AUTOS = YES;
				INFOPLIST_FILE = ITObjCUI/Info.plist;
				LD_RUNPATH_SEARCH_PATHS = "$(inherited) @executable_path/Frameworks";
				PRODUCT_BUNDLE_IDENTIFIER = IT.ITObjCUI;
				PRODUCT_NAME = "$(TARGET_NAME)";
			};
			name = Debug;
		};
		93C20EA31E5B95BF00B56982 /* Release */ = {
			isa = XCBuildConfiguration;
			buildSettings = {
				ASSETCATALOG_COMPILER_APPICON_NAME = AppIcon;
				DEVELOPMENT_TEAM = 2TPE62FV94;
				GCC_WARN_UNINITIALIZED_AUTOS = YES;
				INFOPLIST_FILE = ITObjCUI/Info.plist;
				LD_RUNPATH_SEARCH_PATHS = "$(inherited) @executable_path/Frameworks";
				PRODUCT_BUNDLE_IDENTIFIER = IT.ITObjCUI;
				PRODUCT_NAME = "$(TARGET_NAME)";
			};
			name = Release;
		};
		93C20EA51E5B95BF00B56982 /* Debug */ = {
			isa = XCBuildConfiguration;
			baseConfigurationReference = 152055A6E55FFE461BCFA8C6 /* Pods-ITObjCUITests.debug.xcconfig */;
			buildSettings = {
				BUNDLE_LOADER = "$(TEST_HOST)";
				DEVELOPMENT_TEAM = 2TPE62FV94;
				INFOPLIST_FILE = ITObjCUITests/Info.plist;
				LD_RUNPATH_SEARCH_PATHS = "$(inherited) @executable_path/Frameworks @loader_path/Frameworks";
				PRODUCT_BUNDLE_IDENTIFIER = IT.ITObjCUITests;
				PRODUCT_NAME = "$(TARGET_NAME)";
				TEST_HOST = "$(BUILT_PRODUCTS_DIR)/ITObjCUI.app/ITObjCUI";
			};
			name = Debug;
		};
		93C20EA61E5B95BF00B56982 /* Release */ = {
			isa = XCBuildConfiguration;
			baseConfigurationReference = 0EA2B8ECE02122042CE1B119 /* Pods-ITObjCUITests.release.xcconfig */;
			buildSettings = {
				BUNDLE_LOADER = "$(TEST_HOST)";
				DEVELOPMENT_TEAM = 2TPE62FV94;
				INFOPLIST_FILE = ITObjCUITests/Info.plist;
				LD_RUNPATH_SEARCH_PATHS = "$(inherited) @executable_path/Frameworks @loader_path/Frameworks";
				PRODUCT_BUNDLE_IDENTIFIER = IT.ITObjCUITests;
				PRODUCT_NAME = "$(TARGET_NAME)";
				TEST_HOST = "$(BUILT_PRODUCTS_DIR)/ITObjCUI.app/ITObjCUI";
			};
			name = Release;
		};
/* End XCBuildConfiguration section */

/* Begin XCConfigurationList section */
		93C20E7A1E5B95BF00B56982 /* Build configuration list for PBXProject "ITObjCUI" */ = {
			isa = XCConfigurationList;
			buildConfigurations = (
				93C20E9F1E5B95BF00B56982 /* Debug */,
				93C20EA01E5B95BF00B56982 /* Release */,
			);
			defaultConfigurationIsVisible = 0;
			defaultConfigurationName = Release;
		};
		93C20EA11E5B95BF00B56982 /* Build configuration list for PBXNativeTarget "ITObjCUI" */ = {
			isa = XCConfigurationList;
			buildConfigurations = (
				93C20EA21E5B95BF00B56982 /* Debug */,
				93C20EA31E5B95BF00B56982 /* Release */,
			);
			defaultConfigurationIsVisible = 0;
			defaultConfigurationName = Release;
		};
		93C20EA41E5B95BF00B56982 /* Build configuration list for PBXNativeTarget "ITObjCUITests" */ = {
			isa = XCConfigurationList;
			buildConfigurations = (
				93C20EA51E5B95BF00B56982 /* Debug */,
				93C20EA61E5B95BF00B56982 /* Release */,
			);
			defaultConfigurationIsVisible = 0;
			defaultConfigurationName = Release;
		};
/* End XCConfigurationList section */
	};
	rootObject = 93C20E771E5B95BF00B56982 /* Project object */;
}
