// !$*UTF8*$!
{
	archiveVersion = 1;
	classes = {
	};
	objectVersion = 46;
	objects = {

/* Begin PBXBuildFile section */
		3B95915A7F55353B7BA50A70 /* libPods-ITObjCUI.a in Frameworks */ = {isa = PBXBuildFile; fileRef = 092B34620AF4993244A562E8 /* libPods-ITObjCUI.a */; };
		931CCBD51E8AE9DE0029095A /* ITModelChangesTypes.m in Sources */ = {isa = PBXBuildFile; fileRef = 931CCBD41E8AE9DE0029095A /* ITModelChangesTypes.m */; };
		931CCBDC1E8B09070029095A /* ITOneIndexModel+UITableView.m in Sources */ = {isa = PBXBuildFile; fileRef = 931CCBDB1E8B09070029095A /* ITOneIndexModel+UITableView.m */; };
		931CCBDF1E8B09DB0029095A /* ITTwoIndexModel+UITableView.m in Sources */ = {isa = PBXBuildFile; fileRef = 931CCBDE1E8B09DB0029095A /* ITTwoIndexModel+UITableView.m */; };
		931CCBE31E8C14300029095A /* UIView+ITExtensions.m in Sources */ = {isa = PBXBuildFile; fileRef = 931CCBE21E8C14300029095A /* UIView+ITExtensions.m */; };
		931CCBE71E8C1F200029095A /* ITView.m in Sources */ = {isa = PBXBuildFile; fileRef = 931CCBE61E8C1F200029095A /* ITView.m */; };
		931CCC081E8DA59D0029095A /* ITFileSystemImageModel.m in Sources */ = {isa = PBXBuildFile; fileRef = 931CCBFF1E8DA59D0029095A /* ITFileSystemImageModel.m */; };
		931CCC091E8DA59D0029095A /* ITImageModel.m in Sources */ = {isa = PBXBuildFile; fileRef = 931CCC011E8DA59D0029095A /* ITImageModel.m */; };
		931CCC0A1E8DA59D0029095A /* ITURLImageModel.m in Sources */ = {isa = PBXBuildFile; fileRef = 931CCC041E8DA59D0029095A /* ITURLImageModel.m */; };
		931CCC0B1E8DA59D0029095A /* ITModel.m in Sources */ = {isa = PBXBuildFile; fileRef = 931CCC071E8DA59D0029095A /* ITModel.m */; };
		931CF1001E8454A600AE4B4C /* NSArray+ITExtensions.m in Sources */ = {isa = PBXBuildFile; fileRef = 931CF0E41E8454A600AE4B4C /* NSArray+ITExtensions.m */; };
		931CF1011E8454A600AE4B4C /* NSBundle+ITExtensions.m in Sources */ = {isa = PBXBuildFile; fileRef = 931CF0E71E8454A600AE4B4C /* NSBundle+ITExtensions.m */; };
		931CF1021E8454A600AE4B4C /* NSObject+ITExtensions.m in Sources */ = {isa = PBXBuildFile; fileRef = 931CF0EA1E8454A600AE4B4C /* NSObject+ITExtensions.m */; };
		931CF1031E8454A600AE4B4C /* NSString+ITExtensions.m in Sources */ = {isa = PBXBuildFile; fileRef = 931CF0ED1E8454A600AE4B4C /* NSString+ITExtensions.m */; };
		931CF1041E8454A600AE4B4C /* NSString+ITRandomName.m in Sources */ = {isa = PBXBuildFile; fileRef = 931CF0EF1E8454A600AE4B4C /* NSString+ITRandomName.m */; };
		931CF1051E8454A600AE4B4C /* UINib+ITExtensions.m in Sources */ = {isa = PBXBuildFile; fileRef = 931CF0F21E8454A600AE4B4C /* UINib+ITExtensions.m */; };
		931CF1061E8454A600AE4B4C /* ITUsersTableView+ITExtensions.m in Sources */ = {isa = PBXBuildFile; fileRef = 931CF0F61E8454A600AE4B4C /* ITUsersTableView+ITExtensions.m */; };
		931CF1071E8454A600AE4B4C /* UITableView+ITExtensions.m in Sources */ = {isa = PBXBuildFile; fileRef = 931CF0F81E8454A600AE4B4C /* UITableView+ITExtensions.m */; };
		931CF1081E8454A600AE4B4C /* UIWindow+ITExtensions.m in Sources */ = {isa = PBXBuildFile; fileRef = 931CF0FB1E8454A600AE4B4C /* UIWindow+ITExtensions.m */; };
		932CDAAA1EA646AF0043ED5F /* IDPCoreDataManager.m in Sources */ = {isa = PBXBuildFile; fileRef = 932CDAA31EA646AF0043ED5F /* IDPCoreDataManager.m */; };
		932CDAAB1EA646AF0043ED5F /* NSManagedObject+IDPExtensions.m in Sources */ = {isa = PBXBuildFile; fileRef = 932CDAA51EA646AF0043ED5F /* NSManagedObject+IDPExtensions.m */; };
		932CDAAC1EA646AF0043ED5F /* NSManagedObjectContext+IDPExtensions.m in Sources */ = {isa = PBXBuildFile; fileRef = 932CDAA71EA646AF0043ED5F /* NSManagedObjectContext+IDPExtensions.m */; };
		932CDAAD1EA646AF0043ED5F /* NSManagedObjectID+IDPExtensions.m in Sources */ = {isa = PBXBuildFile; fileRef = 932CDAA91EA646AF0043ED5F /* NSManagedObjectID+IDPExtensions.m */; };
		932D37741E60EB2D00C435F2 /* image.jpg in Resources */ = {isa = PBXBuildFile; fileRef = 932D37731E60EB2D00C435F2 /* image.jpg */; };
		9332F0351E98212D007A0A29 /* ITObjectCache.m in Sources */ = {isa = PBXBuildFile; fileRef = 9332F0341E98212D007A0A29 /* ITObjectCache.m */; };
		9332F0541E994DDA007A0A29 /* ITContext.m in Sources */ = {isa = PBXBuildFile; fileRef = 9332F04A1E994DDA007A0A29 /* ITContext.m */; };
		9332F0551E994DDA007A0A29 /* ITFBContext.m in Sources */ = {isa = PBXBuildFile; fileRef = 9332F04D1E994DDA007A0A29 /* ITFBContext.m */; };
		9332F0561E994DDA007A0A29 /* ITFBLoginContext.m in Sources */ = {isa = PBXBuildFile; fileRef = 9332F0501E994DDA007A0A29 /* ITFBLoginContext.m */; };
		9332F0571E994DDA007A0A29 /* ITFBUserFriendsContext.m in Sources */ = {isa = PBXBuildFile; fileRef = 9332F0531E994DDA007A0A29 /* ITFBUserFriendsContext.m */; };
		9332F0691E994DEB007A0A29 /* ITFBUsersView.m in Sources */ = {isa = PBXBuildFile; fileRef = 9332F05A1E994DEB007A0A29 /* ITFBUsersView.m */; };
		9332F06A1E994DEB007A0A29 /* ITFBUsersViewController.m in Sources */ = {isa = PBXBuildFile; fileRef = 9332F05C1E994DEB007A0A29 /* ITFBUsersViewController.m */; };
		9332F06B1E994DEB007A0A29 /* ITFBUsersViewController.xib in Resources */ = {isa = PBXBuildFile; fileRef = 9332F05D1E994DEB007A0A29 /* ITFBUsersViewController.xib */; };
		9332F06C1E994DEB007A0A29 /* ITFBUserCell.m in Sources */ = {isa = PBXBuildFile; fileRef = 9332F0611E994DEB007A0A29 /* ITFBUserCell.m */; };
		9332F06D1E994DEB007A0A29 /* ITFBUserCell.xib in Resources */ = {isa = PBXBuildFile; fileRef = 9332F0621E994DEB007A0A29 /* ITFBUserCell.xib */; };
		9332F06E1E994DEB007A0A29 /* ITLoginView.m in Sources */ = {isa = PBXBuildFile; fileRef = 9332F0651E994DEB007A0A29 /* ITLoginView.m */; };
		9332F06F1E994DEB007A0A29 /* ITLoginViewController.m in Sources */ = {isa = PBXBuildFile; fileRef = 9332F0671E994DEB007A0A29 /* ITLoginViewController.m */; };
		9332F0701E994DEB007A0A29 /* ITLoginViewController.xib in Resources */ = {isa = PBXBuildFile; fileRef = 9332F0681E994DEB007A0A29 /* ITLoginViewController.xib */; };
		9332F0761E99503B007A0A29 /* UIButton+ITExtensions.m in Sources */ = {isa = PBXBuildFile; fileRef = 9332F0751E99503B007A0A29 /* UIButton+ITExtensions.m */; };
		9332F07B1E995EF8007A0A29 /* ITFBFriendViewController.m in Sources */ = {isa = PBXBuildFile; fileRef = 9332F0791E995EF8007A0A29 /* ITFBFriendViewController.m */; };
		9332F07C1E995EF8007A0A29 /* ITFBFriendViewController.xib in Resources */ = {isa = PBXBuildFile; fileRef = 9332F07A1E995EF8007A0A29 /* ITFBFriendViewController.xib */; };
		9332F07F1E9A0B45007A0A29 /* ITFBFriendView.m in Sources */ = {isa = PBXBuildFile; fileRef = 9332F07E1E9A0B45007A0A29 /* ITFBFriendView.m */; };
		9332F0871E9A959F007A0A29 /* UIViewController+ITExtensions.m in Sources */ = {isa = PBXBuildFile; fileRef = 9332F0861E9A959F007A0A29 /* UIViewController+ITExtensions.m */; };
		93462D6E1E67739D00FE1BC9 /* ITUser.m in Sources */ = {isa = PBXBuildFile; fileRef = 93462D6D1E67739D00FE1BC9 /* ITUser.m */; };
		93462D7B1E68965D00FE1BC9 /* ITTableViewCell.m in Sources */ = {isa = PBXBuildFile; fileRef = 93462D7A1E68965D00FE1BC9 /* ITTableViewCell.m */; };
		93462D8F1E68B61C00FE1BC9 /* ITObservableObject.m in Sources */ = {isa = PBXBuildFile; fileRef = 93462D8E1E68B61C00FE1BC9 /* ITObservableObject.m */; };
		93462D981E69E86000FE1BC9 /* ITImageView.m in Sources */ = {isa = PBXBuildFile; fileRef = 93462D971E69E86000FE1BC9 /* ITImageView.m */; };
		93462D9C1E69FD3F00FE1BC9 /* ITUsers.m in Sources */ = {isa = PBXBuildFile; fileRef = 93462D9B1E69FD3F00FE1BC9 /* ITUsers.m */; };
		93462DAB1E6A114E00FE1BC9 /* ITUsersView.m in Sources */ = {isa = PBXBuildFile; fileRef = 93462DA31E6A114E00FE1BC9 /* ITUsersView.m */; };
		93462DAC1E6A114E00FE1BC9 /* ITUsersViewController.m in Sources */ = {isa = PBXBuildFile; fileRef = 93462DA51E6A114E00FE1BC9 /* ITUsersViewController.m */; };
		93462DAD1E6A114E00FE1BC9 /* ITUsersViewController.xib in Resources */ = {isa = PBXBuildFile; fileRef = 93462DA61E6A114E00FE1BC9 /* ITUsersViewController.xib */; };
		93462DBA1E71DB2900FE1BC9 /* ITDispatchQueue.m in Sources */ = {isa = PBXBuildFile; fileRef = 93462DB91E71DB2900FE1BC9 /* ITDispatchQueue.m */; };
		9365E67B1EA522C200402F08 /* ITChangeTypes+ITModelChangeExtensions.m in Sources */ = {isa = PBXBuildFile; fileRef = 9365E6781EA522C200402F08 /* ITChangeTypes+ITModelChangeExtensions.m */; };
		9365E67C1EA522C200402F08 /* ITModelChange+UITableView.m in Sources */ = {isa = PBXBuildFile; fileRef = 9365E67A1EA522C200402F08 /* ITModelChange+UITableView.m */; };
		9365E6801EA5647800402F08 /* ITObjCUI.xcdatamodeld in Sources */ = {isa = PBXBuildFile; fileRef = 9365E67E1EA5647800402F08 /* ITObjCUI.xcdatamodeld */; };
		9365E6831EA5694400402F08 /* ITDBObject.m in Sources */ = {isa = PBXBuildFile; fileRef = 9365E6821EA5694400402F08 /* ITDBObject.m */; };
		9365E6861EA5697800402F08 /* ITDBUser.m in Sources */ = {isa = PBXBuildFile; fileRef = 9365E6851EA5697800402F08 /* ITDBUser.m */; };
		9365E6891EA5698F00402F08 /* ITDBImage.m in Sources */ = {isa = PBXBuildFile; fileRef = 9365E6881EA5698F00402F08 /* ITDBImage.m */; };
		9365E7A11EA63A6400402F08 /* NSFileManager+IDPExtensions.m in Sources */ = {isa = PBXBuildFile; fileRef = 9365E79D1EA63A6400402F08 /* NSFileManager+IDPExtensions.m */; };
		9365E7A21EA63A6400402F08 /* NSObject+IDPExtensions.m in Sources */ = {isa = PBXBuildFile; fileRef = 9365E7A01EA63A6400402F08 /* NSObject+IDPExtensions.m */; };
		9365E7A61EA63D3300402F08 /* NSArray+IDPExtensions.m in Sources */ = {isa = PBXBuildFile; fileRef = 9365E7A51EA63D3300402F08 /* NSArray+IDPExtensions.m */; };
		93AA34431E77409B00513950 /* ITModelChange.m in Sources */ = {isa = PBXBuildFile; fileRef = 93AA34421E77409B00513950 /* ITModelChange.m */; };
		93AA34511E787B2000513950 /* ITOneIndexModel.m in Sources */ = {isa = PBXBuildFile; fileRef = 93AA34501E787B2000513950 /* ITOneIndexModel.m */; };
		93AA34541E787B2E00513950 /* ITTwoIndexModel.m in Sources */ = {isa = PBXBuildFile; fileRef = 93AA34531E787B2E00513950 /* ITTwoIndexModel.m */; };
		93AA34581E7880AD00513950 /* ITArrayModel.m in Sources */ = {isa = PBXBuildFile; fileRef = 93AA34571E7880AD00513950 /* ITArrayModel.m */; };
		93AA34661E79DB3D00513950 /* ITUserCell.m in Sources */ = {isa = PBXBuildFile; fileRef = 93AA34641E79DB3D00513950 /* ITUserCell.m */; };
		93AA34671E79DB3D00513950 /* ITUserCell.xib in Resources */ = {isa = PBXBuildFile; fileRef = 93AA34651E79DB3D00513950 /* ITUserCell.xib */; };
		93AA346B1E79DB6600513950 /* ITAddRowCell.m in Sources */ = {isa = PBXBuildFile; fileRef = 93AA34691E79DB6600513950 /* ITAddRowCell.m */; };
		93AA346C1E79DB6600513950 /* ITAddRowCell.xib in Resources */ = {isa = PBXBuildFile; fileRef = 93AA346A1E79DB6600513950 /* ITAddRowCell.xib */; };
		93AA34761E7C3AD000513950 /* ITLoadingView.m in Sources */ = {isa = PBXBuildFile; fileRef = 93AA34741E7C3AD000513950 /* ITLoadingView.m */; };
		93AA34771E7C3AD000513950 /* ITLoadingView.xib in Resources */ = {isa = PBXBuildFile; fileRef = 93AA34751E7C3AD000513950 /* ITLoadingView.xib */; };
		93B468271EB3CAA00080C4F5 /* ITFBConstants.m in Sources */ = {isa = PBXBuildFile; fileRef = 93B468261EB3CAA00080C4F5 /* ITFBConstants.m */; };
		93B4682B1EB4A1E90080C4F5 /* NSManagedObject+ITExtensions.m in Sources */ = {isa = PBXBuildFile; fileRef = 93B4682A1EB4A1E90080C4F5 /* NSManagedObject+ITExtensions.m */; };
		93B4682F1EB4A98E0080C4F5 /* ITFBUserInteraction.m in Sources */ = {isa = PBXBuildFile; fileRef = 93B4682E1EB4A98E0080C4F5 /* ITFBUserInteraction.m */; };
		93C20EAB1E5B99CA00B56982 /* main.m in Sources */ = {isa = PBXBuildFile; fileRef = 93C20EA91E5B99CA00B56982 /* main.m */; };
		93C20EBC1E5B99E900B56982 /* Assets.xcassets in Resources */ = {isa = PBXBuildFile; fileRef = 93C20EB21E5B99E900B56982 /* Assets.xcassets */; };
		93C20EBD1E5B99E900B56982 /* Assets.xcassets in Resources */ = {isa = PBXBuildFile; fileRef = 93C20EB21E5B99E900B56982 /* Assets.xcassets */; };
		93C20EBE1E5B99E900B56982 /* LaunchScreen.storyboard in Resources */ = {isa = PBXBuildFile; fileRef = 93C20EB31E5B99E900B56982 /* LaunchScreen.storyboard */; };
		93C20EBF1E5B99E900B56982 /* LaunchScreen.storyboard in Resources */ = {isa = PBXBuildFile; fileRef = 93C20EB31E5B99E900B56982 /* LaunchScreen.storyboard */; };
		93C20EC81E5CC8A100B56982 /* ITAppDelegate.m in Sources */ = {isa = PBXBuildFile; fileRef = 93C20EC71E5CC8A100B56982 /* ITAppDelegate.m */; };
		93C20EE71E5F72DD00B56982 /* ITSquareView.m in Sources */ = {isa = PBXBuildFile; fileRef = 93C20EE21E5F72DD00B56982 /* ITSquareView.m */; };
		93C20EE81E5F72DD00B56982 /* ITSquareViewController.m in Sources */ = {isa = PBXBuildFile; fileRef = 93C20EE41E5F72DD00B56982 /* ITSquareViewController.m */; };
		93C20EE91E5F72DD00B56982 /* ITSquareViewController.xib in Resources */ = {isa = PBXBuildFile; fileRef = 93C20EE51E5F72DD00B56982 /* ITSquareViewController.xib */; };
		93C757201E86C7B60007F444 /* NSFileManager+ITExtensions.m in Sources */ = {isa = PBXBuildFile; fileRef = 93C7571F1E86C7B60007F444 /* NSFileManager+ITExtensions.m */; };
		93C757241E8826BA0007F444 /* NSMutableArray+ITExtensions.m in Sources */ = {isa = PBXBuildFile; fileRef = 93C757231E8826BA0007F444 /* NSMutableArray+ITExtensions.m */; };
		93C757461E8833FC0007F444 /* ITCompilerMacro.m in Sources */ = {isa = PBXBuildFile; fileRef = 93C757431E8833FC0007F444 /* ITCompilerMacro.m */; };
		93C757471E8833FC0007F444 /* ITMacro.m in Sources */ = {isa = PBXBuildFile; fileRef = 93C757451E8833FC0007F444 /* ITMacro.m */; };
		93C757491E8855C40007F444 /* ITBlockVariablesMacro.m in Sources */ = {isa = PBXBuildFile; fileRef = 93C757481E8855C40007F444 /* ITBlockVariablesMacro.m */; };
		93C7574D1E8864370007F444 /* ITMutableArraySpec.m in Sources */ = {isa = PBXBuildFile; fileRef = 93C7574C1E8864370007F444 /* ITMutableArraySpec.m */; };
		93FB09CE1EAB584B0012A77D /* ITDBArrayObject.m in Sources */ = {isa = PBXBuildFile; fileRef = 93FB09CD1EAB584B0012A77D /* ITDBArrayObject.m */; };
		93FB09D21EAD28470012A77D /* ITArrayModel+ITExtensions.m in Sources */ = {isa = PBXBuildFile; fileRef = 93FB09D11EAD28470012A77D /* ITArrayModel+ITExtensions.m */; };
		93FB09D61EAD35190012A77D /* ITFBUserDetailsContext.m in Sources */ = {isa = PBXBuildFile; fileRef = 93FB09D51EAD35190012A77D /* ITFBUserDetailsContext.m */; };
		93FF7D941EAE69E300233A9E /* ITJSONRepresentation+ITExtensions.m in Sources */ = {isa = PBXBuildFile; fileRef = 93FF7D931EAE69E300233A9E /* ITJSONRepresentation+ITExtensions.m */; };
		BC4456498967AF254D14A97A /* libPods-ITObjCUITests.a in Frameworks */ = {isa = PBXBuildFile; fileRef = 03AF09BAA2BA61E48268062F /* libPods-ITObjCUITests.a */; };
/* End PBXBuildFile section */

/* Begin PBXContainerItemProxy section */
		93C20E991E5B95BF00B56982 /* PBXContainerItemProxy */ = {
			isa = PBXContainerItemProxy;
			containerPortal = 93C20E771E5B95BF00B56982 /* Project object */;
			proxyType = 1;
			remoteGlobalIDString = 93C20E7E1E5B95BF00B56982;
			remoteInfo = ITObjCUI;
		};
/* End PBXContainerItemProxy section */

/* Begin PBXFileReference section */
		03AF09BAA2BA61E48268062F /* libPods-ITObjCUITests.a */ = {isa = PBXFileReference; explicitFileType = archive.ar; includeInIndex = 0; path = "libPods-ITObjCUITests.a"; sourceTree = BUILT_PRODUCTS_DIR; };
		092B34620AF4993244A562E8 /* libPods-ITObjCUI.a */ = {isa = PBXFileReference; explicitFileType = archive.ar; includeInIndex = 0; path = "libPods-ITObjCUI.a"; sourceTree = BUILT_PRODUCTS_DIR; };
		54116DFCC1C8CB194E439688 /* Pods-ITObjCUI.release.xcconfig */ = {isa = PBXFileReference; includeInIndex = 1; lastKnownFileType = text.xcconfig; name = "Pods-ITObjCUI.release.xcconfig"; path = "Pods/Target Support Files/Pods-ITObjCUI/Pods-ITObjCUI.release.xcconfig"; sourceTree = "<group>"; };
		633E823F01CD6B522FFB8AC9 /* Pods-ITObjCUITests.release.xcconfig */ = {isa = PBXFileReference; includeInIndex = 1; lastKnownFileType = text.xcconfig; name = "Pods-ITObjCUITests.release.xcconfig"; path = "Pods/Target Support Files/Pods-ITObjCUITests/Pods-ITObjCUITests.release.xcconfig"; sourceTree = "<group>"; };
		92854138A805A204EA3E605A /* Pods-ITObjCUITests.debug.xcconfig */ = {isa = PBXFileReference; includeInIndex = 1; lastKnownFileType = text.xcconfig; name = "Pods-ITObjCUITests.debug.xcconfig"; path = "Pods/Target Support Files/Pods-ITObjCUITests/Pods-ITObjCUITests.debug.xcconfig"; sourceTree = "<group>"; };
		931CCBD31E8AE9DD0029095A /* ITModelChangesTypes.h */ = {isa = PBXFileReference; fileEncoding = 4; lastKnownFileType = sourcecode.c.h; path = ITModelChangesTypes.h; sourceTree = "<group>"; };
		931CCBD41E8AE9DE0029095A /* ITModelChangesTypes.m */ = {isa = PBXFileReference; fileEncoding = 4; lastKnownFileType = sourcecode.c.objc; path = ITModelChangesTypes.m; sourceTree = "<group>"; };
		931CCBDA1E8B09070029095A /* ITOneIndexModel+UITableView.h */ = {isa = PBXFileReference; fileEncoding = 4; lastKnownFileType = sourcecode.c.h; path = "ITOneIndexModel+UITableView.h"; sourceTree = "<group>"; };
		931CCBDB1E8B09070029095A /* ITOneIndexModel+UITableView.m */ = {isa = PBXFileReference; fileEncoding = 4; lastKnownFileType = sourcecode.c.objc; path = "ITOneIndexModel+UITableView.m"; sourceTree = "<group>"; };
		931CCBDD1E8B09DB0029095A /* ITTwoIndexModel+UITableView.h */ = {isa = PBXFileReference; fileEncoding = 4; lastKnownFileType = sourcecode.c.h; path = "ITTwoIndexModel+UITableView.h"; sourceTree = "<group>"; };
		931CCBDE1E8B09DB0029095A /* ITTwoIndexModel+UITableView.m */ = {isa = PBXFileReference; fileEncoding = 4; lastKnownFileType = sourcecode.c.objc; path = "ITTwoIndexModel+UITableView.m"; sourceTree = "<group>"; };
		931CCBE11E8C14300029095A /* UIView+ITExtensions.h */ = {isa = PBXFileReference; fileEncoding = 4; lastKnownFileType = sourcecode.c.h; path = "UIView+ITExtensions.h"; sourceTree = "<group>"; };
		931CCBE21E8C14300029095A /* UIView+ITExtensions.m */ = {isa = PBXFileReference; fileEncoding = 4; lastKnownFileType = sourcecode.c.objc; path = "UIView+ITExtensions.m"; sourceTree = "<group>"; };
		931CCBE51E8C1F200029095A /* ITView.h */ = {isa = PBXFileReference; fileEncoding = 4; lastKnownFileType = sourcecode.c.h; path = ITView.h; sourceTree = "<group>"; };
		931CCBE61E8C1F200029095A /* ITView.m */ = {isa = PBXFileReference; fileEncoding = 4; lastKnownFileType = sourcecode.c.objc; path = ITView.m; sourceTree = "<group>"; };
		931CCBFE1E8DA59D0029095A /* ITFileSystemImageModel.h */ = {isa = PBXFileReference; fileEncoding = 4; lastKnownFileType = sourcecode.c.h; path = ITFileSystemImageModel.h; sourceTree = "<group>"; };
		931CCBFF1E8DA59D0029095A /* ITFileSystemImageModel.m */ = {isa = PBXFileReference; fileEncoding = 4; lastKnownFileType = sourcecode.c.objc; path = ITFileSystemImageModel.m; sourceTree = "<group>"; };
		931CCC001E8DA59D0029095A /* ITImageModel.h */ = {isa = PBXFileReference; fileEncoding = 4; lastKnownFileType = sourcecode.c.h; path = ITImageModel.h; sourceTree = "<group>"; };
		931CCC011E8DA59D0029095A /* ITImageModel.m */ = {isa = PBXFileReference; fileEncoding = 4; lastKnownFileType = sourcecode.c.objc; path = ITImageModel.m; sourceTree = "<group>"; };
		931CCC031E8DA59D0029095A /* ITURLImageModel.h */ = {isa = PBXFileReference; fileEncoding = 4; lastKnownFileType = sourcecode.c.h; path = ITURLImageModel.h; sourceTree = "<group>"; };
		931CCC041E8DA59D0029095A /* ITURLImageModel.m */ = {isa = PBXFileReference; fileEncoding = 4; lastKnownFileType = sourcecode.c.objc; path = ITURLImageModel.m; sourceTree = "<group>"; };
		931CCC061E8DA59D0029095A /* ITModel.h */ = {isa = PBXFileReference; fileEncoding = 4; lastKnownFileType = sourcecode.c.h; path = ITModel.h; sourceTree = "<group>"; };
		931CCC071E8DA59D0029095A /* ITModel.m */ = {isa = PBXFileReference; fileEncoding = 4; lastKnownFileType = sourcecode.c.objc; path = ITModel.m; sourceTree = "<group>"; };
		931CF0E31E8454A600AE4B4C /* NSArray+ITExtensions.h */ = {isa = PBXFileReference; fileEncoding = 4; lastKnownFileType = sourcecode.c.h; path = "NSArray+ITExtensions.h"; sourceTree = "<group>"; };
		931CF0E41E8454A600AE4B4C /* NSArray+ITExtensions.m */ = {isa = PBXFileReference; fileEncoding = 4; lastKnownFileType = sourcecode.c.objc; path = "NSArray+ITExtensions.m"; sourceTree = "<group>"; };
		931CF0E61E8454A600AE4B4C /* NSBundle+ITExtensions.h */ = {isa = PBXFileReference; fileEncoding = 4; lastKnownFileType = sourcecode.c.h; path = "NSBundle+ITExtensions.h"; sourceTree = "<group>"; };
		931CF0E71E8454A600AE4B4C /* NSBundle+ITExtensions.m */ = {isa = PBXFileReference; fileEncoding = 4; lastKnownFileType = sourcecode.c.objc; path = "NSBundle+ITExtensions.m"; sourceTree = "<group>"; };
		931CF0E91E8454A600AE4B4C /* NSObject+ITExtensions.h */ = {isa = PBXFileReference; fileEncoding = 4; lastKnownFileType = sourcecode.c.h; path = "NSObject+ITExtensions.h"; sourceTree = "<group>"; };
		931CF0EA1E8454A600AE4B4C /* NSObject+ITExtensions.m */ = {isa = PBXFileReference; fileEncoding = 4; lastKnownFileType = sourcecode.c.objc; path = "NSObject+ITExtensions.m"; sourceTree = "<group>"; };
		931CF0EC1E8454A600AE4B4C /* NSString+ITExtensions.h */ = {isa = PBXFileReference; fileEncoding = 4; lastKnownFileType = sourcecode.c.h; path = "NSString+ITExtensions.h"; sourceTree = "<group>"; };
		931CF0ED1E8454A600AE4B4C /* NSString+ITExtensions.m */ = {isa = PBXFileReference; fileEncoding = 4; lastKnownFileType = sourcecode.c.objc; path = "NSString+ITExtensions.m"; sourceTree = "<group>"; };
		931CF0EE1E8454A600AE4B4C /* NSString+ITRandomName.h */ = {isa = PBXFileReference; fileEncoding = 4; lastKnownFileType = sourcecode.c.h; path = "NSString+ITRandomName.h"; sourceTree = "<group>"; };
		931CF0EF1E8454A600AE4B4C /* NSString+ITRandomName.m */ = {isa = PBXFileReference; fileEncoding = 4; lastKnownFileType = sourcecode.c.objc; path = "NSString+ITRandomName.m"; sourceTree = "<group>"; };
		931CF0F11E8454A600AE4B4C /* UINib+ITExtensions.h */ = {isa = PBXFileReference; fileEncoding = 4; lastKnownFileType = sourcecode.c.h; path = "UINib+ITExtensions.h"; sourceTree = "<group>"; };
		931CF0F21E8454A600AE4B4C /* UINib+ITExtensions.m */ = {isa = PBXFileReference; fileEncoding = 4; lastKnownFileType = sourcecode.c.objc; path = "UINib+ITExtensions.m"; sourceTree = "<group>"; };
		931CF0F51E8454A600AE4B4C /* ITUsersTableView+ITExtensions.h */ = {isa = PBXFileReference; fileEncoding = 4; lastKnownFileType = sourcecode.c.h; path = "ITUsersTableView+ITExtensions.h"; sourceTree = "<group>"; };
		931CF0F61E8454A600AE4B4C /* ITUsersTableView+ITExtensions.m */ = {isa = PBXFileReference; fileEncoding = 4; lastKnownFileType = sourcecode.c.objc; path = "ITUsersTableView+ITExtensions.m"; sourceTree = "<group>"; };
		931CF0F71E8454A600AE4B4C /* UITableView+ITExtensions.h */ = {isa = PBXFileReference; fileEncoding = 4; lastKnownFileType = sourcecode.c.h; path = "UITableView+ITExtensions.h"; sourceTree = "<group>"; };
		931CF0F81E8454A600AE4B4C /* UITableView+ITExtensions.m */ = {isa = PBXFileReference; fileEncoding = 4; lastKnownFileType = sourcecode.c.objc; path = "UITableView+ITExtensions.m"; sourceTree = "<group>"; };
		931CF0FA1E8454A600AE4B4C /* UIWindow+ITExtensions.h */ = {isa = PBXFileReference; fileEncoding = 4; lastKnownFileType = sourcecode.c.h; path = "UIWindow+ITExtensions.h"; sourceTree = "<group>"; };
		931CF0FB1E8454A600AE4B4C /* UIWindow+ITExtensions.m */ = {isa = PBXFileReference; fileEncoding = 4; lastKnownFileType = sourcecode.c.objc; path = "UIWindow+ITExtensions.m"; sourceTree = "<group>"; };
		932CDAA01EA646AF0043ED5F /* ActiveRecordKit.h */ = {isa = PBXFileReference; fileEncoding = 4; lastKnownFileType = sourcecode.c.h; path = ActiveRecordKit.h; sourceTree = "<group>"; };
		932CDAA21EA646AF0043ED5F /* IDPCoreDataManager.h */ = {isa = PBXFileReference; fileEncoding = 4; lastKnownFileType = sourcecode.c.h; path = IDPCoreDataManager.h; sourceTree = "<group>"; };
		932CDAA31EA646AF0043ED5F /* IDPCoreDataManager.m */ = {isa = PBXFileReference; fileEncoding = 4; lastKnownFileType = sourcecode.c.objc; path = IDPCoreDataManager.m; sourceTree = "<group>"; };
		932CDAA41EA646AF0043ED5F /* NSManagedObject+IDPExtensions.h */ = {isa = PBXFileReference; fileEncoding = 4; lastKnownFileType = sourcecode.c.h; path = "NSManagedObject+IDPExtensions.h"; sourceTree = "<group>"; };
		932CDAA51EA646AF0043ED5F /* NSManagedObject+IDPExtensions.m */ = {isa = PBXFileReference; fileEncoding = 4; lastKnownFileType = sourcecode.c.objc; path = "NSManagedObject+IDPExtensions.m"; sourceTree = "<group>"; };
		932CDAA61EA646AF0043ED5F /* NSManagedObjectContext+IDPExtensions.h */ = {isa = PBXFileReference; fileEncoding = 4; lastKnownFileType = sourcecode.c.h; path = "NSManagedObjectContext+IDPExtensions.h"; sourceTree = "<group>"; };
		932CDAA71EA646AF0043ED5F /* NSManagedObjectContext+IDPExtensions.m */ = {isa = PBXFileReference; fileEncoding = 4; lastKnownFileType = sourcecode.c.objc; path = "NSManagedObjectContext+IDPExtensions.m"; sourceTree = "<group>"; };
		932CDAA81EA646AF0043ED5F /* NSManagedObjectID+IDPExtensions.h */ = {isa = PBXFileReference; fileEncoding = 4; lastKnownFileType = sourcecode.c.h; path = "NSManagedObjectID+IDPExtensions.h"; sourceTree = "<group>"; };
		932CDAA91EA646AF0043ED5F /* NSManagedObjectID+IDPExtensions.m */ = {isa = PBXFileReference; fileEncoding = 4; lastKnownFileType = sourcecode.c.objc; path = "NSManagedObjectID+IDPExtensions.m"; sourceTree = "<group>"; };
		932D37731E60EB2D00C435F2 /* image.jpg */ = {isa = PBXFileReference; lastKnownFileType = image.jpeg; path = image.jpg; sourceTree = "<group>"; };
		9332F0331E98212D007A0A29 /* ITObjectCache.h */ = {isa = PBXFileReference; fileEncoding = 4; lastKnownFileType = sourcecode.c.h; path = ITObjectCache.h; sourceTree = "<group>"; };
		9332F0341E98212D007A0A29 /* ITObjectCache.m */ = {isa = PBXFileReference; fileEncoding = 4; lastKnownFileType = sourcecode.c.objc; path = ITObjectCache.m; sourceTree = "<group>"; };
		9332F0491E994DDA007A0A29 /* ITContext.h */ = {isa = PBXFileReference; fileEncoding = 4; lastKnownFileType = sourcecode.c.h; path = ITContext.h; sourceTree = "<group>"; };
		9332F04A1E994DDA007A0A29 /* ITContext.m */ = {isa = PBXFileReference; fileEncoding = 4; lastKnownFileType = sourcecode.c.objc; path = ITContext.m; sourceTree = "<group>"; };
		9332F04C1E994DDA007A0A29 /* ITFBContext.h */ = {isa = PBXFileReference; fileEncoding = 4; lastKnownFileType = sourcecode.c.h; path = ITFBContext.h; sourceTree = "<group>"; };
		9332F04D1E994DDA007A0A29 /* ITFBContext.m */ = {isa = PBXFileReference; fileEncoding = 4; lastKnownFileType = sourcecode.c.objc; path = ITFBContext.m; sourceTree = "<group>"; };
		9332F04F1E994DDA007A0A29 /* ITFBLoginContext.h */ = {isa = PBXFileReference; fileEncoding = 4; lastKnownFileType = sourcecode.c.h; path = ITFBLoginContext.h; sourceTree = "<group>"; };
		9332F0501E994DDA007A0A29 /* ITFBLoginContext.m */ = {isa = PBXFileReference; fileEncoding = 4; lastKnownFileType = sourcecode.c.objc; path = ITFBLoginContext.m; sourceTree = "<group>"; };
		9332F0521E994DDA007A0A29 /* ITFBUserFriendsContext.h */ = {isa = PBXFileReference; fileEncoding = 4; lastKnownFileType = sourcecode.c.h; path = ITFBUserFriendsContext.h; sourceTree = "<group>"; };
		9332F0531E994DDA007A0A29 /* ITFBUserFriendsContext.m */ = {isa = PBXFileReference; fileEncoding = 4; lastKnownFileType = sourcecode.c.objc; path = ITFBUserFriendsContext.m; sourceTree = "<group>"; };
		9332F0591E994DEB007A0A29 /* ITFBUsersView.h */ = {isa = PBXFileReference; fileEncoding = 4; lastKnownFileType = sourcecode.c.h; path = ITFBUsersView.h; sourceTree = "<group>"; };
		9332F05A1E994DEB007A0A29 /* ITFBUsersView.m */ = {isa = PBXFileReference; fileEncoding = 4; lastKnownFileType = sourcecode.c.objc; path = ITFBUsersView.m; sourceTree = "<group>"; };
		9332F05B1E994DEB007A0A29 /* ITFBUsersViewController.h */ = {isa = PBXFileReference; fileEncoding = 4; lastKnownFileType = sourcecode.c.h; path = ITFBUsersViewController.h; sourceTree = "<group>"; };
		9332F05C1E994DEB007A0A29 /* ITFBUsersViewController.m */ = {isa = PBXFileReference; fileEncoding = 4; lastKnownFileType = sourcecode.c.objc; path = ITFBUsersViewController.m; sourceTree = "<group>"; };
		9332F05D1E994DEB007A0A29 /* ITFBUsersViewController.xib */ = {isa = PBXFileReference; fileEncoding = 4; lastKnownFileType = file.xib; path = ITFBUsersViewController.xib; sourceTree = "<group>"; };
		9332F0601E994DEB007A0A29 /* ITFBUserCell.h */ = {isa = PBXFileReference; fileEncoding = 4; lastKnownFileType = sourcecode.c.h; path = ITFBUserCell.h; sourceTree = "<group>"; };
		9332F0611E994DEB007A0A29 /* ITFBUserCell.m */ = {isa = PBXFileReference; fileEncoding = 4; lastKnownFileType = sourcecode.c.objc; path = ITFBUserCell.m; sourceTree = "<group>"; };
		9332F0621E994DEB007A0A29 /* ITFBUserCell.xib */ = {isa = PBXFileReference; fileEncoding = 4; lastKnownFileType = file.xib; path = ITFBUserCell.xib; sourceTree = "<group>"; };
		9332F0641E994DEB007A0A29 /* ITLoginView.h */ = {isa = PBXFileReference; fileEncoding = 4; lastKnownFileType = sourcecode.c.h; path = ITLoginView.h; sourceTree = "<group>"; };
		9332F0651E994DEB007A0A29 /* ITLoginView.m */ = {isa = PBXFileReference; fileEncoding = 4; lastKnownFileType = sourcecode.c.objc; path = ITLoginView.m; sourceTree = "<group>"; };
		9332F0661E994DEB007A0A29 /* ITLoginViewController.h */ = {isa = PBXFileReference; fileEncoding = 4; lastKnownFileType = sourcecode.c.h; path = ITLoginViewController.h; sourceTree = "<group>"; };
		9332F0671E994DEB007A0A29 /* ITLoginViewController.m */ = {isa = PBXFileReference; fileEncoding = 4; lastKnownFileType = sourcecode.c.objc; path = ITLoginViewController.m; sourceTree = "<group>"; };
		9332F0681E994DEB007A0A29 /* ITLoginViewController.xib */ = {isa = PBXFileReference; fileEncoding = 4; lastKnownFileType = file.xib; path = ITLoginViewController.xib; sourceTree = "<group>"; };
		9332F0741E99503B007A0A29 /* UIButton+ITExtensions.h */ = {isa = PBXFileReference; fileEncoding = 4; lastKnownFileType = sourcecode.c.h; path = "UIButton+ITExtensions.h"; sourceTree = "<group>"; };
		9332F0751E99503B007A0A29 /* UIButton+ITExtensions.m */ = {isa = PBXFileReference; fileEncoding = 4; lastKnownFileType = sourcecode.c.objc; path = "UIButton+ITExtensions.m"; sourceTree = "<group>"; };
		9332F0781E995EF8007A0A29 /* ITFBFriendViewController.h */ = {isa = PBXFileReference; fileEncoding = 4; lastKnownFileType = sourcecode.c.h; path = ITFBFriendViewController.h; sourceTree = "<group>"; };
		9332F0791E995EF8007A0A29 /* ITFBFriendViewController.m */ = {isa = PBXFileReference; fileEncoding = 4; lastKnownFileType = sourcecode.c.objc; path = ITFBFriendViewController.m; sourceTree = "<group>"; };
		9332F07A1E995EF8007A0A29 /* ITFBFriendViewController.xib */ = {isa = PBXFileReference; fileEncoding = 4; lastKnownFileType = file.xib; path = ITFBFriendViewController.xib; sourceTree = "<group>"; };
		9332F07D1E9A0B45007A0A29 /* ITFBFriendView.h */ = {isa = PBXFileReference; fileEncoding = 4; lastKnownFileType = sourcecode.c.h; path = ITFBFriendView.h; sourceTree = "<group>"; };
		9332F07E1E9A0B45007A0A29 /* ITFBFriendView.m */ = {isa = PBXFileReference; fileEncoding = 4; lastKnownFileType = sourcecode.c.objc; path = ITFBFriendView.m; sourceTree = "<group>"; };
		9332F0851E9A959F007A0A29 /* UIViewController+ITExtensions.h */ = {isa = PBXFileReference; fileEncoding = 4; lastKnownFileType = sourcecode.c.h; path = "UIViewController+ITExtensions.h"; sourceTree = "<group>"; };
		9332F0861E9A959F007A0A29 /* UIViewController+ITExtensions.m */ = {isa = PBXFileReference; fileEncoding = 4; lastKnownFileType = sourcecode.c.objc; path = "UIViewController+ITExtensions.m"; sourceTree = "<group>"; };
		93462D6C1E67739D00FE1BC9 /* ITUser.h */ = {isa = PBXFileReference; fileEncoding = 4; lastKnownFileType = sourcecode.c.h; path = ITUser.h; sourceTree = "<group>"; };
		93462D6D1E67739D00FE1BC9 /* ITUser.m */ = {isa = PBXFileReference; fileEncoding = 4; lastKnownFileType = sourcecode.c.objc; path = ITUser.m; sourceTree = "<group>"; };
		93462D791E68965D00FE1BC9 /* ITTableViewCell.h */ = {isa = PBXFileReference; fileEncoding = 4; lastKnownFileType = sourcecode.c.h; path = ITTableViewCell.h; sourceTree = "<group>"; };
		93462D7A1E68965D00FE1BC9 /* ITTableViewCell.m */ = {isa = PBXFileReference; fileEncoding = 4; lastKnownFileType = sourcecode.c.objc; path = ITTableViewCell.m; sourceTree = "<group>"; };
		93462D8D1E68B61C00FE1BC9 /* ITObservableObject.h */ = {isa = PBXFileReference; fileEncoding = 4; lastKnownFileType = sourcecode.c.h; path = ITObservableObject.h; sourceTree = "<group>"; };
		93462D8E1E68B61C00FE1BC9 /* ITObservableObject.m */ = {isa = PBXFileReference; fileEncoding = 4; lastKnownFileType = sourcecode.c.objc; path = ITObservableObject.m; sourceTree = "<group>"; };
		93462D961E69E86000FE1BC9 /* ITImageView.h */ = {isa = PBXFileReference; fileEncoding = 4; lastKnownFileType = sourcecode.c.h; path = ITImageView.h; sourceTree = "<group>"; };
		93462D971E69E86000FE1BC9 /* ITImageView.m */ = {isa = PBXFileReference; fileEncoding = 4; lastKnownFileType = sourcecode.c.objc; path = ITImageView.m; sourceTree = "<group>"; };
		93462D9A1E69FD3F00FE1BC9 /* ITUsers.h */ = {isa = PBXFileReference; fileEncoding = 4; lastKnownFileType = sourcecode.c.h; path = ITUsers.h; sourceTree = "<group>"; };
		93462D9B1E69FD3F00FE1BC9 /* ITUsers.m */ = {isa = PBXFileReference; fileEncoding = 4; lastKnownFileType = sourcecode.c.objc; path = ITUsers.m; sourceTree = "<group>"; };
		93462DA21E6A114E00FE1BC9 /* ITUsersView.h */ = {isa = PBXFileReference; fileEncoding = 4; lastKnownFileType = sourcecode.c.h; path = ITUsersView.h; sourceTree = "<group>"; };
		93462DA31E6A114E00FE1BC9 /* ITUsersView.m */ = {isa = PBXFileReference; fileEncoding = 4; lastKnownFileType = sourcecode.c.objc; path = ITUsersView.m; sourceTree = "<group>"; };
		93462DA41E6A114E00FE1BC9 /* ITUsersViewController.h */ = {isa = PBXFileReference; fileEncoding = 4; lastKnownFileType = sourcecode.c.h; path = ITUsersViewController.h; sourceTree = "<group>"; };
		93462DA51E6A114E00FE1BC9 /* ITUsersViewController.m */ = {isa = PBXFileReference; fileEncoding = 4; lastKnownFileType = sourcecode.c.objc; path = ITUsersViewController.m; sourceTree = "<group>"; };
		93462DA61E6A114E00FE1BC9 /* ITUsersViewController.xib */ = {isa = PBXFileReference; fileEncoding = 4; lastKnownFileType = file.xib; path = ITUsersViewController.xib; sourceTree = "<group>"; };
		93462DB81E71DB2900FE1BC9 /* ITDispatchQueue.h */ = {isa = PBXFileReference; fileEncoding = 4; lastKnownFileType = sourcecode.c.h; path = ITDispatchQueue.h; sourceTree = "<group>"; };
		93462DB91E71DB2900FE1BC9 /* ITDispatchQueue.m */ = {isa = PBXFileReference; fileEncoding = 4; lastKnownFileType = sourcecode.c.objc; path = ITDispatchQueue.m; sourceTree = "<group>"; };
		9365E6771EA522C200402F08 /* ITChangeTypes+ITModelChangeExtensions.h */ = {isa = PBXFileReference; fileEncoding = 4; lastKnownFileType = sourcecode.c.h; path = "ITChangeTypes+ITModelChangeExtensions.h"; sourceTree = "<group>"; };
		9365E6781EA522C200402F08 /* ITChangeTypes+ITModelChangeExtensions.m */ = {isa = PBXFileReference; fileEncoding = 4; lastKnownFileType = sourcecode.c.objc; path = "ITChangeTypes+ITModelChangeExtensions.m"; sourceTree = "<group>"; };
		9365E6791EA522C200402F08 /* ITModelChange+UITableView.h */ = {isa = PBXFileReference; fileEncoding = 4; lastKnownFileType = sourcecode.c.h; path = "ITModelChange+UITableView.h"; sourceTree = "<group>"; };
		9365E67A1EA522C200402F08 /* ITModelChange+UITableView.m */ = {isa = PBXFileReference; fileEncoding = 4; lastKnownFileType = sourcecode.c.objc; path = "ITModelChange+UITableView.m"; sourceTree = "<group>"; };
		9365E67F1EA5647800402F08 /* ITObjCUI.xcdatamodel */ = {isa = PBXFileReference; lastKnownFileType = wrapper.xcdatamodel; path = ITObjCUI.xcdatamodel; sourceTree = "<group>"; };
		9365E6811EA5694400402F08 /* ITDBObject.h */ = {isa = PBXFileReference; fileEncoding = 4; lastKnownFileType = sourcecode.c.h; path = ITDBObject.h; sourceTree = "<group>"; };
		9365E6821EA5694400402F08 /* ITDBObject.m */ = {isa = PBXFileReference; fileEncoding = 4; lastKnownFileType = sourcecode.c.objc; path = ITDBObject.m; sourceTree = "<group>"; };
		9365E6841EA5697800402F08 /* ITDBUser.h */ = {isa = PBXFileReference; fileEncoding = 4; lastKnownFileType = sourcecode.c.h; path = ITDBUser.h; sourceTree = "<group>"; };
		9365E6851EA5697800402F08 /* ITDBUser.m */ = {isa = PBXFileReference; fileEncoding = 4; lastKnownFileType = sourcecode.c.objc; path = ITDBUser.m; sourceTree = "<group>"; };
		9365E6871EA5698F00402F08 /* ITDBImage.h */ = {isa = PBXFileReference; fileEncoding = 4; lastKnownFileType = sourcecode.c.h; path = ITDBImage.h; sourceTree = "<group>"; };
		9365E6881EA5698F00402F08 /* ITDBImage.m */ = {isa = PBXFileReference; fileEncoding = 4; lastKnownFileType = sourcecode.c.objc; path = ITDBImage.m; sourceTree = "<group>"; };
		9365E79C1EA63A6400402F08 /* NSFileManager+IDPExtensions.h */ = {isa = PBXFileReference; fileEncoding = 4; lastKnownFileType = sourcecode.c.h; path = "NSFileManager+IDPExtensions.h"; sourceTree = "<group>"; };
		9365E79D1EA63A6400402F08 /* NSFileManager+IDPExtensions.m */ = {isa = PBXFileReference; fileEncoding = 4; lastKnownFileType = sourcecode.c.objc; path = "NSFileManager+IDPExtensions.m"; sourceTree = "<group>"; };
		9365E79F1EA63A6400402F08 /* NSObject+IDPExtensions.h */ = {isa = PBXFileReference; fileEncoding = 4; lastKnownFileType = sourcecode.c.h; path = "NSObject+IDPExtensions.h"; sourceTree = "<group>"; };
		9365E7A01EA63A6400402F08 /* NSObject+IDPExtensions.m */ = {isa = PBXFileReference; fileEncoding = 4; lastKnownFileType = sourcecode.c.objc; path = "NSObject+IDPExtensions.m"; sourceTree = "<group>"; };
		9365E7A41EA63D3300402F08 /* NSArray+IDPExtensions.h */ = {isa = PBXFileReference; fileEncoding = 4; lastKnownFileType = sourcecode.c.h; path = "NSArray+IDPExtensions.h"; sourceTree = "<group>"; };
		9365E7A51EA63D3300402F08 /* NSArray+IDPExtensions.m */ = {isa = PBXFileReference; fileEncoding = 4; lastKnownFileType = sourcecode.c.objc; path = "NSArray+IDPExtensions.m"; sourceTree = "<group>"; };
		93AA34411E77409B00513950 /* ITModelChange.h */ = {isa = PBXFileReference; fileEncoding = 4; lastKnownFileType = sourcecode.c.h; path = ITModelChange.h; sourceTree = "<group>"; };
		93AA34421E77409B00513950 /* ITModelChange.m */ = {isa = PBXFileReference; fileEncoding = 4; lastKnownFileType = sourcecode.c.objc; path = ITModelChange.m; sourceTree = "<group>"; };
		93AA344F1E787B2000513950 /* ITOneIndexModel.h */ = {isa = PBXFileReference; fileEncoding = 4; lastKnownFileType = sourcecode.c.h; path = ITOneIndexModel.h; sourceTree = "<group>"; };
		93AA34501E787B2000513950 /* ITOneIndexModel.m */ = {isa = PBXFileReference; fileEncoding = 4; lastKnownFileType = sourcecode.c.objc; path = ITOneIndexModel.m; sourceTree = "<group>"; };
		93AA34521E787B2E00513950 /* ITTwoIndexModel.h */ = {isa = PBXFileReference; fileEncoding = 4; lastKnownFileType = sourcecode.c.h; path = ITTwoIndexModel.h; sourceTree = "<group>"; };
		93AA34531E787B2E00513950 /* ITTwoIndexModel.m */ = {isa = PBXFileReference; fileEncoding = 4; lastKnownFileType = sourcecode.c.objc; path = ITTwoIndexModel.m; sourceTree = "<group>"; };
		93AA34561E7880AD00513950 /* ITArrayModel.h */ = {isa = PBXFileReference; fileEncoding = 4; lastKnownFileType = sourcecode.c.h; path = ITArrayModel.h; sourceTree = "<group>"; };
		93AA34571E7880AD00513950 /* ITArrayModel.m */ = {isa = PBXFileReference; fileEncoding = 4; lastKnownFileType = sourcecode.c.objc; path = ITArrayModel.m; sourceTree = "<group>"; };
		93AA34631E79DB3D00513950 /* ITUserCell.h */ = {isa = PBXFileReference; fileEncoding = 4; lastKnownFileType = sourcecode.c.h; path = ITUserCell.h; sourceTree = "<group>"; };
		93AA34641E79DB3D00513950 /* ITUserCell.m */ = {isa = PBXFileReference; fileEncoding = 4; lastKnownFileType = sourcecode.c.objc; path = ITUserCell.m; sourceTree = "<group>"; };
		93AA34651E79DB3D00513950 /* ITUserCell.xib */ = {isa = PBXFileReference; fileEncoding = 4; lastKnownFileType = file.xib; path = ITUserCell.xib; sourceTree = "<group>"; };
		93AA34681E79DB6600513950 /* ITAddRowCell.h */ = {isa = PBXFileReference; fileEncoding = 4; lastKnownFileType = sourcecode.c.h; path = ITAddRowCell.h; sourceTree = "<group>"; };
		93AA34691E79DB6600513950 /* ITAddRowCell.m */ = {isa = PBXFileReference; fileEncoding = 4; lastKnownFileType = sourcecode.c.objc; path = ITAddRowCell.m; sourceTree = "<group>"; };
		93AA346A1E79DB6600513950 /* ITAddRowCell.xib */ = {isa = PBXFileReference; fileEncoding = 4; lastKnownFileType = file.xib; path = ITAddRowCell.xib; sourceTree = "<group>"; };
		93AA34731E7C3AD000513950 /* ITLoadingView.h */ = {isa = PBXFileReference; fileEncoding = 4; lastKnownFileType = sourcecode.c.h; path = ITLoadingView.h; sourceTree = "<group>"; };
		93AA34741E7C3AD000513950 /* ITLoadingView.m */ = {isa = PBXFileReference; fileEncoding = 4; lastKnownFileType = sourcecode.c.objc; path = ITLoadingView.m; sourceTree = "<group>"; };
		93AA34751E7C3AD000513950 /* ITLoadingView.xib */ = {isa = PBXFileReference; fileEncoding = 4; lastKnownFileType = file.xib; path = ITLoadingView.xib; sourceTree = "<group>"; };
		93B468251EB3CAA00080C4F5 /* ITFBConstants.h */ = {isa = PBXFileReference; fileEncoding = 4; lastKnownFileType = sourcecode.c.h; path = ITFBConstants.h; sourceTree = "<group>"; };
		93B468261EB3CAA00080C4F5 /* ITFBConstants.m */ = {isa = PBXFileReference; fileEncoding = 4; lastKnownFileType = sourcecode.c.objc; path = ITFBConstants.m; sourceTree = "<group>"; };
		93B468291EB4A1E90080C4F5 /* NSManagedObject+ITExtensions.h */ = {isa = PBXFileReference; fileEncoding = 4; lastKnownFileType = sourcecode.c.h; path = "NSManagedObject+ITExtensions.h"; sourceTree = "<group>"; };
		93B4682A1EB4A1E90080C4F5 /* NSManagedObject+ITExtensions.m */ = {isa = PBXFileReference; fileEncoding = 4; lastKnownFileType = sourcecode.c.objc; path = "NSManagedObject+ITExtensions.m"; sourceTree = "<group>"; };
		93B4682D1EB4A98E0080C4F5 /* ITFBUserInteraction.h */ = {isa = PBXFileReference; fileEncoding = 4; lastKnownFileType = sourcecode.c.h; path = ITFBUserInteraction.h; sourceTree = "<group>"; };
		93B4682E1EB4A98E0080C4F5 /* ITFBUserInteraction.m */ = {isa = PBXFileReference; fileEncoding = 4; lastKnownFileType = sourcecode.c.objc; path = ITFBUserInteraction.m; sourceTree = "<group>"; };
		93C20E7F1E5B95BF00B56982 /* ITObjCUI.app */ = {isa = PBXFileReference; explicitFileType = wrapper.application; includeInIndex = 0; path = ITObjCUI.app; sourceTree = BUILT_PRODUCTS_DIR; };
		93C20E981E5B95BF00B56982 /* ITObjCUITests.xctest */ = {isa = PBXFileReference; explicitFileType = wrapper.cfbundle; includeInIndex = 0; path = ITObjCUITests.xctest; sourceTree = BUILT_PRODUCTS_DIR; };
		93C20EA81E5B99CA00B56982 /* Info.plist */ = {isa = PBXFileReference; fileEncoding = 4; lastKnownFileType = text.plist.xml; path = Info.plist; sourceTree = "<group>"; };
		93C20EA91E5B99CA00B56982 /* main.m */ = {isa = PBXFileReference; fileEncoding = 4; lastKnownFileType = sourcecode.c.objc; path = main.m; sourceTree = "<group>"; };
		93C20EAD1E5B99D900B56982 /* Info.plist */ = {isa = PBXFileReference; fileEncoding = 4; lastKnownFileType = text.plist.xml; path = Info.plist; sourceTree = "<group>"; };
		93C20EB21E5B99E900B56982 /* Assets.xcassets */ = {isa = PBXFileReference; lastKnownFileType = folder.assetcatalog; path = Assets.xcassets; sourceTree = "<group>"; };
		93C20EB41E5B99E900B56982 /* Base */ = {isa = PBXFileReference; lastKnownFileType = file.storyboard; name = Base; path = Base.lproj/LaunchScreen.storyboard; sourceTree = "<group>"; };
		93C20EC61E5CC8A100B56982 /* ITAppDelegate.h */ = {isa = PBXFileReference; fileEncoding = 4; lastKnownFileType = sourcecode.c.h; path = ITAppDelegate.h; sourceTree = "<group>"; };
		93C20EC71E5CC8A100B56982 /* ITAppDelegate.m */ = {isa = PBXFileReference; fileEncoding = 4; lastKnownFileType = sourcecode.c.objc; path = ITAppDelegate.m; sourceTree = "<group>"; };
		93C20EE11E5F72DD00B56982 /* ITSquareView.h */ = {isa = PBXFileReference; fileEncoding = 4; lastKnownFileType = sourcecode.c.h; path = ITSquareView.h; sourceTree = "<group>"; };
		93C20EE21E5F72DD00B56982 /* ITSquareView.m */ = {isa = PBXFileReference; fileEncoding = 4; lastKnownFileType = sourcecode.c.objc; path = ITSquareView.m; sourceTree = "<group>"; };
		93C20EE31E5F72DD00B56982 /* ITSquareViewController.h */ = {isa = PBXFileReference; fileEncoding = 4; lastKnownFileType = sourcecode.c.h; path = ITSquareViewController.h; sourceTree = "<group>"; };
		93C20EE41E5F72DD00B56982 /* ITSquareViewController.m */ = {isa = PBXFileReference; fileEncoding = 4; lastKnownFileType = sourcecode.c.objc; path = ITSquareViewController.m; sourceTree = "<group>"; };
		93C20EE51E5F72DD00B56982 /* ITSquareViewController.xib */ = {isa = PBXFileReference; fileEncoding = 4; lastKnownFileType = file.xib; path = ITSquareViewController.xib; sourceTree = "<group>"; };
		93C7571E1E86C7B60007F444 /* NSFileManager+ITExtensions.h */ = {isa = PBXFileReference; fileEncoding = 4; lastKnownFileType = sourcecode.c.h; path = "NSFileManager+ITExtensions.h"; sourceTree = "<group>"; };
		93C7571F1E86C7B60007F444 /* NSFileManager+ITExtensions.m */ = {isa = PBXFileReference; fileEncoding = 4; lastKnownFileType = sourcecode.c.objc; path = "NSFileManager+ITExtensions.m"; sourceTree = "<group>"; };
		93C757221E8826BA0007F444 /* NSMutableArray+ITExtensions.h */ = {isa = PBXFileReference; fileEncoding = 4; lastKnownFileType = sourcecode.c.h; path = "NSMutableArray+ITExtensions.h"; sourceTree = "<group>"; };
		93C757231E8826BA0007F444 /* NSMutableArray+ITExtensions.m */ = {isa = PBXFileReference; fileEncoding = 4; lastKnownFileType = sourcecode.c.objc; path = "NSMutableArray+ITExtensions.m"; sourceTree = "<group>"; };
		93C757421E8833FC0007F444 /* ITCompilerMacro.h */ = {isa = PBXFileReference; fileEncoding = 4; lastKnownFileType = sourcecode.c.h; path = ITCompilerMacro.h; sourceTree = "<group>"; };
		93C757431E8833FC0007F444 /* ITCompilerMacro.m */ = {isa = PBXFileReference; fileEncoding = 4; lastKnownFileType = sourcecode.c.objc; path = ITCompilerMacro.m; sourceTree = "<group>"; };
		93C757441E8833FC0007F444 /* ITMacro.h */ = {isa = PBXFileReference; fileEncoding = 4; lastKnownFileType = sourcecode.c.h; path = ITMacro.h; sourceTree = "<group>"; };
		93C757451E8833FC0007F444 /* ITMacro.m */ = {isa = PBXFileReference; fileEncoding = 4; lastKnownFileType = sourcecode.c.objc; path = ITMacro.m; sourceTree = "<group>"; };
		93C757481E8855C40007F444 /* ITBlockVariablesMacro.m */ = {isa = PBXFileReference; fileEncoding = 4; lastKnownFileType = sourcecode.c.objc; path = ITBlockVariablesMacro.m; sourceTree = "<group>"; };
		93C7574A1E8855DE0007F444 /* ITBlockVariablesMacro.h */ = {isa = PBXFileReference; lastKnownFileType = sourcecode.c.h; path = ITBlockVariablesMacro.h; sourceTree = "<group>"; };
		93C7574C1E8864370007F444 /* ITMutableArraySpec.m */ = {isa = PBXFileReference; fileEncoding = 4; lastKnownFileType = sourcecode.c.objc; path = ITMutableArraySpec.m; sourceTree = "<group>"; };
		93FB09CC1EAB584B0012A77D /* ITDBArrayObject.h */ = {isa = PBXFileReference; fileEncoding = 4; lastKnownFileType = sourcecode.c.h; path = ITDBArrayObject.h; sourceTree = "<group>"; };
		93FB09CD1EAB584B0012A77D /* ITDBArrayObject.m */ = {isa = PBXFileReference; fileEncoding = 4; lastKnownFileType = sourcecode.c.objc; path = ITDBArrayObject.m; sourceTree = "<group>"; };
		93FB09D01EAD28470012A77D /* ITArrayModel+ITExtensions.h */ = {isa = PBXFileReference; fileEncoding = 4; lastKnownFileType = sourcecode.c.h; path = "ITArrayModel+ITExtensions.h"; sourceTree = "<group>"; };
		93FB09D11EAD28470012A77D /* ITArrayModel+ITExtensions.m */ = {isa = PBXFileReference; fileEncoding = 4; lastKnownFileType = sourcecode.c.objc; path = "ITArrayModel+ITExtensions.m"; sourceTree = "<group>"; };
		93FB09D41EAD35190012A77D /* ITFBUserDetailsContext.h */ = {isa = PBXFileReference; fileEncoding = 4; lastKnownFileType = sourcecode.c.h; path = ITFBUserDetailsContext.h; sourceTree = "<group>"; };
		93FB09D51EAD35190012A77D /* ITFBUserDetailsContext.m */ = {isa = PBXFileReference; fileEncoding = 4; lastKnownFileType = sourcecode.c.objc; path = ITFBUserDetailsContext.m; sourceTree = "<group>"; };
		93FF7D921EAE69E300233A9E /* ITJSONRepresentation+ITExtensions.h */ = {isa = PBXFileReference; fileEncoding = 4; lastKnownFileType = sourcecode.c.h; path = "ITJSONRepresentation+ITExtensions.h"; sourceTree = "<group>"; };
		93FF7D931EAE69E300233A9E /* ITJSONRepresentation+ITExtensions.m */ = {isa = PBXFileReference; fileEncoding = 4; lastKnownFileType = sourcecode.c.objc; path = "ITJSONRepresentation+ITExtensions.m"; sourceTree = "<group>"; };
		E1850CAF31651A16191C3E51 /* Pods-ITObjCUI.debug.xcconfig */ = {isa = PBXFileReference; includeInIndex = 1; lastKnownFileType = text.xcconfig; name = "Pods-ITObjCUI.debug.xcconfig"; path = "Pods/Target Support Files/Pods-ITObjCUI/Pods-ITObjCUI.debug.xcconfig"; sourceTree = "<group>"; };
/* End PBXFileReference section */

/* Begin PBXFrameworksBuildPhase section */
		93C20E7C1E5B95BF00B56982 /* Frameworks */ = {
			isa = PBXFrameworksBuildPhase;
			buildActionMask = 2147483647;
			files = (
				3B95915A7F55353B7BA50A70 /* libPods-ITObjCUI.a in Frameworks */,
			);
			runOnlyForDeploymentPostprocessing = 0;
		};
		93C20E951E5B95BF00B56982 /* Frameworks */ = {
			isa = PBXFrameworksBuildPhase;
			buildActionMask = 2147483647;
			files = (
				BC4456498967AF254D14A97A /* libPods-ITObjCUITests.a in Frameworks */,
			);
			runOnlyForDeploymentPostprocessing = 0;
		};
/* End PBXFrameworksBuildPhase section */

/* Begin PBXGroup section */
		155D431BA15A4DAD73DC63F1 /* Pods */ = {
			isa = PBXGroup;
			children = (
				E1850CAF31651A16191C3E51 /* Pods-ITObjCUI.debug.xcconfig */,
				54116DFCC1C8CB194E439688 /* Pods-ITObjCUI.release.xcconfig */,
				92854138A805A204EA3E605A /* Pods-ITObjCUITests.debug.xcconfig */,
				633E823F01CD6B522FFB8AC9 /* Pods-ITObjCUITests.release.xcconfig */,
			);
			name = Pods;
			sourceTree = "<group>";
		};
		931CCBE01E8C14180029095A /* UIView+ITExtensions */ = {
			isa = PBXGroup;
			children = (
				931CCBE11E8C14300029095A /* UIView+ITExtensions.h */,
				931CCBE21E8C14300029095A /* UIView+ITExtensions.m */,
			);
			path = "UIView+ITExtensions";
			sourceTree = "<group>";
		};
		931CCBE41E8C1F200029095A /* ITView */ = {
			isa = PBXGroup;
			children = (
				931CCBE51E8C1F200029095A /* ITView.h */,
				931CCBE61E8C1F200029095A /* ITView.m */,
			);
			path = ITView;
			sourceTree = "<group>";
		};
		931CCBFC1E8DA59D0029095A /* ITImageModel */ = {
			isa = PBXGroup;
			children = (
				931CCC021E8DA59D0029095A /* ITURLImageModel */,
				931CCBFD1E8DA59D0029095A /* ITFileSystemImageModel */,
				931CCC001E8DA59D0029095A /* ITImageModel.h */,
				931CCC011E8DA59D0029095A /* ITImageModel.m */,
			);
			path = ITImageModel;
			sourceTree = "<group>";
		};
		931CCBFD1E8DA59D0029095A /* ITFileSystemImageModel */ = {
			isa = PBXGroup;
			children = (
				931CCBFE1E8DA59D0029095A /* ITFileSystemImageModel.h */,
				931CCBFF1E8DA59D0029095A /* ITFileSystemImageModel.m */,
			);
			path = ITFileSystemImageModel;
			sourceTree = "<group>";
		};
		931CCC021E8DA59D0029095A /* ITURLImageModel */ = {
			isa = PBXGroup;
			children = (
				931CCC031E8DA59D0029095A /* ITURLImageModel.h */,
				931CCC041E8DA59D0029095A /* ITURLImageModel.m */,
			);
			path = ITURLImageModel;
			sourceTree = "<group>";
		};
		931CCC051E8DA59D0029095A /* ITModel */ = {
			isa = PBXGroup;
			children = (
				931CCC061E8DA59D0029095A /* ITModel.h */,
				931CCC071E8DA59D0029095A /* ITModel.m */,
			);
			path = ITModel;
			sourceTree = "<group>";
		};
		931CF0D81E8454A600AE4B4C /* Categories */ = {
			isa = PBXGroup;
			children = (
				93B468281EB4A1D10080C4F5 /* NSManagedObject+ITExtensions */,
				93FF7D911EAE69E300233A9E /* ITJSONRepresentation */,
				9365E7A31EA63D3300402F08 /* NSArray */,
				9365E79B1EA63A6400402F08 /* NSFileManager */,
				9365E79E1EA63A6400402F08 /* NSObject */,
				9332F0731E99503B007A0A29 /* UIButton+ITExtensions */,
				931CCBE01E8C14180029095A /* UIView+ITExtensions */,
				93C757211E8826A50007F444 /* NSMutableArray+ITExtensions */,
				9365E6751EA522C200402F08 /* ITModelChange+UITableView */,
				93FB09CF1EAD281D0012A77D /* ITArrayModel+ITExtensions */,
				93C7571D1E86C79B0007F444 /* NSFileManager+ITExtensions */,
				931CF0E21E8454A600AE4B4C /* NSArray+ITExtensions */,
				931CF0E51E8454A600AE4B4C /* NSBundle+ITExtensions */,
				931CF0E81E8454A600AE4B4C /* NSObject+ITExtensions */,
				931CF0EB1E8454A600AE4B4C /* NSString+ITExtensions */,
				931CF0F01E8454A600AE4B4C /* UINib+ITExtensions */,
				931CF0F31E8454A600AE4B4C /* UITableView+ITExtensions */,
				931CF0F91E8454A600AE4B4C /* UIWindow+ITExtensions */,
				9332F0841E9A9585007A0A29 /* UIViewController+ITExtensions */,
			);
			path = Categories;
			sourceTree = "<group>";
		};
		931CF0E21E8454A600AE4B4C /* NSArray+ITExtensions */ = {
			isa = PBXGroup;
			children = (
				931CF0E31E8454A600AE4B4C /* NSArray+ITExtensions.h */,
				931CF0E41E8454A600AE4B4C /* NSArray+ITExtensions.m */,
			);
			path = "NSArray+ITExtensions";
			sourceTree = "<group>";
		};
		931CF0E51E8454A600AE4B4C /* NSBundle+ITExtensions */ = {
			isa = PBXGroup;
			children = (
				931CF0E61E8454A600AE4B4C /* NSBundle+ITExtensions.h */,
				931CF0E71E8454A600AE4B4C /* NSBundle+ITExtensions.m */,
			);
			path = "NSBundle+ITExtensions";
			sourceTree = "<group>";
		};
		931CF0E81E8454A600AE4B4C /* NSObject+ITExtensions */ = {
			isa = PBXGroup;
			children = (
				931CF0E91E8454A600AE4B4C /* NSObject+ITExtensions.h */,
				931CF0EA1E8454A600AE4B4C /* NSObject+ITExtensions.m */,
			);
			path = "NSObject+ITExtensions";
			sourceTree = "<group>";
		};
		931CF0EB1E8454A600AE4B4C /* NSString+ITExtensions */ = {
			isa = PBXGroup;
			children = (
				931CF0EC1E8454A600AE4B4C /* NSString+ITExtensions.h */,
				931CF0ED1E8454A600AE4B4C /* NSString+ITExtensions.m */,
				931CF0EE1E8454A600AE4B4C /* NSString+ITRandomName.h */,
				931CF0EF1E8454A600AE4B4C /* NSString+ITRandomName.m */,
			);
			path = "NSString+ITExtensions";
			sourceTree = "<group>";
		};
		931CF0F01E8454A600AE4B4C /* UINib+ITExtensions */ = {
			isa = PBXGroup;
			children = (
				931CF0F11E8454A600AE4B4C /* UINib+ITExtensions.h */,
				931CF0F21E8454A600AE4B4C /* UINib+ITExtensions.m */,
			);
			path = "UINib+ITExtensions";
			sourceTree = "<group>";
		};
		931CF0F31E8454A600AE4B4C /* UITableView+ITExtensions */ = {
			isa = PBXGroup;
			children = (
				931CF0F41E8454A600AE4B4C /* ITUsersTableView+ITExtensions */,
				931CF0F71E8454A600AE4B4C /* UITableView+ITExtensions.h */,
				931CF0F81E8454A600AE4B4C /* UITableView+ITExtensions.m */,
			);
			path = "UITableView+ITExtensions";
			sourceTree = "<group>";
		};
		931CF0F41E8454A600AE4B4C /* ITUsersTableView+ITExtensions */ = {
			isa = PBXGroup;
			children = (
				931CF0F51E8454A600AE4B4C /* ITUsersTableView+ITExtensions.h */,
				931CF0F61E8454A600AE4B4C /* ITUsersTableView+ITExtensions.m */,
			);
			path = "ITUsersTableView+ITExtensions";
			sourceTree = "<group>";
		};
		931CF0F91E8454A600AE4B4C /* UIWindow+ITExtensions */ = {
			isa = PBXGroup;
			children = (
				931CF0FA1E8454A600AE4B4C /* UIWindow+ITExtensions.h */,
				931CF0FB1E8454A600AE4B4C /* UIWindow+ITExtensions.m */,
			);
			path = "UIWindow+ITExtensions";
			sourceTree = "<group>";
		};
		932CDA9F1EA646AF0043ED5F /* ActiveRecordKit */ = {
			isa = PBXGroup;
			children = (
				932CDAA01EA646AF0043ED5F /* ActiveRecordKit.h */,
				932CDAA11EA646AF0043ED5F /* Shared */,
			);
			path = ActiveRecordKit;
			sourceTree = "<group>";
		};
		932CDAA11EA646AF0043ED5F /* Shared */ = {
			isa = PBXGroup;
			children = (
				932CDAA21EA646AF0043ED5F /* IDPCoreDataManager.h */,
				932CDAA31EA646AF0043ED5F /* IDPCoreDataManager.m */,
				932CDAA41EA646AF0043ED5F /* NSManagedObject+IDPExtensions.h */,
				932CDAA51EA646AF0043ED5F /* NSManagedObject+IDPExtensions.m */,
				932CDAA61EA646AF0043ED5F /* NSManagedObjectContext+IDPExtensions.h */,
				932CDAA71EA646AF0043ED5F /* NSManagedObjectContext+IDPExtensions.m */,
				932CDAA81EA646AF0043ED5F /* NSManagedObjectID+IDPExtensions.h */,
				932CDAA91EA646AF0043ED5F /* NSManagedObjectID+IDPExtensions.m */,
			);
			path = Shared;
			sourceTree = "<group>";
		};
		932D37721E60EB2D00C435F2 /* Images */ = {
			isa = PBXGroup;
			children = (
				932D37731E60EB2D00C435F2 /* image.jpg */,
			);
			path = Images;
			sourceTree = "<group>";
		};
		9332F0321E98212D007A0A29 /* ITObjectCache */ = {
			isa = PBXGroup;
			children = (
				9332F0331E98212D007A0A29 /* ITObjectCache.h */,
				9332F0341E98212D007A0A29 /* ITObjectCache.m */,
			);
			path = ITObjectCache;
			sourceTree = "<group>";
		};
		9332F0471E994DDA007A0A29 /* Contexts */ = {
			isa = PBXGroup;
			children = (
				9332F0481E994DDA007A0A29 /* ITContext */,
				9332F04B1E994DDA007A0A29 /* ITFBContext */,
				9332F04E1E994DDA007A0A29 /* ITFBLoginContext */,
				9332F0511E994DDA007A0A29 /* ITFBUsersContext */,
				93FB09D31EAD35190012A77D /* ITFBUserDetailsContext */,
				93B4682C1EB4A9710080C4F5 /* ITFBUserInteraction */,
				93B468251EB3CAA00080C4F5 /* ITFBConstants.h */,
				93B468261EB3CAA00080C4F5 /* ITFBConstants.m */,
			);
			path = Contexts;
			sourceTree = "<group>";
		};
		9332F0481E994DDA007A0A29 /* ITContext */ = {
			isa = PBXGroup;
			children = (
				9332F0491E994DDA007A0A29 /* ITContext.h */,
				9332F04A1E994DDA007A0A29 /* ITContext.m */,
			);
			path = ITContext;
			sourceTree = "<group>";
		};
		9332F04B1E994DDA007A0A29 /* ITFBContext */ = {
			isa = PBXGroup;
			children = (
				9332F04C1E994DDA007A0A29 /* ITFBContext.h */,
				9332F04D1E994DDA007A0A29 /* ITFBContext.m */,
			);
			path = ITFBContext;
			sourceTree = "<group>";
		};
		9332F04E1E994DDA007A0A29 /* ITFBLoginContext */ = {
			isa = PBXGroup;
			children = (
				9332F04F1E994DDA007A0A29 /* ITFBLoginContext.h */,
				9332F0501E994DDA007A0A29 /* ITFBLoginContext.m */,
			);
			path = ITFBLoginContext;
			sourceTree = "<group>";
		};
		9332F0511E994DDA007A0A29 /* ITFBUsersContext */ = {
			isa = PBXGroup;
			children = (
				9332F0521E994DDA007A0A29 /* ITFBUserFriendsContext.h */,
				9332F0531E994DDA007A0A29 /* ITFBUserFriendsContext.m */,
			);
			path = ITFBUsersContext;
			sourceTree = "<group>";
		};
		9332F0581E994DEB007A0A29 /* ITFBUsersViewController */ = {
			isa = PBXGroup;
			children = (
				9332F0591E994DEB007A0A29 /* ITFBUsersView.h */,
				9332F05A1E994DEB007A0A29 /* ITFBUsersView.m */,
				9332F05B1E994DEB007A0A29 /* ITFBUsersViewController.h */,
				9332F05C1E994DEB007A0A29 /* ITFBUsersViewController.m */,
				9332F05D1E994DEB007A0A29 /* ITFBUsersViewController.xib */,
				9332F05E1E994DEB007A0A29 /* Views */,
			);
			path = ITFBUsersViewController;
			sourceTree = "<group>";
		};
		9332F05E1E994DEB007A0A29 /* Views */ = {
			isa = PBXGroup;
			children = (
				9332F05F1E994DEB007A0A29 /* ITFBUserCell */,
			);
			path = Views;
			sourceTree = "<group>";
		};
		9332F05F1E994DEB007A0A29 /* ITFBUserCell */ = {
			isa = PBXGroup;
			children = (
				9332F0601E994DEB007A0A29 /* ITFBUserCell.h */,
				9332F0611E994DEB007A0A29 /* ITFBUserCell.m */,
				9332F0621E994DEB007A0A29 /* ITFBUserCell.xib */,
			);
			path = ITFBUserCell;
			sourceTree = "<group>";
		};
		9332F0631E994DEB007A0A29 /* ITLoginViewController */ = {
			isa = PBXGroup;
			children = (
				9332F0641E994DEB007A0A29 /* ITLoginView.h */,
				9332F0651E994DEB007A0A29 /* ITLoginView.m */,
				9332F0661E994DEB007A0A29 /* ITLoginViewController.h */,
				9332F0671E994DEB007A0A29 /* ITLoginViewController.m */,
				9332F0681E994DEB007A0A29 /* ITLoginViewController.xib */,
			);
			path = ITLoginViewController;
			sourceTree = "<group>";
		};
		9332F0731E99503B007A0A29 /* UIButton+ITExtensions */ = {
			isa = PBXGroup;
			children = (
				9332F0741E99503B007A0A29 /* UIButton+ITExtensions.h */,
				9332F0751E99503B007A0A29 /* UIButton+ITExtensions.m */,
			);
			path = "UIButton+ITExtensions";
			sourceTree = "<group>";
		};
		9332F0771E995E67007A0A29 /* ITFBFriendViewController */ = {
			isa = PBXGroup;
			children = (
				9332F07D1E9A0B45007A0A29 /* ITFBFriendView.h */,
				9332F07E1E9A0B45007A0A29 /* ITFBFriendView.m */,
				9332F0781E995EF8007A0A29 /* ITFBFriendViewController.h */,
				9332F0791E995EF8007A0A29 /* ITFBFriendViewController.m */,
				9332F07A1E995EF8007A0A29 /* ITFBFriendViewController.xib */,
			);
			path = ITFBFriendViewController;
			sourceTree = "<group>";
		};
		9332F0841E9A9585007A0A29 /* UIViewController+ITExtensions */ = {
			isa = PBXGroup;
			children = (
				9332F0851E9A959F007A0A29 /* UIViewController+ITExtensions.h */,
				9332F0861E9A959F007A0A29 /* UIViewController+ITExtensions.m */,
			);
			path = "UIViewController+ITExtensions";
			sourceTree = "<group>";
		};
		93462D6B1E67739D00FE1BC9 /* ITUser */ = {
			isa = PBXGroup;
			children = (
				93462D6C1E67739D00FE1BC9 /* ITUser.h */,
				93462D6D1E67739D00FE1BC9 /* ITUser.m */,
			);
			path = ITUser;
			sourceTree = "<group>";
		};
		93462D771E68963F00FE1BC9 /* Classes */ = {
			isa = PBXGroup;
			children = (
				931CCBFC1E8DA59D0029095A /* ITImageModel */,
				931CCC051E8DA59D0029095A /* ITModel */,
				93AA34551E78809500513950 /* ITArrayModel */,
				9332F0321E98212D007A0A29 /* ITObjectCache */,
				93AA34401E77408500513950 /* ITModelChange */,
				93462D8C1E68B61C00FE1BC9 /* ITObservableObject */,
				93462D781E68963F00FE1BC9 /* ITTableViewCell */,
				93462DB71E71DB2900FE1BC9 /* ITDispatchQueue */,
			);
			path = Classes;
			sourceTree = "<group>";
		};
		93462D781E68963F00FE1BC9 /* ITTableViewCell */ = {
			isa = PBXGroup;
			children = (
				93462D791E68965D00FE1BC9 /* ITTableViewCell.h */,
				93462D7A1E68965D00FE1BC9 /* ITTableViewCell.m */,
			);
			path = ITTableViewCell;
			sourceTree = "<group>";
		};
		93462D8C1E68B61C00FE1BC9 /* ITObservableObject */ = {
			isa = PBXGroup;
			children = (
				93462D8D1E68B61C00FE1BC9 /* ITObservableObject.h */,
				93462D8E1E68B61C00FE1BC9 /* ITObservableObject.m */,
			);
			path = ITObservableObject;
			sourceTree = "<group>";
		};
		93462D941E69E83A00FE1BC9 /* Views */ = {
			isa = PBXGroup;
			children = (
				931CCBE41E8C1F200029095A /* ITView */,
				93AA34721E7C3A3900513950 /* ITLoadingView */,
				93462D951E69E83A00FE1BC9 /* ITImageView */,
			);
			path = Views;
			sourceTree = "<group>";
		};
		93462D951E69E83A00FE1BC9 /* ITImageView */ = {
			isa = PBXGroup;
			children = (
				93462D961E69E86000FE1BC9 /* ITImageView.h */,
				93462D971E69E86000FE1BC9 /* ITImageView.m */,
			);
			path = ITImageView;
			sourceTree = "<group>";
		};
		93462D991E69FD2900FE1BC9 /* ITUsers */ = {
			isa = PBXGroup;
			children = (
				93462D9A1E69FD3F00FE1BC9 /* ITUsers.h */,
				93462D9B1E69FD3F00FE1BC9 /* ITUsers.m */,
			);
			path = ITUsers;
			sourceTree = "<group>";
		};
		93462DA11E6A114E00FE1BC9 /* ITUsersViewController */ = {
			isa = PBXGroup;
			children = (
				93462DA21E6A114E00FE1BC9 /* ITUsersView.h */,
				93462DA31E6A114E00FE1BC9 /* ITUsersView.m */,
				93462DA41E6A114E00FE1BC9 /* ITUsersViewController.h */,
				93462DA51E6A114E00FE1BC9 /* ITUsersViewController.m */,
				93462DA61E6A114E00FE1BC9 /* ITUsersViewController.xib */,
				93462DA71E6A114E00FE1BC9 /* Views */,
			);
			path = ITUsersViewController;
			sourceTree = "<group>";
		};
		93462DA71E6A114E00FE1BC9 /* Views */ = {
			isa = PBXGroup;
			children = (
				93AA34611E79DB3D00513950 /* ITAddRowCell */,
				93AA34621E79DB3D00513950 /* ITUserCell */,
			);
			path = Views;
			sourceTree = "<group>";
		};
		93462DB71E71DB2900FE1BC9 /* ITDispatchQueue */ = {
			isa = PBXGroup;
			children = (
				93462DB81E71DB2900FE1BC9 /* ITDispatchQueue.h */,
				93462DB91E71DB2900FE1BC9 /* ITDispatchQueue.m */,
			);
			path = ITDispatchQueue;
			sourceTree = "<group>";
		};
		9365E6751EA522C200402F08 /* ITModelChange+UITableView */ = {
			isa = PBXGroup;
			children = (
				9365E6761EA522C200402F08 /* ChangesExtensions */,
				9365E6791EA522C200402F08 /* ITModelChange+UITableView.h */,
				9365E67A1EA522C200402F08 /* ITModelChange+UITableView.m */,
			);
			path = "ITModelChange+UITableView";
			sourceTree = "<group>";
		};
		9365E6761EA522C200402F08 /* ChangesExtensions */ = {
			isa = PBXGroup;
			children = (
				9365E6771EA522C200402F08 /* ITChangeTypes+ITModelChangeExtensions.h */,
				9365E6781EA522C200402F08 /* ITChangeTypes+ITModelChangeExtensions.m */,
			);
			path = ChangesExtensions;
			sourceTree = "<group>";
		};
		9365E67D1EA563F700402F08 /* CoreData */ = {
			isa = PBXGroup;
			children = (
				9365E67E1EA5647800402F08 /* ITObjCUI.xcdatamodeld */,
				9365E6811EA5694400402F08 /* ITDBObject.h */,
				9365E6821EA5694400402F08 /* ITDBObject.m */,
				9365E6841EA5697800402F08 /* ITDBUser.h */,
				9365E6851EA5697800402F08 /* ITDBUser.m */,
				9365E6871EA5698F00402F08 /* ITDBImage.h */,
				9365E6881EA5698F00402F08 /* ITDBImage.m */,
				93FB09CC1EAB584B0012A77D /* ITDBArrayObject.h */,
				93FB09CD1EAB584B0012A77D /* ITDBArrayObject.m */,
			);
			path = CoreData;
			sourceTree = "<group>";
		};
		9365E79B1EA63A6400402F08 /* NSFileManager */ = {
			isa = PBXGroup;
			children = (
				9365E79C1EA63A6400402F08 /* NSFileManager+IDPExtensions.h */,
				9365E79D1EA63A6400402F08 /* NSFileManager+IDPExtensions.m */,
			);
			path = NSFileManager;
			sourceTree = "<group>";
		};
		9365E79E1EA63A6400402F08 /* NSObject */ = {
			isa = PBXGroup;
			children = (
				9365E79F1EA63A6400402F08 /* NSObject+IDPExtensions.h */,
				9365E7A01EA63A6400402F08 /* NSObject+IDPExtensions.m */,
			);
			path = NSObject;
			sourceTree = "<group>";
		};
		9365E7A31EA63D3300402F08 /* NSArray */ = {
			isa = PBXGroup;
			children = (
				9365E7A41EA63D3300402F08 /* NSArray+IDPExtensions.h */,
				9365E7A51EA63D3300402F08 /* NSArray+IDPExtensions.m */,
			);
			path = NSArray;
			sourceTree = "<group>";
		};
		93AA34401E77408500513950 /* ITModelChange */ = {
			isa = PBXGroup;
			children = (
				93AA344E1E787B0400513950 /* ModelTypes */,
				93AA34441E7879C400513950 /* ModelChanges */,
				93AA34411E77409B00513950 /* ITModelChange.h */,
				93AA34421E77409B00513950 /* ITModelChange.m */,
			);
			path = ITModelChange;
			sourceTree = "<group>";
		};
		93AA34441E7879C400513950 /* ModelChanges */ = {
			isa = PBXGroup;
			children = (
				931CCBD31E8AE9DD0029095A /* ITModelChangesTypes.h */,
				931CCBD41E8AE9DE0029095A /* ITModelChangesTypes.m */,
			);
			path = ModelChanges;
			sourceTree = "<group>";
		};
		93AA344E1E787B0400513950 /* ModelTypes */ = {
			isa = PBXGroup;
			children = (
				93AA344F1E787B2000513950 /* ITOneIndexModel.h */,
				93AA34501E787B2000513950 /* ITOneIndexModel.m */,
				931CCBDA1E8B09070029095A /* ITOneIndexModel+UITableView.h */,
				931CCBDB1E8B09070029095A /* ITOneIndexModel+UITableView.m */,
				93AA34521E787B2E00513950 /* ITTwoIndexModel.h */,
				93AA34531E787B2E00513950 /* ITTwoIndexModel.m */,
				931CCBDD1E8B09DB0029095A /* ITTwoIndexModel+UITableView.h */,
				931CCBDE1E8B09DB0029095A /* ITTwoIndexModel+UITableView.m */,
			);
			path = ModelTypes;
			sourceTree = "<group>";
		};
		93AA34551E78809500513950 /* ITArrayModel */ = {
			isa = PBXGroup;
			children = (
				93AA34561E7880AD00513950 /* ITArrayModel.h */,
				93AA34571E7880AD00513950 /* ITArrayModel.m */,
			);
			path = ITArrayModel;
			sourceTree = "<group>";
		};
		93AA34611E79DB3D00513950 /* ITAddRowCell */ = {
			isa = PBXGroup;
			children = (
				93AA34681E79DB6600513950 /* ITAddRowCell.h */,
				93AA34691E79DB6600513950 /* ITAddRowCell.m */,
				93AA346A1E79DB6600513950 /* ITAddRowCell.xib */,
			);
			path = ITAddRowCell;
			sourceTree = "<group>";
		};
		93AA34621E79DB3D00513950 /* ITUserCell */ = {
			isa = PBXGroup;
			children = (
				93AA34631E79DB3D00513950 /* ITUserCell.h */,
				93AA34641E79DB3D00513950 /* ITUserCell.m */,
				93AA34651E79DB3D00513950 /* ITUserCell.xib */,
			);
			path = ITUserCell;
			sourceTree = "<group>";
		};
		93AA346E1E79E34400513950 /* Specs */ = {
			isa = PBXGroup;
			children = (
				93C7574B1E8864370007F444 /* ITMutableArraySpec */,
			);
			path = Specs;
			sourceTree = "<group>";
		};
		93AA34721E7C3A3900513950 /* ITLoadingView */ = {
			isa = PBXGroup;
			children = (
				93AA34731E7C3AD000513950 /* ITLoadingView.h */,
				93AA34741E7C3AD000513950 /* ITLoadingView.m */,
				93AA34751E7C3AD000513950 /* ITLoadingView.xib */,
			);
			path = ITLoadingView;
			sourceTree = "<group>";
		};
		93B468281EB4A1D10080C4F5 /* NSManagedObject+ITExtensions */ = {
			isa = PBXGroup;
			children = (
				93B468291EB4A1E90080C4F5 /* NSManagedObject+ITExtensions.h */,
				93B4682A1EB4A1E90080C4F5 /* NSManagedObject+ITExtensions.m */,
			);
			path = "NSManagedObject+ITExtensions";
			sourceTree = "<group>";
		};
		93B4682C1EB4A9710080C4F5 /* ITFBUserInteraction */ = {
			isa = PBXGroup;
			children = (
				93B4682D1EB4A98E0080C4F5 /* ITFBUserInteraction.h */,
				93B4682E1EB4A98E0080C4F5 /* ITFBUserInteraction.m */,
			);
			path = ITFBUserInteraction;
			sourceTree = "<group>";
		};
		93C20E761E5B95BF00B56982 = {
			isa = PBXGroup;
			children = (
				93C20EDB1E5F72DD00B56982 /* Source */,
				93C20EB11E5B99E900B56982 /* Resources */,
				93C20EA71E5B99CA00B56982 /* ITObjCUI */,
				93C20EAC1E5B99D900B56982 /* ITObjCUITests */,
				93C20E801E5B95BF00B56982 /* Products */,
				155D431BA15A4DAD73DC63F1 /* Pods */,
				C389A0FADBCBD0EADA4214AE /* Frameworks */,
			);
			sourceTree = "<group>";
		};
		93C20E801E5B95BF00B56982 /* Products */ = {
			isa = PBXGroup;
			children = (
				93C20E7F1E5B95BF00B56982 /* ITObjCUI.app */,
				93C20E981E5B95BF00B56982 /* ITObjCUITests.xctest */,
			);
			name = Products;
			sourceTree = "<group>";
		};
		93C20EA71E5B99CA00B56982 /* ITObjCUI */ = {
			isa = PBXGroup;
			children = (
				93C20EC61E5CC8A100B56982 /* ITAppDelegate.h */,
				93C20EC71E5CC8A100B56982 /* ITAppDelegate.m */,
				93C20EA81E5B99CA00B56982 /* Info.plist */,
				93C20EA91E5B99CA00B56982 /* main.m */,
			);
			path = ITObjCUI;
			sourceTree = "<group>";
		};
		93C20EAC1E5B99D900B56982 /* ITObjCUITests */ = {
			isa = PBXGroup;
			children = (
				93AA346E1E79E34400513950 /* Specs */,
				93C20EAD1E5B99D900B56982 /* Info.plist */,
			);
			path = ITObjCUITests;
			sourceTree = "<group>";
		};
		93C20EB11E5B99E900B56982 /* Resources */ = {
			isa = PBXGroup;
			children = (
				932D37721E60EB2D00C435F2 /* Images */,
				93C20EB21E5B99E900B56982 /* Assets.xcassets */,
				93C20EB31E5B99E900B56982 /* LaunchScreen.storyboard */,
			);
			path = Resources;
			sourceTree = "<group>";
		};
		93C20EDB1E5F72DD00B56982 /* Source */ = {
			isa = PBXGroup;
			children = (
				9332F0471E994DDA007A0A29 /* Contexts */,
				93C20EFA1E5F765900B56982 /* Library */,
				93C20EDC1E5F72DD00B56982 /* Models */,
				93C20EDF1E5F72DD00B56982 /* UI */,
			);
			path = Source;
			sourceTree = "<group>";
		};
		93C20EDC1E5F72DD00B56982 /* Models */ = {
			isa = PBXGroup;
			children = (
				9365E67D1EA563F700402F08 /* CoreData */,
				93462D991E69FD2900FE1BC9 /* ITUsers */,
				93462D6B1E67739D00FE1BC9 /* ITUser */,
			);
			path = Models;
			sourceTree = "<group>";
		};
		93C20EDF1E5F72DD00B56982 /* UI */ = {
			isa = PBXGroup;
			children = (
				9332F0771E995E67007A0A29 /* ITFBFriendViewController */,
				9332F0581E994DEB007A0A29 /* ITFBUsersViewController */,
				9332F0631E994DEB007A0A29 /* ITLoginViewController */,
				93462DA11E6A114E00FE1BC9 /* ITUsersViewController */,
				93C20EE01E5F72DD00B56982 /* ITSquareViewController */,
				93462D941E69E83A00FE1BC9 /* Views */,
			);
			path = UI;
			sourceTree = "<group>";
		};
		93C20EE01E5F72DD00B56982 /* ITSquareViewController */ = {
			isa = PBXGroup;
			children = (
				93C20EE31E5F72DD00B56982 /* ITSquareViewController.h */,
				93C20EE41E5F72DD00B56982 /* ITSquareViewController.m */,
				93C20EE11E5F72DD00B56982 /* ITSquareView.h */,
				93C20EE21E5F72DD00B56982 /* ITSquareView.m */,
				93C20EE51E5F72DD00B56982 /* ITSquareViewController.xib */,
			);
			path = ITSquareViewController;
			sourceTree = "<group>";
		};
		93C20EFA1E5F765900B56982 /* Library */ = {
			isa = PBXGroup;
			children = (
				931CF0D81E8454A600AE4B4C /* Categories */,
				93462D771E68963F00FE1BC9 /* Classes */,
				93C757411E8833FC0007F444 /* Macros */,
				932CDA9F1EA646AF0043ED5F /* ActiveRecordKit */,
			);
			path = Library;
			sourceTree = "<group>";
		};
		93C7571D1E86C79B0007F444 /* NSFileManager+ITExtensions */ = {
			isa = PBXGroup;
			children = (
				93C7571E1E86C7B60007F444 /* NSFileManager+ITExtensions.h */,
				93C7571F1E86C7B60007F444 /* NSFileManager+ITExtensions.m */,
			);
			path = "NSFileManager+ITExtensions";
			sourceTree = "<group>";
		};
		93C757211E8826A50007F444 /* NSMutableArray+ITExtensions */ = {
			isa = PBXGroup;
			children = (
				93C757221E8826BA0007F444 /* NSMutableArray+ITExtensions.h */,
				93C757231E8826BA0007F444 /* NSMutableArray+ITExtensions.m */,
			);
			path = "NSMutableArray+ITExtensions";
			sourceTree = "<group>";
		};
		93C757411E8833FC0007F444 /* Macros */ = {
			isa = PBXGroup;
			children = (
				93C757441E8833FC0007F444 /* ITMacro.h */,
				93C757451E8833FC0007F444 /* ITMacro.m */,
				93C757421E8833FC0007F444 /* ITCompilerMacro.h */,
				93C757431E8833FC0007F444 /* ITCompilerMacro.m */,
				93C7574A1E8855DE0007F444 /* ITBlockVariablesMacro.h */,
				93C757481E8855C40007F444 /* ITBlockVariablesMacro.m */,
			);
			path = Macros;
			sourceTree = "<group>";
		};
		93C7574B1E8864370007F444 /* ITMutableArraySpec */ = {
			isa = PBXGroup;
			children = (
				93C7574C1E8864370007F444 /* ITMutableArraySpec.m */,
			);
			path = ITMutableArraySpec;
			sourceTree = "<group>";
		};
		93FB09CF1EAD281D0012A77D /* ITArrayModel+ITExtensions */ = {
			isa = PBXGroup;
			children = (
				93FB09D01EAD28470012A77D /* ITArrayModel+ITExtensions.h */,
				93FB09D11EAD28470012A77D /* ITArrayModel+ITExtensions.m */,
			);
			path = "ITArrayModel+ITExtensions";
			sourceTree = "<group>";
		};
		93FB09D31EAD35190012A77D /* ITFBUserDetailsContext */ = {
			isa = PBXGroup;
			children = (
				93FB09D41EAD35190012A77D /* ITFBUserDetailsContext.h */,
				93FB09D51EAD35190012A77D /* ITFBUserDetailsContext.m */,
			);
			path = ITFBUserDetailsContext;
			sourceTree = "<group>";
		};
		93FF7D911EAE69E300233A9E /* ITJSONRepresentation */ = {
			isa = PBXGroup;
			children = (
				93FF7D921EAE69E300233A9E /* ITJSONRepresentation+ITExtensions.h */,
				93FF7D931EAE69E300233A9E /* ITJSONRepresentation+ITExtensions.m */,
			);
			path = ITJSONRepresentation;
			sourceTree = "<group>";
		};
		C389A0FADBCBD0EADA4214AE /* Frameworks */ = {
			isa = PBXGroup;
			children = (
				03AF09BAA2BA61E48268062F /* libPods-ITObjCUITests.a */,
				092B34620AF4993244A562E8 /* libPods-ITObjCUI.a */,
			);
			name = Frameworks;
			sourceTree = "<group>";
		};
/* End PBXGroup section */

/* Begin PBXNativeTarget section */
		93C20E7E1E5B95BF00B56982 /* ITObjCUI */ = {
			isa = PBXNativeTarget;
			buildConfigurationList = 93C20EA11E5B95BF00B56982 /* Build configuration list for PBXNativeTarget "ITObjCUI" */;
			buildPhases = (
				FF987AC9D30B617EADDAF8BB /* [CP] Check Pods Manifest.lock */,
				93C20E7B1E5B95BF00B56982 /* Sources */,
				93C20E7C1E5B95BF00B56982 /* Frameworks */,
				93C20E7D1E5B95BF00B56982 /* Resources */,
				42EED34DDB2A7F643AA43FE7 /* [CP] Embed Pods Frameworks */,
				1EBAC48B6100BF819E2C756D /* [CP] Copy Pods Resources */,
			);
			buildRules = (
			);
			dependencies = (
			);
			name = ITObjCUI;
			productName = ITObjCUI;
			productReference = 93C20E7F1E5B95BF00B56982 /* ITObjCUI.app */;
			productType = "com.apple.product-type.application";
		};
		93C20E971E5B95BF00B56982 /* ITObjCUITests */ = {
			isa = PBXNativeTarget;
			buildConfigurationList = 93C20EA41E5B95BF00B56982 /* Build configuration list for PBXNativeTarget "ITObjCUITests" */;
			buildPhases = (
				52161C7967250998B3215017 /* [CP] Check Pods Manifest.lock */,
				93C20E941E5B95BF00B56982 /* Sources */,
				93C20E951E5B95BF00B56982 /* Frameworks */,
				93C20E961E5B95BF00B56982 /* Resources */,
				1F401B43CF331D2520DB796B /* [CP] Embed Pods Frameworks */,
				4521E0C75F35267219FDD213 /* [CP] Copy Pods Resources */,
			);
			buildRules = (
			);
			dependencies = (
				93C20E9A1E5B95BF00B56982 /* PBXTargetDependency */,
			);
			name = ITObjCUITests;
			productName = ITObjCUITests;
			productReference = 93C20E981E5B95BF00B56982 /* ITObjCUITests.xctest */;
			productType = "com.apple.product-type.bundle.unit-test";
		};
/* End PBXNativeTarget section */

/* Begin PBXProject section */
		93C20E771E5B95BF00B56982 /* Project object */ = {
			isa = PBXProject;
			attributes = {
				CLASSPREFIX = IT;
				LastUpgradeCheck = 0820;
				ORGANIZATIONNAME = "Ivan Tsyganok";
				TargetAttributes = {
					93C20E7E1E5B95BF00B56982 = {
						CreatedOnToolsVersion = 8.2.1;
						DevelopmentTeam = 2TPE62FV94;
						ProvisioningStyle = Automatic;
					};
					93C20E971E5B95BF00B56982 = {
						CreatedOnToolsVersion = 8.2.1;
						DevelopmentTeam = 2TPE62FV94;
						ProvisioningStyle = Automatic;
						TestTargetID = 93C20E7E1E5B95BF00B56982;
					};
				};
			};
			buildConfigurationList = 93C20E7A1E5B95BF00B56982 /* Build configuration list for PBXProject "ITObjCUI" */;
			compatibilityVersion = "Xcode 3.2";
			developmentRegion = English;
			hasScannedForEncodings = 0;
			knownRegions = (
				en,
				Base,
			);
			mainGroup = 93C20E761E5B95BF00B56982;
			productRefGroup = 93C20E801E5B95BF00B56982 /* Products */;
			projectDirPath = "";
			projectRoot = "";
			targets = (
				93C20E7E1E5B95BF00B56982 /* ITObjCUI */,
				93C20E971E5B95BF00B56982 /* ITObjCUITests */,
			);
		};
/* End PBXProject section */

/* Begin PBXResourcesBuildPhase section */
		93C20E7D1E5B95BF00B56982 /* Resources */ = {
			isa = PBXResourcesBuildPhase;
			buildActionMask = 2147483647;
			files = (
				93AA34771E7C3AD000513950 /* ITLoadingView.xib in Resources */,
				93C20EE91E5F72DD00B56982 /* ITSquareViewController.xib in Resources */,
				93C20EBE1E5B99E900B56982 /* LaunchScreen.storyboard in Resources */,
				93462DAD1E6A114E00FE1BC9 /* ITUsersViewController.xib in Resources */,
				93AA34671E79DB3D00513950 /* ITUserCell.xib in Resources */,
				9332F06B1E994DEB007A0A29 /* ITFBUsersViewController.xib in Resources */,
				9332F0701E994DEB007A0A29 /* ITLoginViewController.xib in Resources */,
				93C20EBC1E5B99E900B56982 /* Assets.xcassets in Resources */,
				9332F06D1E994DEB007A0A29 /* ITFBUserCell.xib in Resources */,
				9332F07C1E995EF8007A0A29 /* ITFBFriendViewController.xib in Resources */,
				93AA346C1E79DB6600513950 /* ITAddRowCell.xib in Resources */,
				932D37741E60EB2D00C435F2 /* image.jpg in Resources */,
			);
			runOnlyForDeploymentPostprocessing = 0;
		};
		93C20E961E5B95BF00B56982 /* Resources */ = {
			isa = PBXResourcesBuildPhase;
			buildActionMask = 2147483647;
			files = (
				93C20EBF1E5B99E900B56982 /* LaunchScreen.storyboard in Resources */,
				93C20EBD1E5B99E900B56982 /* Assets.xcassets in Resources */,
			);
			runOnlyForDeploymentPostprocessing = 0;
		};
/* End PBXResourcesBuildPhase section */

/* Begin PBXShellScriptBuildPhase section */
		1EBAC48B6100BF819E2C756D /* [CP] Copy Pods Resources */ = {
			isa = PBXShellScriptBuildPhase;
			buildActionMask = 2147483647;
			files = (
			);
			inputPaths = (
			);
			name = "[CP] Copy Pods Resources";
			outputPaths = (
			);
			runOnlyForDeploymentPostprocessing = 0;
			shellPath = /bin/sh;
			shellScript = "\"${SRCROOT}/Pods/Target Support Files/Pods-ITObjCUI/Pods-ITObjCUI-resources.sh\"\n";
			showEnvVarsInLog = 0;
		};
		1F401B43CF331D2520DB796B /* [CP] Embed Pods Frameworks */ = {
			isa = PBXShellScriptBuildPhase;
			buildActionMask = 2147483647;
			files = (
			);
			inputPaths = (
			);
			name = "[CP] Embed Pods Frameworks";
			outputPaths = (
			);
			runOnlyForDeploymentPostprocessing = 0;
			shellPath = /bin/sh;
			shellScript = "\"${SRCROOT}/Pods/Target Support Files/Pods-ITObjCUITests/Pods-ITObjCUITests-frameworks.sh\"\n";
			showEnvVarsInLog = 0;
		};
		42EED34DDB2A7F643AA43FE7 /* [CP] Embed Pods Frameworks */ = {
			isa = PBXShellScriptBuildPhase;
			buildActionMask = 2147483647;
			files = (
			);
			inputPaths = (
			);
			name = "[CP] Embed Pods Frameworks";
			outputPaths = (
			);
			runOnlyForDeploymentPostprocessing = 0;
			shellPath = /bin/sh;
			shellScript = "\"${SRCROOT}/Pods/Target Support Files/Pods-ITObjCUI/Pods-ITObjCUI-frameworks.sh\"\n";
			showEnvVarsInLog = 0;
		};
		4521E0C75F35267219FDD213 /* [CP] Copy Pods Resources */ = {
			isa = PBXShellScriptBuildPhase;
			buildActionMask = 2147483647;
			files = (
			);
			inputPaths = (
			);
			name = "[CP] Copy Pods Resources";
			outputPaths = (
			);
			runOnlyForDeploymentPostprocessing = 0;
			shellPath = /bin/sh;
			shellScript = "\"${SRCROOT}/Pods/Target Support Files/Pods-ITObjCUITests/Pods-ITObjCUITests-resources.sh\"\n";
			showEnvVarsInLog = 0;
		};
		52161C7967250998B3215017 /* [CP] Check Pods Manifest.lock */ = {
			isa = PBXShellScriptBuildPhase;
			buildActionMask = 2147483647;
			files = (
			);
			inputPaths = (
			);
			name = "[CP] Check Pods Manifest.lock";
			outputPaths = (
			);
			runOnlyForDeploymentPostprocessing = 0;
			shellPath = /bin/sh;
			shellScript = "diff \"${PODS_ROOT}/../Podfile.lock\" \"${PODS_ROOT}/Manifest.lock\" > /dev/null\nif [ $? != 0 ] ; then\n    # print error to STDERR\n    echo \"error: The sandbox is not in sync with the Podfile.lock. Run 'pod install' or update your CocoaPods installation.\" >&2\n    exit 1\nfi\n";
			showEnvVarsInLog = 0;
		};
		FF987AC9D30B617EADDAF8BB /* [CP] Check Pods Manifest.lock */ = {
			isa = PBXShellScriptBuildPhase;
			buildActionMask = 2147483647;
			files = (
			);
			inputPaths = (
			);
			name = "[CP] Check Pods Manifest.lock";
			outputPaths = (
			);
			runOnlyForDeploymentPostprocessing = 0;
			shellPath = /bin/sh;
			shellScript = "diff \"${PODS_ROOT}/../Podfile.lock\" \"${PODS_ROOT}/Manifest.lock\" > /dev/null\nif [ $? != 0 ] ; then\n    # print error to STDERR\n    echo \"error: The sandbox is not in sync with the Podfile.lock. Run 'pod install' or update your CocoaPods installation.\" >&2\n    exit 1\nfi\n";
			showEnvVarsInLog = 0;
		};
/* End PBXShellScriptBuildPhase section */

/* Begin PBXSourcesBuildPhase section */
		93C20E7B1E5B95BF00B56982 /* Sources */ = {
			isa = PBXSourcesBuildPhase;
			buildActionMask = 2147483647;
			files = (
				93C757241E8826BA0007F444 /* NSMutableArray+ITExtensions.m in Sources */,
				9365E6861EA5697800402F08 /* ITDBUser.m in Sources */,
				9365E67C1EA522C200402F08 /* ITModelChange+UITableView.m in Sources */,
				931CF1021E8454A600AE4B4C /* NSObject+ITExtensions.m in Sources */,
				9365E7A11EA63A6400402F08 /* NSFileManager+IDPExtensions.m in Sources */,
				93AA34541E787B2E00513950 /* ITTwoIndexModel.m in Sources */,
				93AA34661E79DB3D00513950 /* ITUserCell.m in Sources */,
				93AA34431E77409B00513950 /* ITModelChange.m in Sources */,
				9332F0551E994DDA007A0A29 /* ITFBContext.m in Sources */,
				931CCBDC1E8B09070029095A /* ITOneIndexModel+UITableView.m in Sources */,
				931CF1071E8454A600AE4B4C /* UITableView+ITExtensions.m in Sources */,
				931CCC081E8DA59D0029095A /* ITFileSystemImageModel.m in Sources */,
				9365E6801EA5647800402F08 /* ITObjCUI.xcdatamodeld in Sources */,
				93FB09D61EAD35190012A77D /* ITFBUserDetailsContext.m in Sources */,
				932CDAAA1EA646AF0043ED5F /* IDPCoreDataManager.m in Sources */,
				9365E67B1EA522C200402F08 /* ITChangeTypes+ITModelChangeExtensions.m in Sources */,
				93FB09CE1EAB584B0012A77D /* ITDBArrayObject.m in Sources */,
				931CCC0A1E8DA59D0029095A /* ITURLImageModel.m in Sources */,
				93AA346B1E79DB6600513950 /* ITAddRowCell.m in Sources */,
				93AA34761E7C3AD000513950 /* ITLoadingView.m in Sources */,
				93C757491E8855C40007F444 /* ITBlockVariablesMacro.m in Sources */,
				93462D8F1E68B61C00FE1BC9 /* ITObservableObject.m in Sources */,
				931CCBE71E8C1F200029095A /* ITView.m in Sources */,
				9332F0541E994DDA007A0A29 /* ITContext.m in Sources */,
				9332F0691E994DEB007A0A29 /* ITFBUsersView.m in Sources */,
				932CDAAC1EA646AF0043ED5F /* NSManagedObjectContext+IDPExtensions.m in Sources */,
				93C20EAB1E5B99CA00B56982 /* main.m in Sources */,
				93462DBA1E71DB2900FE1BC9 /* ITDispatchQueue.m in Sources */,
				93AA34581E7880AD00513950 /* ITArrayModel.m in Sources */,
				93AA34511E787B2000513950 /* ITOneIndexModel.m in Sources */,
				93C20EE81E5F72DD00B56982 /* ITSquareViewController.m in Sources */,
				931CF1051E8454A600AE4B4C /* UINib+ITExtensions.m in Sources */,
				93B4682F1EB4A98E0080C4F5 /* ITFBUserInteraction.m in Sources */,
				93FF7D941EAE69E300233A9E /* ITJSONRepresentation+ITExtensions.m in Sources */,
				93462D9C1E69FD3F00FE1BC9 /* ITUsers.m in Sources */,
				93C757461E8833FC0007F444 /* ITCompilerMacro.m in Sources */,
				9332F07B1E995EF8007A0A29 /* ITFBFriendViewController.m in Sources */,
				93462DAC1E6A114E00FE1BC9 /* ITUsersViewController.m in Sources */,
				931CF1061E8454A600AE4B4C /* ITUsersTableView+ITExtensions.m in Sources */,
				931CF1031E8454A600AE4B4C /* NSString+ITExtensions.m in Sources */,
				9332F0871E9A959F007A0A29 /* UIViewController+ITExtensions.m in Sources */,
				9332F06E1E994DEB007A0A29 /* ITLoginView.m in Sources */,
				9332F0351E98212D007A0A29 /* ITObjectCache.m in Sources */,
				93B4682B1EB4A1E90080C4F5 /* NSManagedObject+ITExtensions.m in Sources */,
				9365E7A61EA63D3300402F08 /* NSArray+IDPExtensions.m in Sources */,
				93462DAB1E6A114E00FE1BC9 /* ITUsersView.m in Sources */,
				93462D981E69E86000FE1BC9 /* ITImageView.m in Sources */,
				93462D6E1E67739D00FE1BC9 /* ITUser.m in Sources */,
				9332F0561E994DDA007A0A29 /* ITFBLoginContext.m in Sources */,
				931CCBE31E8C14300029095A /* UIView+ITExtensions.m in Sources */,
				9365E6891EA5698F00402F08 /* ITDBImage.m in Sources */,
				9332F07F1E9A0B45007A0A29 /* ITFBFriendView.m in Sources */,
				931CF1011E8454A600AE4B4C /* NSBundle+ITExtensions.m in Sources */,
				93462D7B1E68965D00FE1BC9 /* ITTableViewCell.m in Sources */,
				93B468271EB3CAA00080C4F5 /* ITFBConstants.m in Sources */,
				93FB09D21EAD28470012A77D /* ITArrayModel+ITExtensions.m in Sources */,
				93C757201E86C7B60007F444 /* NSFileManager+ITExtensions.m in Sources */,
				93C757471E8833FC0007F444 /* ITMacro.m in Sources */,
				93C20EE71E5F72DD00B56982 /* ITSquareView.m in Sources */,
				9365E6831EA5694400402F08 /* ITDBObject.m in Sources */,
				931CCC091E8DA59D0029095A /* ITImageModel.m in Sources */,
				931CF1081E8454A600AE4B4C /* UIWindow+ITExtensions.m in Sources */,
				932CDAAD1EA646AF0043ED5F /* NSManagedObjectID+IDPExtensions.m in Sources */,
				9332F0571E994DDA007A0A29 /* ITFBUserFriendsContext.m in Sources */,
				931CCBD51E8AE9DE0029095A /* ITModelChangesTypes.m in Sources */,
				9365E7A21EA63A6400402F08 /* NSObject+IDPExtensions.m in Sources */,
				9332F06A1E994DEB007A0A29 /* ITFBUsersViewController.m in Sources */,
				9332F0761E99503B007A0A29 /* UIButton+ITExtensions.m in Sources */,
				931CCC0B1E8DA59D0029095A /* ITModel.m in Sources */,
				93C20EC81E5CC8A100B56982 /* ITAppDelegate.m in Sources */,
				931CCBDF1E8B09DB0029095A /* ITTwoIndexModel+UITableView.m in Sources */,
				9332F06C1E994DEB007A0A29 /* ITFBUserCell.m in Sources */,
				931CF1041E8454A600AE4B4C /* NSString+ITRandomName.m in Sources */,
				931CF1001E8454A600AE4B4C /* NSArray+ITExtensions.m in Sources */,
				9332F06F1E994DEB007A0A29 /* ITLoginViewController.m in Sources */,
				932CDAAB1EA646AF0043ED5F /* NSManagedObject+IDPExtensions.m in Sources */,
			);
			runOnlyForDeploymentPostprocessing = 0;
		};
		93C20E941E5B95BF00B56982 /* Sources */ = {
			isa = PBXSourcesBuildPhase;
			buildActionMask = 2147483647;
			files = (
				93C7574D1E8864370007F444 /* ITMutableArraySpec.m in Sources */,
			);
			runOnlyForDeploymentPostprocessing = 0;
		};
/* End PBXSourcesBuildPhase section */

/* Begin PBXTargetDependency section */
		93C20E9A1E5B95BF00B56982 /* PBXTargetDependency */ = {
			isa = PBXTargetDependency;
			target = 93C20E7E1E5B95BF00B56982 /* ITObjCUI */;
			targetProxy = 93C20E991E5B95BF00B56982 /* PBXContainerItemProxy */;
		};
/* End PBXTargetDependency section */

/* Begin PBXVariantGroup section */
		93C20EB31E5B99E900B56982 /* LaunchScreen.storyboard */ = {
			isa = PBXVariantGroup;
			children = (
				93C20EB41E5B99E900B56982 /* Base */,
			);
			name = LaunchScreen.storyboard;
			sourceTree = "<group>";
		};
/* End PBXVariantGroup section */

/* Begin XCBuildConfiguration section */
		93C20E9F1E5B95BF00B56982 /* Debug */ = {
			isa = XCBuildConfiguration;
			buildSettings = {
				ALWAYS_SEARCH_USER_PATHS = NO;
				CLANG_ANALYZER_NONNULL = YES;
				CLANG_CXX_LANGUAGE_STANDARD = "gnu++0x";
				CLANG_CXX_LIBRARY = "libc++";
				CLANG_ENABLE_MODULES = YES;
				CLANG_ENABLE_OBJC_ARC = YES;
				CLANG_WARN_BOOL_CONVERSION = YES;
				CLANG_WARN_CONSTANT_CONVERSION = YES;
				CLANG_WARN_DIRECT_OBJC_ISA_USAGE = YES_ERROR;
				CLANG_WARN_DOCUMENTATION_COMMENTS = YES;
				CLANG_WARN_EMPTY_BODY = YES;
				CLANG_WARN_ENUM_CONVERSION = YES;
				CLANG_WARN_INFINITE_RECURSION = YES;
				CLANG_WARN_INT_CONVERSION = YES;
				CLANG_WARN_OBJC_ROOT_CLASS = YES_ERROR;
				CLANG_WARN_SUSPICIOUS_MOVE = YES;
				CLANG_WARN_UNREACHABLE_CODE = YES;
				CLANG_WARN__DUPLICATE_METHOD_MATCH = YES;
				"CODE_SIGN_IDENTITY[sdk=iphoneos*]" = "iPhone Developer";
				COPY_PHASE_STRIP = NO;
				DEBUG_INFORMATION_FORMAT = dwarf;
				ENABLE_STRICT_OBJC_MSGSEND = YES;
				ENABLE_TESTABILITY = YES;
				GCC_C_LANGUAGE_STANDARD = gnu99;
				GCC_DYNAMIC_NO_PIC = NO;
				GCC_NO_COMMON_BLOCKS = YES;
				GCC_OPTIMIZATION_LEVEL = 0;
				GCC_PREPROCESSOR_DEFINITIONS = (
					"DEBUG=1",
					"$(inherited)",
				);
				GCC_WARN_64_TO_32_BIT_CONVERSION = YES;
				GCC_WARN_ABOUT_RETURN_TYPE = YES_ERROR;
				GCC_WARN_UNDECLARED_SELECTOR = YES;
				GCC_WARN_UNINITIALIZED_AUTOS = YES_AGGRESSIVE;
				GCC_WARN_UNUSED_FUNCTION = YES;
				GCC_WARN_UNUSED_VARIABLE = YES;
				IPHONEOS_DEPLOYMENT_TARGET = 10.2;
				MTL_ENABLE_DEBUG_INFO = YES;
				ONLY_ACTIVE_ARCH = YES;
				SDKROOT = iphoneos;
			};
			name = Debug;
		};
		93C20EA01E5B95BF00B56982 /* Release */ = {
			isa = XCBuildConfiguration;
			buildSettings = {
				ALWAYS_SEARCH_USER_PATHS = NO;
				CLANG_ANALYZER_NONNULL = YES;
				CLANG_CXX_LANGUAGE_STANDARD = "gnu++0x";
				CLANG_CXX_LIBRARY = "libc++";
				CLANG_ENABLE_MODULES = YES;
				CLANG_ENABLE_OBJC_ARC = YES;
				CLANG_WARN_BOOL_CONVERSION = YES;
				CLANG_WARN_CONSTANT_CONVERSION = YES;
				CLANG_WARN_DIRECT_OBJC_ISA_USAGE = YES_ERROR;
				CLANG_WARN_DOCUMENTATION_COMMENTS = YES;
				CLANG_WARN_EMPTY_BODY = YES;
				CLANG_WARN_ENUM_CONVERSION = YES;
				CLANG_WARN_INFINITE_RECURSION = YES;
				CLANG_WARN_INT_CONVERSION = YES;
				CLANG_WARN_OBJC_ROOT_CLASS = YES_ERROR;
				CLANG_WARN_SUSPICIOUS_MOVE = YES;
				CLANG_WARN_UNREACHABLE_CODE = YES;
				CLANG_WARN__DUPLICATE_METHOD_MATCH = YES;
				"CODE_SIGN_IDENTITY[sdk=iphoneos*]" = "iPhone Developer";
				COPY_PHASE_STRIP = NO;
				DEBUG_INFORMATION_FORMAT = "dwarf-with-dsym";
				ENABLE_NS_ASSERTIONS = NO;
				ENABLE_STRICT_OBJC_MSGSEND = YES;
				GCC_C_LANGUAGE_STANDARD = gnu99;
				GCC_NO_COMMON_BLOCKS = YES;
				GCC_WARN_64_TO_32_BIT_CONVERSION = YES;
				GCC_WARN_ABOUT_RETURN_TYPE = YES_ERROR;
				GCC_WARN_UNDECLARED_SELECTOR = YES;
				GCC_WARN_UNINITIALIZED_AUTOS = YES_AGGRESSIVE;
				GCC_WARN_UNUSED_FUNCTION = YES;
				GCC_WARN_UNUSED_VARIABLE = YES;
				IPHONEOS_DEPLOYMENT_TARGET = 10.2;
				MTL_ENABLE_DEBUG_INFO = NO;
				SDKROOT = iphoneos;
				VALIDATE_PRODUCT = YES;
			};
			name = Release;
		};
		93C20EA21E5B95BF00B56982 /* Debug */ = {
			isa = XCBuildConfiguration;
			baseConfigurationReference = E1850CAF31651A16191C3E51 /* Pods-ITObjCUI.debug.xcconfig */;
			buildSettings = {
				ASSETCATALOG_COMPILER_APPICON_NAME = AppIcon;
				DEVELOPMENT_TEAM = 2TPE62FV94;
				GCC_WARN_UNINITIALIZED_AUTOS = YES;
				INFOPLIST_FILE = ITObjCUI/Info.plist;
				LD_RUNPATH_SEARCH_PATHS = "$(inherited) @executable_path/Frameworks";
				PRODUCT_BUNDLE_IDENTIFIER = IT.ITObjCUI;
				PRODUCT_NAME = "$(TARGET_NAME)";
			};
			name = Debug;
		};
		93C20EA31E5B95BF00B56982 /* Release */ = {
			isa = XCBuildConfiguration;
			baseConfigurationReference = 54116DFCC1C8CB194E439688 /* Pods-ITObjCUI.release.xcconfig */;
			buildSettings = {
				ASSETCATALOG_COMPILER_APPICON_NAME = AppIcon;
				DEVELOPMENT_TEAM = 2TPE62FV94;
				GCC_WARN_UNINITIALIZED_AUTOS = YES;
				INFOPLIST_FILE = ITObjCUI/Info.plist;
				LD_RUNPATH_SEARCH_PATHS = "$(inherited) @executable_path/Frameworks";
				PRODUCT_BUNDLE_IDENTIFIER = IT.ITObjCUI;
				PRODUCT_NAME = "$(TARGET_NAME)";
			};
			name = Release;
		};
		93C20EA51E5B95BF00B56982 /* Debug */ = {
			isa = XCBuildConfiguration;
			baseConfigurationReference = 92854138A805A204EA3E605A /* Pods-ITObjCUITests.debug.xcconfig */;
			buildSettings = {
				BUNDLE_LOADER = "$(TEST_HOST)";
				DEVELOPMENT_TEAM = 2TPE62FV94;
				INFOPLIST_FILE = ITObjCUITests/Info.plist;
				LD_RUNPATH_SEARCH_PATHS = "$(inherited) @executable_path/Frameworks @loader_path/Frameworks";
				PRODUCT_BUNDLE_IDENTIFIER = IT.ITObjCUITests;
				PRODUCT_NAME = "$(TARGET_NAME)";
				TEST_HOST = "$(BUILT_PRODUCTS_DIR)/ITObjCUI.app/ITObjCUI";
			};
			name = Debug;
		};
		93C20EA61E5B95BF00B56982 /* Release */ = {
			isa = XCBuildConfiguration;
			baseConfigurationReference = 633E823F01CD6B522FFB8AC9 /* Pods-ITObjCUITests.release.xcconfig */;
			buildSettings = {
				BUNDLE_LOADER = "$(TEST_HOST)";
				DEVELOPMENT_TEAM = 2TPE62FV94;
				INFOPLIST_FILE = ITObjCUITests/Info.plist;
				LD_RUNPATH_SEARCH_PATHS = "$(inherited) @executable_path/Frameworks @loader_path/Frameworks";
				PRODUCT_BUNDLE_IDENTIFIER = IT.ITObjCUITests;
				PRODUCT_NAME = "$(TARGET_NAME)";
				TEST_HOST = "$(BUILT_PRODUCTS_DIR)/ITObjCUI.app/ITObjCUI";
			};
			name = Release;
		};
/* End XCBuildConfiguration section */

/* Begin XCConfigurationList section */
		93C20E7A1E5B95BF00B56982 /* Build configuration list for PBXProject "ITObjCUI" */ = {
			isa = XCConfigurationList;
			buildConfigurations = (
				93C20E9F1E5B95BF00B56982 /* Debug */,
				93C20EA01E5B95BF00B56982 /* Release */,
			);
			defaultConfigurationIsVisible = 0;
			defaultConfigurationName = Release;
		};
		93C20EA11E5B95BF00B56982 /* Build configuration list for PBXNativeTarget "ITObjCUI" */ = {
			isa = XCConfigurationList;
			buildConfigurations = (
				93C20EA21E5B95BF00B56982 /* Debug */,
				93C20EA31E5B95BF00B56982 /* Release */,
			);
			defaultConfigurationIsVisible = 0;
			defaultConfigurationName = Release;
		};
		93C20EA41E5B95BF00B56982 /* Build configuration list for PBXNativeTarget "ITObjCUITests" */ = {
			isa = XCConfigurationList;
			buildConfigurations = (
				93C20EA51E5B95BF00B56982 /* Debug */,
				93C20EA61E5B95BF00B56982 /* Release */,
			);
			defaultConfigurationIsVisible = 0;
			defaultConfigurationName = Release;
		};
/* End XCConfigurationList section */

/* Begin XCVersionGroup section */
		9365E67E1EA5647800402F08 /* ITObjCUI.xcdatamodeld */ = {
			isa = XCVersionGroup;
			children = (
				9365E67F1EA5647800402F08 /* ITObjCUI.xcdatamodel */,
			);
			currentVersion = 9365E67F1EA5647800402F08 /* ITObjCUI.xcdatamodel */;
			path = ITObjCUI.xcdatamodeld;
			sourceTree = "<group>";
			versionGroupType = wrapper.xcdatamodel;
		};
/* End XCVersionGroup section */
	};
	rootObject = 93C20E771E5B95BF00B56982 /* Project object */;
}
