// !$*UTF8*$!
{
	archiveVersion = 1;
	classes = {
	};
	objectVersion = 46;
	objects = {

/* Begin PBXBuildFile section */
		932D37741E60EB2D00C435F2 /* image.jpg in Resources */ = {isa = PBXBuildFile; fileRef = 932D37731E60EB2D00C435F2 /* image.jpg */; };
		93462D571E67525B00FE1BC9 /* ITMacro.m in Sources */ = {isa = PBXBuildFile; fileRef = 93462D561E67525B00FE1BC9 /* ITMacro.m */; };
		93C20EAB1E5B99CA00B56982 /* main.m in Sources */ = {isa = PBXBuildFile; fileRef = 93C20EA91E5B99CA00B56982 /* main.m */; };
		93C20EB01E5B99D900B56982 /* ITObjCUITests.m in Sources */ = {isa = PBXBuildFile; fileRef = 93C20EAE1E5B99D900B56982 /* ITObjCUITests.m */; };
		93C20EBC1E5B99E900B56982 /* Assets.xcassets in Resources */ = {isa = PBXBuildFile; fileRef = 93C20EB21E5B99E900B56982 /* Assets.xcassets */; };
		93C20EBD1E5B99E900B56982 /* Assets.xcassets in Resources */ = {isa = PBXBuildFile; fileRef = 93C20EB21E5B99E900B56982 /* Assets.xcassets */; };
		93C20EBE1E5B99E900B56982 /* LaunchScreen.storyboard in Resources */ = {isa = PBXBuildFile; fileRef = 93C20EB31E5B99E900B56982 /* LaunchScreen.storyboard */; };
		93C20EBF1E5B99E900B56982 /* LaunchScreen.storyboard in Resources */ = {isa = PBXBuildFile; fileRef = 93C20EB31E5B99E900B56982 /* LaunchScreen.storyboard */; };
		93C20EC81E5CC8A100B56982 /* ITAppDelegate.m in Sources */ = {isa = PBXBuildFile; fileRef = 93C20EC71E5CC8A100B56982 /* ITAppDelegate.m */; };
		93C20EE71E5F72DD00B56982 /* ITSquareView.m in Sources */ = {isa = PBXBuildFile; fileRef = 93C20EE21E5F72DD00B56982 /* ITSquareView.m */; };
		93C20EE81E5F72DD00B56982 /* ITSquareViewController.m in Sources */ = {isa = PBXBuildFile; fileRef = 93C20EE41E5F72DD00B56982 /* ITSquareViewController.m */; };
		93C20EE91E5F72DD00B56982 /* ITSquareViewController.xib in Resources */ = {isa = PBXBuildFile; fileRef = 93C20EE51E5F72DD00B56982 /* ITSquareViewController.xib */; };
		93C20EF41E5F74BB00B56982 /* ITRandomData.m in Sources */ = {isa = PBXBuildFile; fileRef = 93C20EF31E5F74BB00B56982 /* ITRandomData.m */; };
		93C20F1E1E60C49700B56982 /* NSString+ITExtensions.m in Sources */ = {isa = PBXBuildFile; fileRef = 93C20F1D1E60C49700B56982 /* NSString+ITExtensions.m */; };
		93C20F211E60CAD400B56982 /* NSString+ITRandomString.m in Sources */ = {isa = PBXBuildFile; fileRef = 93C20F201E60CAD400B56982 /* NSString+ITRandomString.m */; };
		93C20F281E60CD0C00B56982 /* ITRandomDataView.m in Sources */ = {isa = PBXBuildFile; fileRef = 93C20F241E60CD0C00B56982 /* ITRandomDataView.m */; };
		93C20F291E60CD0C00B56982 /* ITRandomDataViewController.m in Sources */ = {isa = PBXBuildFile; fileRef = 93C20F261E60CD0C00B56982 /* ITRandomDataViewController.m */; };
		93C20F2A1E60CD0C00B56982 /* ITRandomDataViewController.xib in Resources */ = {isa = PBXBuildFile; fileRef = 93C20F271E60CD0C00B56982 /* ITRandomDataViewController.xib */; };
		93C20F2F1E60CEFD00B56982 /* ITRandomDataCell.m in Sources */ = {isa = PBXBuildFile; fileRef = 93C20F2D1E60CEFD00B56982 /* ITRandomDataCell.m */; };
		93C20F301E60CEFD00B56982 /* ITRandomDataCell.xib in Resources */ = {isa = PBXBuildFile; fileRef = 93C20F2E1E60CEFD00B56982 /* ITRandomDataCell.xib */; };
		F90D59E8A4E6D833288C12AA /* libPods-ITObjCUITests.a in Frameworks */ = {isa = PBXBuildFile; fileRef = 03AF09BAA2BA61E48268062F /* libPods-ITObjCUITests.a */; };
/* End PBXBuildFile section */

/* Begin PBXContainerItemProxy section */
		93C20E991E5B95BF00B56982 /* PBXContainerItemProxy */ = {
			isa = PBXContainerItemProxy;
			containerPortal = 93C20E771E5B95BF00B56982 /* Project object */;
			proxyType = 1;
			remoteGlobalIDString = 93C20E7E1E5B95BF00B56982;
			remoteInfo = ITObjCUI;
		};
/* End PBXContainerItemProxy section */

/* Begin PBXFileReference section */
		03AF09BAA2BA61E48268062F /* libPods-ITObjCUITests.a */ = {isa = PBXFileReference; explicitFileType = archive.ar; includeInIndex = 0; path = "libPods-ITObjCUITests.a"; sourceTree = BUILT_PRODUCTS_DIR; };
		0EA2B8ECE02122042CE1B119 /* Pods-ITObjCUITests.release.xcconfig */ = {isa = PBXFileReference; includeInIndex = 1; lastKnownFileType = text.xcconfig; name = "Pods-ITObjCUITests.release.xcconfig"; path = "Pods/Target Support Files/Pods-ITObjCUITests/Pods-ITObjCUITests.release.xcconfig"; sourceTree = "<group>"; };
		152055A6E55FFE461BCFA8C6 /* Pods-ITObjCUITests.debug.xcconfig */ = {isa = PBXFileReference; includeInIndex = 1; lastKnownFileType = text.xcconfig; name = "Pods-ITObjCUITests.debug.xcconfig"; path = "Pods/Target Support Files/Pods-ITObjCUITests/Pods-ITObjCUITests.debug.xcconfig"; sourceTree = "<group>"; };
		932D37731E60EB2D00C435F2 /* image.jpg */ = {isa = PBXFileReference; lastKnownFileType = image.jpeg; path = image.jpg; sourceTree = "<group>"; };
		93462D551E67525B00FE1BC9 /* ITMacro.h */ = {isa = PBXFileReference; fileEncoding = 4; lastKnownFileType = sourcecode.c.h; path = ITMacro.h; sourceTree = "<group>"; };
		93462D561E67525B00FE1BC9 /* ITMacro.m */ = {isa = PBXFileReference; fileEncoding = 4; lastKnownFileType = sourcecode.c.objc; path = ITMacro.m; sourceTree = "<group>"; };
		93C20E7F1E5B95BF00B56982 /* ITObjCUI.app */ = {isa = PBXFileReference; explicitFileType = wrapper.application; includeInIndex = 0; path = ITObjCUI.app; sourceTree = BUILT_PRODUCTS_DIR; };
		93C20E981E5B95BF00B56982 /* ITObjCUITests.xctest */ = {isa = PBXFileReference; explicitFileType = wrapper.cfbundle; includeInIndex = 0; path = ITObjCUITests.xctest; sourceTree = BUILT_PRODUCTS_DIR; };
		93C20EA81E5B99CA00B56982 /* Info.plist */ = {isa = PBXFileReference; fileEncoding = 4; lastKnownFileType = text.plist.xml; path = Info.plist; sourceTree = "<group>"; };
		93C20EA91E5B99CA00B56982 /* main.m */ = {isa = PBXFileReference; fileEncoding = 4; lastKnownFileType = sourcecode.c.objc; path = main.m; sourceTree = "<group>"; };
		93C20EAD1E5B99D900B56982 /* Info.plist */ = {isa = PBXFileReference; fileEncoding = 4; lastKnownFileType = text.plist.xml; path = Info.plist; sourceTree = "<group>"; };
		93C20EAE1E5B99D900B56982 /* ITObjCUITests.m */ = {isa = PBXFileReference; fileEncoding = 4; lastKnownFileType = sourcecode.c.objc; path = ITObjCUITests.m; sourceTree = "<group>"; };
		93C20EB21E5B99E900B56982 /* Assets.xcassets */ = {isa = PBXFileReference; lastKnownFileType = folder.assetcatalog; path = Assets.xcassets; sourceTree = "<group>"; };
		93C20EB41E5B99E900B56982 /* Base */ = {isa = PBXFileReference; lastKnownFileType = file.storyboard; name = Base; path = Base.lproj/LaunchScreen.storyboard; sourceTree = "<group>"; };
		93C20EC61E5CC8A100B56982 /* ITAppDelegate.h */ = {isa = PBXFileReference; fileEncoding = 4; lastKnownFileType = sourcecode.c.h; path = ITAppDelegate.h; sourceTree = "<group>"; };
		93C20EC71E5CC8A100B56982 /* ITAppDelegate.m */ = {isa = PBXFileReference; fileEncoding = 4; lastKnownFileType = sourcecode.c.objc; path = ITAppDelegate.m; sourceTree = "<group>"; };
		93C20EE11E5F72DD00B56982 /* ITSquareView.h */ = {isa = PBXFileReference; fileEncoding = 4; lastKnownFileType = sourcecode.c.h; path = ITSquareView.h; sourceTree = "<group>"; };
		93C20EE21E5F72DD00B56982 /* ITSquareView.m */ = {isa = PBXFileReference; fileEncoding = 4; lastKnownFileType = sourcecode.c.objc; path = ITSquareView.m; sourceTree = "<group>"; };
		93C20EE31E5F72DD00B56982 /* ITSquareViewController.h */ = {isa = PBXFileReference; fileEncoding = 4; lastKnownFileType = sourcecode.c.h; path = ITSquareViewController.h; sourceTree = "<group>"; };
		93C20EE41E5F72DD00B56982 /* ITSquareViewController.m */ = {isa = PBXFileReference; fileEncoding = 4; lastKnownFileType = sourcecode.c.objc; path = ITSquareViewController.m; sourceTree = "<group>"; };
		93C20EE51E5F72DD00B56982 /* ITSquareViewController.xib */ = {isa = PBXFileReference; fileEncoding = 4; lastKnownFileType = file.xib; path = ITSquareViewController.xib; sourceTree = "<group>"; };
		93C20EF21E5F74BB00B56982 /* ITRandomData.h */ = {isa = PBXFileReference; fileEncoding = 4; lastKnownFileType = sourcecode.c.h; path = ITRandomData.h; sourceTree = "<group>"; };
		93C20EF31E5F74BB00B56982 /* ITRandomData.m */ = {isa = PBXFileReference; fileEncoding = 4; lastKnownFileType = sourcecode.c.objc; path = ITRandomData.m; sourceTree = "<group>"; };
		93C20F1C1E60C49700B56982 /* NSString+ITExtensions.h */ = {isa = PBXFileReference; fileEncoding = 4; lastKnownFileType = sourcecode.c.h; path = "NSString+ITExtensions.h"; sourceTree = "<group>"; };
		93C20F1D1E60C49700B56982 /* NSString+ITExtensions.m */ = {isa = PBXFileReference; fileEncoding = 4; lastKnownFileType = sourcecode.c.objc; path = "NSString+ITExtensions.m"; sourceTree = "<group>"; };
		93C20F1F1E60CAD400B56982 /* NSString+ITRandomString.h */ = {isa = PBXFileReference; fileEncoding = 4; lastKnownFileType = sourcecode.c.h; path = "NSString+ITRandomString.h"; sourceTree = "<group>"; };
		93C20F201E60CAD400B56982 /* NSString+ITRandomString.m */ = {isa = PBXFileReference; fileEncoding = 4; lastKnownFileType = sourcecode.c.objc; path = "NSString+ITRandomString.m"; sourceTree = "<group>"; };
		93C20F231E60CD0C00B56982 /* ITRandomDataView.h */ = {isa = PBXFileReference; fileEncoding = 4; lastKnownFileType = sourcecode.c.h; path = ITRandomDataView.h; sourceTree = "<group>"; };
		93C20F241E60CD0C00B56982 /* ITRandomDataView.m */ = {isa = PBXFileReference; fileEncoding = 4; lastKnownFileType = sourcecode.c.objc; path = ITRandomDataView.m; sourceTree = "<group>"; };
		93C20F251E60CD0C00B56982 /* ITRandomDataViewController.h */ = {isa = PBXFileReference; fileEncoding = 4; lastKnownFileType = sourcecode.c.h; path = ITRandomDataViewController.h; sourceTree = "<group>"; };
		93C20F261E60CD0C00B56982 /* ITRandomDataViewController.m */ = {isa = PBXFileReference; fileEncoding = 4; lastKnownFileType = sourcecode.c.objc; path = ITRandomDataViewController.m; sourceTree = "<group>"; };
		93C20F271E60CD0C00B56982 /* ITRandomDataViewController.xib */ = {isa = PBXFileReference; fileEncoding = 4; lastKnownFileType = file.xib; path = ITRandomDataViewController.xib; sourceTree = "<group>"; };
		93C20F2C1E60CEFD00B56982 /* ITRandomDataCell.h */ = {isa = PBXFileReference; fileEncoding = 4; lastKnownFileType = sourcecode.c.h; path = ITRandomDataCell.h; sourceTree = "<group>"; };
		93C20F2D1E60CEFD00B56982 /* ITRandomDataCell.m */ = {isa = PBXFileReference; fileEncoding = 4; lastKnownFileType = sourcecode.c.objc; path = ITRandomDataCell.m; sourceTree = "<group>"; };
		93C20F2E1E60CEFD00B56982 /* ITRandomDataCell.xib */ = {isa = PBXFileReference; fileEncoding = 4; lastKnownFileType = file.xib; path = ITRandomDataCell.xib; sourceTree = "<group>"; };
/* End PBXFileReference section */

/* Begin PBXFrameworksBuildPhase section */
		93C20E7C1E5B95BF00B56982 /* Frameworks */ = {
			isa = PBXFrameworksBuildPhase;
			buildActionMask = 2147483647;
			files = (
			);
			runOnlyForDeploymentPostprocessing = 0;
		};
		93C20E951E5B95BF00B56982 /* Frameworks */ = {
			isa = PBXFrameworksBuildPhase;
			buildActionMask = 2147483647;
			files = (
				F90D59E8A4E6D833288C12AA /* libPods-ITObjCUITests.a in Frameworks */,
			);
			runOnlyForDeploymentPostprocessing = 0;
		};
/* End PBXFrameworksBuildPhase section */

/* Begin PBXGroup section */
		155D431BA15A4DAD73DC63F1 /* Pods */ = {
			isa = PBXGroup;
			children = (
				152055A6E55FFE461BCFA8C6 /* Pods-ITObjCUITests.debug.xcconfig */,
				0EA2B8ECE02122042CE1B119 /* Pods-ITObjCUITests.release.xcconfig */,
			);
			name = Pods;
			sourceTree = "<group>";
		};
		932D37721E60EB2D00C435F2 /* Images */ = {
			isa = PBXGroup;
			children = (
				932D37731E60EB2D00C435F2 /* image.jpg */,
			);
			path = Images;
			sourceTree = "<group>";
		};
		93C20E761E5B95BF00B56982 = {
			isa = PBXGroup;
			children = (
				93C20EDB1E5F72DD00B56982 /* Source */,
				93C20EB11E5B99E900B56982 /* Resources */,
				93C20EA71E5B99CA00B56982 /* ITObjCUI */,
				93C20EAC1E5B99D900B56982 /* ITObjCUITests */,
				93C20E801E5B95BF00B56982 /* Products */,
				155D431BA15A4DAD73DC63F1 /* Pods */,
				C389A0FADBCBD0EADA4214AE /* Frameworks */,
			);
			sourceTree = "<group>";
		};
		93C20E801E5B95BF00B56982 /* Products */ = {
			isa = PBXGroup;
			children = (
				93C20E7F1E5B95BF00B56982 /* ITObjCUI.app */,
				93C20E981E5B95BF00B56982 /* ITObjCUITests.xctest */,
			);
			name = Products;
			sourceTree = "<group>";
		};
		93C20EA71E5B99CA00B56982 /* ITObjCUI */ = {
			isa = PBXGroup;
			children = (
				93C20EC61E5CC8A100B56982 /* ITAppDelegate.h */,
				93C20EC71E5CC8A100B56982 /* ITAppDelegate.m */,
				93C20EA81E5B99CA00B56982 /* Info.plist */,
				93C20EA91E5B99CA00B56982 /* main.m */,
			);
			path = ITObjCUI;
			sourceTree = "<group>";
		};
		93C20EAC1E5B99D900B56982 /* ITObjCUITests */ = {
			isa = PBXGroup;
			children = (
				93C20EAD1E5B99D900B56982 /* Info.plist */,
				93C20EAE1E5B99D900B56982 /* ITObjCUITests.m */,
			);
			path = ITObjCUITests;
			sourceTree = "<group>";
		};
		93C20EB11E5B99E900B56982 /* Resources */ = {
			isa = PBXGroup;
			children = (
				932D37721E60EB2D00C435F2 /* Images */,
				93C20EB21E5B99E900B56982 /* Assets.xcassets */,
				93C20EB31E5B99E900B56982 /* LaunchScreen.storyboard */,
			);
			path = Resources;
			sourceTree = "<group>";
		};
		93C20EDB1E5F72DD00B56982 /* Source */ = {
			isa = PBXGroup;
			children = (
				93C20EFA1E5F765900B56982 /* Library */,
				93C20EDC1E5F72DD00B56982 /* Models */,
				93C20EDF1E5F72DD00B56982 /* UI */,
			);
			path = Source;
			sourceTree = "<group>";
		};
		93C20EDC1E5F72DD00B56982 /* Models */ = {
			isa = PBXGroup;
			children = (
				93C20EF21E5F74BB00B56982 /* ITRandomData.h */,
				93C20EF31E5F74BB00B56982 /* ITRandomData.m */,
			);
			path = Models;
			sourceTree = "<group>";
		};
		93C20EDF1E5F72DD00B56982 /* UI */ = {
			isa = PBXGroup;
			children = (
				93C20F221E60CD0C00B56982 /* ITRandomDataViewController */,
				93C20EE01E5F72DD00B56982 /* ITSquareViewController */,
			);
			path = UI;
			sourceTree = "<group>";
		};
		93C20EE01E5F72DD00B56982 /* ITSquareViewController */ = {
			isa = PBXGroup;
			children = (
				93C20EE31E5F72DD00B56982 /* ITSquareViewController.h */,
				93C20EE41E5F72DD00B56982 /* ITSquareViewController.m */,
				93C20EE11E5F72DD00B56982 /* ITSquareView.h */,
				93C20EE21E5F72DD00B56982 /* ITSquareView.m */,
				93C20EE51E5F72DD00B56982 /* ITSquareViewController.xib */,
			);
			path = ITSquareViewController;
			sourceTree = "<group>";
		};
		93C20EFA1E5F765900B56982 /* Library */ = {
			isa = PBXGroup;
			children = (
				93C20EFB1E5F765900B56982 /* Categories */,
				93462D551E67525B00FE1BC9 /* ITMacro.h */,
				93462D561E67525B00FE1BC9 /* ITMacro.m */,
			);
			path = Library;
			sourceTree = "<group>";
		};
		93C20EFB1E5F765900B56982 /* Categories */ = {
			isa = PBXGroup;
			children = (
				93C20F1A1E60C43D00B56982 /* NSString+ITExtensions */,
				93C20F1F1E60CAD400B56982 /* NSString+ITRandomString.h */,
				93C20F201E60CAD400B56982 /* NSString+ITRandomString.m */,
			);
			path = Categories;
			sourceTree = "<group>";
		};
		93C20F1A1E60C43D00B56982 /* NSString+ITExtensions */ = {
			isa = PBXGroup;
			children = (
				93C20F1C1E60C49700B56982 /* NSString+ITExtensions.h */,
				93C20F1D1E60C49700B56982 /* NSString+ITExtensions.m */,
			);
			path = "NSString+ITExtensions";
			sourceTree = "<group>";
		};
		93C20F221E60CD0C00B56982 /* ITRandomDataViewController */ = {
			isa = PBXGroup;
			children = (
				93C20F2B1E60CEC200B56982 /* Views */,
				93C20F231E60CD0C00B56982 /* ITRandomDataView.h */,
				93C20F241E60CD0C00B56982 /* ITRandomDataView.m */,
				93C20F251E60CD0C00B56982 /* ITRandomDataViewController.h */,
				93C20F261E60CD0C00B56982 /* ITRandomDataViewController.m */,
				93C20F271E60CD0C00B56982 /* ITRandomDataViewController.xib */,
			);
			path = ITRandomDataViewController;
			sourceTree = "<group>";
		};
		93C20F2B1E60CEC200B56982 /* Views */ = {
			isa = PBXGroup;
			children = (
				93C20F2C1E60CEFD00B56982 /* ITRandomDataCell.h */,
				93C20F2D1E60CEFD00B56982 /* ITRandomDataCell.m */,
				93C20F2E1E60CEFD00B56982 /* ITRandomDataCell.xib */,
			);
			path = Views;
			sourceTree = "<group>";
		};
		C389A0FADBCBD0EADA4214AE /* Frameworks */ = {
			isa = PBXGroup;
			children = (
				03AF09BAA2BA61E48268062F /* libPods-ITObjCUITests.a */,
			);
			name = Frameworks;
			sourceTree = "<group>";
		};
/* End PBXGroup section */

/* Begin PBXNativeTarget section */
		93C20E7E1E5B95BF00B56982 /* ITObjCUI */ = {
			isa = PBXNativeTarget;
			buildConfigurationList = 93C20EA11E5B95BF00B56982 /* Build configuration list for PBXNativeTarget "ITObjCUI" */;
			buildPhases = (
				93C20E7B1E5B95BF00B56982 /* Sources */,
				93C20E7C1E5B95BF00B56982 /* Frameworks */,
				93C20E7D1E5B95BF00B56982 /* Resources */,
			);
			buildRules = (
			);
			dependencies = (
			);
			name = ITObjCUI;
			productName = ITObjCUI;
			productReference = 93C20E7F1E5B95BF00B56982 /* ITObjCUI.app */;
			productType = "com.apple.product-type.application";
		};
		93C20E971E5B95BF00B56982 /* ITObjCUITests */ = {
			isa = PBXNativeTarget;
			buildConfigurationList = 93C20EA41E5B95BF00B56982 /* Build configuration list for PBXNativeTarget "ITObjCUITests" */;
			buildPhases = (
				96FBEE24CFD08B7EBC17AA90 /* [CP] Check Pods Manifest.lock */,
				93C20E941E5B95BF00B56982 /* Sources */,
				93C20E951E5B95BF00B56982 /* Frameworks */,
				93C20E961E5B95BF00B56982 /* Resources */,
				E40EE09D920792E92FBBCAE0 /* [CP] Embed Pods Frameworks */,
				D909D6AACC0DCFBD83B2909E /* [CP] Copy Pods Resources */,
			);
			buildRules = (
			);
			dependencies = (
				93C20E9A1E5B95BF00B56982 /* PBXTargetDependency */,
			);
			name = ITObjCUITests;
			productName = ITObjCUITests;
			productReference = 93C20E981E5B95BF00B56982 /* ITObjCUITests.xctest */;
			productType = "com.apple.product-type.bundle.unit-test";
		};
/* End PBXNativeTarget section */

/* Begin PBXProject section */
		93C20E771E5B95BF00B56982 /* Project object */ = {
			isa = PBXProject;
			attributes = {
				CLASSPREFIX = IT;
				LastUpgradeCheck = 0820;
				ORGANIZATIONNAME = "Ivan Tsyganok";
				TargetAttributes = {
					93C20E7E1E5B95BF00B56982 = {
						CreatedOnToolsVersion = 8.2.1;
						DevelopmentTeam = 2TPE62FV94;
						ProvisioningStyle = Automatic;
					};
					93C20E971E5B95BF00B56982 = {
						CreatedOnToolsVersion = 8.2.1;
						DevelopmentTeam = 2TPE62FV94;
						ProvisioningStyle = Automatic;
						TestTargetID = 93C20E7E1E5B95BF00B56982;
					};
				};
			};
			buildConfigurationList = 93C20E7A1E5B95BF00B56982 /* Build configuration list for PBXProject "ITObjCUI" */;
			compatibilityVersion = "Xcode 3.2";
			developmentRegion = English;
			hasScannedForEncodings = 0;
			knownRegions = (
				en,
				Base,
			);
			mainGroup = 93C20E761E5B95BF00B56982;
			productRefGroup = 93C20E801E5B95BF00B56982 /* Products */;
			projectDirPath = "";
			projectRoot = "";
			targets = (
				93C20E7E1E5B95BF00B56982 /* ITObjCUI */,
				93C20E971E5B95BF00B56982 /* ITObjCUITests */,
			);
		};
/* End PBXProject section */

/* Begin PBXResourcesBuildPhase section */
		93C20E7D1E5B95BF00B56982 /* Resources */ = {
			isa = PBXResourcesBuildPhase;
			buildActionMask = 2147483647;
			files = (
				93C20EE91E5F72DD00B56982 /* ITSquareViewController.xib in Resources */,
				93C20EBE1E5B99E900B56982 /* LaunchScreen.storyboard in Resources */,
				93C20F2A1E60CD0C00B56982 /* ITRandomDataViewController.xib in Resources */,
				93C20EBC1E5B99E900B56982 /* Assets.xcassets in Resources */,
				93C20F301E60CEFD00B56982 /* ITRandomDataCell.xib in Resources */,
				932D37741E60EB2D00C435F2 /* image.jpg in Resources */,
			);
			runOnlyForDeploymentPostprocessing = 0;
		};
		93C20E961E5B95BF00B56982 /* Resources */ = {
			isa = PBXResourcesBuildPhase;
			buildActionMask = 2147483647;
			files = (
				93C20EBF1E5B99E900B56982 /* LaunchScreen.storyboard in Resources */,
				93C20EBD1E5B99E900B56982 /* Assets.xcassets in Resources */,
			);
			runOnlyForDeploymentPostprocessing = 0;
		};
/* End PBXResourcesBuildPhase section */

/* Begin PBXShellScriptBuildPhase section */
		96FBEE24CFD08B7EBC17AA90 /* [CP] Check Pods Manifest.lock */ = {
			isa = PBXShellScriptBuildPhase;
			buildActionMask = 2147483647;
			files = (
			);
			inputPaths = (
			);
			name = "[CP] Check Pods Manifest.lock";
			outputPaths = (
			);
			runOnlyForDeploymentPostprocessing = 0;
			shellPath = /bin/sh;
			shellScript = "diff \"${PODS_ROOT}/../Podfile.lock\" \"${PODS_ROOT}/Manifest.lock\" > /dev/null\nif [ $? != 0 ] ; then\n    # print error to STDERR\n    echo \"error: The sandbox is not in sync with the Podfile.lock. Run 'pod install' or update your CocoaPods installation.\" >&2\n    exit 1\nfi\n";
			showEnvVarsInLog = 0;
		};
		D909D6AACC0DCFBD83B2909E /* [CP] Copy Pods Resources */ = {
			isa = PBXShellScriptBuildPhase;
			buildActionMask = 2147483647;
			files = (
			);
			inputPaths = (
			);
			name = "[CP] Copy Pods Resources";
			outputPaths = (
			);
			runOnlyForDeploymentPostprocessing = 0;
			shellPath = /bin/sh;
			shellScript = "\"${SRCROOT}/Pods/Target Support Files/Pods-ITObjCUITests/Pods-ITObjCUITests-resources.sh\"\n";
			showEnvVarsInLog = 0;
		};
		E40EE09D920792E92FBBCAE0 /* [CP] Embed Pods Frameworks */ = {
			isa = PBXShellScriptBuildPhase;
			buildActionMask = 2147483647;
			files = (
			);
			inputPaths = (
			);
			name = "[CP] Embed Pods Frameworks";
			outputPaths = (
			);
			runOnlyForDeploymentPostprocessing = 0;
			shellPath = /bin/sh;
			shellScript = "\"${SRCROOT}/Pods/Target Support Files/Pods-ITObjCUITests/Pods-ITObjCUITests-frameworks.sh\"\n";
			showEnvVarsInLog = 0;
		};
/* End PBXShellScriptBuildPhase section */

/* Begin PBXSourcesBuildPhase section */
		93C20E7B1E5B95BF00B56982 /* Sources */ = {
			isa = PBXSourcesBuildPhase;
			buildActionMask = 2147483647;
			files = (
				93C20F2F1E60CEFD00B56982 /* ITRandomDataCell.m in Sources */,
				93C20F211E60CAD400B56982 /* NSString+ITRandomString.m in Sources */,
				93462D571E67525B00FE1BC9 /* ITMacro.m in Sources */,
				93C20F291E60CD0C00B56982 /* ITRandomDataViewController.m in Sources */,
				93C20EAB1E5B99CA00B56982 /* main.m in Sources */,
				93C20EE81E5F72DD00B56982 /* ITSquareViewController.m in Sources */,
				93C20EE71E5F72DD00B56982 /* ITSquareView.m in Sources */,
				93C20EC81E5CC8A100B56982 /* ITAppDelegate.m in Sources */,
				93C20F281E60CD0C00B56982 /* ITRandomDataView.m in Sources */,
				93C20EF41E5F74BB00B56982 /* ITRandomData.m in Sources */,
				93C20F1E1E60C49700B56982 /* NSString+ITExtensions.m in Sources */,
			);
			runOnlyForDeploymentPostprocessing = 0;
		};
		93C20E941E5B95BF00B56982 /* Sources */ = {
			isa = PBXSourcesBuildPhase;
			buildActionMask = 2147483647;
			files = (
				93C20EB01E5B99D900B56982 /* ITObjCUITests.m in Sources */,
			);
			runOnlyForDeploymentPostprocessing = 0;
		};
/* End PBXSourcesBuildPhase section */

/* Begin PBXTargetDependency section */
		93C20E9A1E5B95BF00B56982 /* PBXTargetDependency */ = {
			isa = PBXTargetDependency;
			target = 93C20E7E1E5B95BF00B56982 /* ITObjCUI */;
			targetProxy = 93C20E991E5B95BF00B56982 /* PBXContainerItemProxy */;
		};
/* End PBXTargetDependency section */

/* Begin PBXVariantGroup section */
		93C20EB31E5B99E900B56982 /* LaunchScreen.storyboard */ = {
			isa = PBXVariantGroup;
			children = (
				93C20EB41E5B99E900B56982 /* Base */,
			);
			name = LaunchScreen.storyboard;
			sourceTree = "<group>";
		};
/* End PBXVariantGroup section */

/* Begin XCBuildConfiguration section */
		93C20E9F1E5B95BF00B56982 /* Debug */ = {
			isa = XCBuildConfiguration;
			buildSettings = {
				ALWAYS_SEARCH_USER_PATHS = NO;
				CLANG_ANALYZER_NONNULL = YES;
				CLANG_CXX_LANGUAGE_STANDARD = "gnu++0x";
				CLANG_CXX_LIBRARY = "libc++";
				CLANG_ENABLE_MODULES = YES;
				CLANG_ENABLE_OBJC_ARC = YES;
				CLANG_WARN_BOOL_CONVERSION = YES;
				CLANG_WARN_CONSTANT_CONVERSION = YES;
				CLANG_WARN_DIRECT_OBJC_ISA_USAGE = YES_ERROR;
				CLANG_WARN_DOCUMENTATION_COMMENTS = YES;
				CLANG_WARN_EMPTY_BODY = YES;
				CLANG_WARN_ENUM_CONVERSION = YES;
				CLANG_WARN_INFINITE_RECURSION = YES;
				CLANG_WARN_INT_CONVERSION = YES;
				CLANG_WARN_OBJC_ROOT_CLASS = YES_ERROR;
				CLANG_WARN_SUSPICIOUS_MOVE = YES;
				CLANG_WARN_UNREACHABLE_CODE = YES;
				CLANG_WARN__DUPLICATE_METHOD_MATCH = YES;
				"CODE_SIGN_IDENTITY[sdk=iphoneos*]" = "iPhone Developer";
				COPY_PHASE_STRIP = NO;
				DEBUG_INFORMATION_FORMAT = dwarf;
				ENABLE_STRICT_OBJC_MSGSEND = YES;
				ENABLE_TESTABILITY = YES;
				GCC_C_LANGUAGE_STANDARD = gnu99;
				GCC_DYNAMIC_NO_PIC = NO;
				GCC_NO_COMMON_BLOCKS = YES;
				GCC_OPTIMIZATION_LEVEL = 0;
				GCC_PREPROCESSOR_DEFINITIONS = (
					"DEBUG=1",
					"$(inherited)",
				);
				GCC_WARN_64_TO_32_BIT_CONVERSION = YES;
				GCC_WARN_ABOUT_RETURN_TYPE = YES_ERROR;
				GCC_WARN_UNDECLARED_SELECTOR = YES;
				GCC_WARN_UNINITIALIZED_AUTOS = YES_AGGRESSIVE;
				GCC_WARN_UNUSED_FUNCTION = YES;
				GCC_WARN_UNUSED_VARIABLE = YES;
				IPHONEOS_DEPLOYMENT_TARGET = 10.2;
				MTL_ENABLE_DEBUG_INFO = YES;
				ONLY_ACTIVE_ARCH = YES;
				SDKROOT = iphoneos;
			};
			name = Debug;
		};
		93C20EA01E5B95BF00B56982 /* Release */ = {
			isa = XCBuildConfiguration;
			buildSettings = {
				ALWAYS_SEARCH_USER_PATHS = NO;
				CLANG_ANALYZER_NONNULL = YES;
				CLANG_CXX_LANGUAGE_STANDARD = "gnu++0x";
				CLANG_CXX_LIBRARY = "libc++";
				CLANG_ENABLE_MODULES = YES;
				CLANG_ENABLE_OBJC_ARC = YES;
				CLANG_WARN_BOOL_CONVERSION = YES;
				CLANG_WARN_CONSTANT_CONVERSION = YES;
				CLANG_WARN_DIRECT_OBJC_ISA_USAGE = YES_ERROR;
				CLANG_WARN_DOCUMENTATION_COMMENTS = YES;
				CLANG_WARN_EMPTY_BODY = YES;
				CLANG_WARN_ENUM_CONVERSION = YES;
				CLANG_WARN_INFINITE_RECURSION = YES;
				CLANG_WARN_INT_CONVERSION = YES;
				CLANG_WARN_OBJC_ROOT_CLASS = YES_ERROR;
				CLANG_WARN_SUSPICIOUS_MOVE = YES;
				CLANG_WARN_UNREACHABLE_CODE = YES;
				CLANG_WARN__DUPLICATE_METHOD_MATCH = YES;
				"CODE_SIGN_IDENTITY[sdk=iphoneos*]" = "iPhone Developer";
				COPY_PHASE_STRIP = NO;
				DEBUG_INFORMATION_FORMAT = "dwarf-with-dsym";
				ENABLE_NS_ASSERTIONS = NO;
				ENABLE_STRICT_OBJC_MSGSEND = YES;
				GCC_C_LANGUAGE_STANDARD = gnu99;
				GCC_NO_COMMON_BLOCKS = YES;
				GCC_WARN_64_TO_32_BIT_CONVERSION = YES;
				GCC_WARN_ABOUT_RETURN_TYPE = YES_ERROR;
				GCC_WARN_UNDECLARED_SELECTOR = YES;
				GCC_WARN_UNINITIALIZED_AUTOS = YES_AGGRESSIVE;
				GCC_WARN_UNUSED_FUNCTION = YES;
				GCC_WARN_UNUSED_VARIABLE = YES;
				IPHONEOS_DEPLOYMENT_TARGET = 10.2;
				MTL_ENABLE_DEBUG_INFO = NO;
				SDKROOT = iphoneos;
				VALIDATE_PRODUCT = YES;
			};
			name = Release;
		};
		93C20EA21E5B95BF00B56982 /* Debug */ = {
			isa = XCBuildConfiguration;
			buildSettings = {
				ASSETCATALOG_COMPILER_APPICON_NAME = AppIcon;
				DEVELOPMENT_TEAM = 2TPE62FV94;
				INFOPLIST_FILE = ITObjCUI/Info.plist;
				LD_RUNPATH_SEARCH_PATHS = "$(inherited) @executable_path/Frameworks";
				PRODUCT_BUNDLE_IDENTIFIER = IT.ITObjCUI;
				PRODUCT_NAME = "$(TARGET_NAME)";
			};
			name = Debug;
		};
		93C20EA31E5B95BF00B56982 /* Release */ = {
			isa = XCBuildConfiguration;
			buildSettings = {
				ASSETCATALOG_COMPILER_APPICON_NAME = AppIcon;
				DEVELOPMENT_TEAM = 2TPE62FV94;
				INFOPLIST_FILE = ITObjCUI/Info.plist;
				LD_RUNPATH_SEARCH_PATHS = "$(inherited) @executable_path/Frameworks";
				PRODUCT_BUNDLE_IDENTIFIER = IT.ITObjCUI;
				PRODUCT_NAME = "$(TARGET_NAME)";
			};
			name = Release;
		};
		93C20EA51E5B95BF00B56982 /* Debug */ = {
			isa = XCBuildConfiguration;
			baseConfigurationReference = 152055A6E55FFE461BCFA8C6 /* Pods-ITObjCUITests.debug.xcconfig */;
			buildSettings = {
				BUNDLE_LOADER = "$(TEST_HOST)";
				DEVELOPMENT_TEAM = 2TPE62FV94;
				INFOPLIST_FILE = ITObjCUITests/Info.plist;
				LD_RUNPATH_SEARCH_PATHS = "$(inherited) @executable_path/Frameworks @loader_path/Frameworks";
				PRODUCT_BUNDLE_IDENTIFIER = IT.ITObjCUITests;
				PRODUCT_NAME = "$(TARGET_NAME)";
				TEST_HOST = "$(BUILT_PRODUCTS_DIR)/ITObjCUI.app/ITObjCUI";
			};
			name = Debug;
		};
		93C20EA61E5B95BF00B56982 /* Release */ = {
			isa = XCBuildConfiguration;
			baseConfigurationReference = 0EA2B8ECE02122042CE1B119 /* Pods-ITObjCUITests.release.xcconfig */;
			buildSettings = {
				BUNDLE_LOADER = "$(TEST_HOST)";
				DEVELOPMENT_TEAM = 2TPE62FV94;
				INFOPLIST_FILE = ITObjCUITests/Info.plist;
				LD_RUNPATH_SEARCH_PATHS = "$(inherited) @executable_path/Frameworks @loader_path/Frameworks";
				PRODUCT_BUNDLE_IDENTIFIER = IT.ITObjCUITests;
				PRODUCT_NAME = "$(TARGET_NAME)";
				TEST_HOST = "$(BUILT_PRODUCTS_DIR)/ITObjCUI.app/ITObjCUI";
			};
			name = Release;
		};
/* End XCBuildConfiguration section */

/* Begin XCConfigurationList section */
		93C20E7A1E5B95BF00B56982 /* Build configuration list for PBXProject "ITObjCUI" */ = {
			isa = XCConfigurationList;
			buildConfigurations = (
				93C20E9F1E5B95BF00B56982 /* Debug */,
				93C20EA01E5B95BF00B56982 /* Release */,
			);
			defaultConfigurationIsVisible = 0;
			defaultConfigurationName = Release;
		};
		93C20EA11E5B95BF00B56982 /* Build configuration list for PBXNativeTarget "ITObjCUI" */ = {
			isa = XCConfigurationList;
			buildConfigurations = (
				93C20EA21E5B95BF00B56982 /* Debug */,
				93C20EA31E5B95BF00B56982 /* Release */,
			);
			defaultConfigurationIsVisible = 0;
			defaultConfigurationName = Release;
		};
		93C20EA41E5B95BF00B56982 /* Build configuration list for PBXNativeTarget "ITObjCUITests" */ = {
			isa = XCConfigurationList;
			buildConfigurations = (
				93C20EA51E5B95BF00B56982 /* Debug */,
				93C20EA61E5B95BF00B56982 /* Release */,
			);
			defaultConfigurationIsVisible = 0;
			defaultConfigurationName = Release;
		};
/* End XCConfigurationList section */
	};
	rootObject = 93C20E771E5B95BF00B56982 /* Project object */;
}
